// !$*UTF8*$!
{
	archiveVersion = 1;
	classes = {
	};
	objectVersion = 56;
	objects = {

/* Begin PBXBuildFile section */
		A8789F6729805B190040512E /* RadialMenuView.swift in Sources */ = {isa = PBXBuildFile; fileRef = A8789F6629805B190040512E /* RadialMenuView.swift */; };
		A8789F6929805B340040512E /* SnapperPreviewView.swift in Sources */ = {isa = PBXBuildFile; fileRef = A8789F6829805B340040512E /* SnapperPreviewView.swift */; };
		A87D36982980A89D002B0D2F /* KeybindingSettingsView.swift in Sources */ = {isa = PBXBuildFile; fileRef = A87D36972980A89D002B0D2F /* KeybindingSettingsView.swift */; };
		A87D369B2980A9DC002B0D2F /* KeyboardShortcuts in Frameworks */ = {isa = PBXBuildFile; productRef = A87D369A2980A9DC002B0D2F /* KeyboardShortcuts */; };
		A88266002980931C00BCB197 /* SettingsView.swift in Sources */ = {isa = PBXBuildFile; fileRef = A88265FF2980931C00BCB197 /* SettingsView.swift */; };
		A882660829809F6F00BCB197 /* GeneralSettingsView.swift in Sources */ = {isa = PBXBuildFile; fileRef = A882660729809F6F00BCB197 /* GeneralSettingsView.swift */; };
		A8DCC97B2980D5F500D41065 /* Defaults in Frameworks */ = {isa = PBXBuildFile; productRef = A8DCC97A2980D5F500D41065 /* Defaults */; };
		A8DCC97E2980DDD400D41065 /* SnapperMenuController.swift in Sources */ = {isa = PBXBuildFile; fileRef = A8DCC97D2980DDD400D41065 /* SnapperMenuController.swift */; };
		A8DCC986298102A900D41065 /* LaunchAtLogin in Frameworks */ = {isa = PBXBuildFile; productRef = A8DCC985298102A900D41065 /* LaunchAtLogin */; };
		A8DCC9882981B9E100D41065 /* RadialMenuSettingsView.swift in Sources */ = {isa = PBXBuildFile; fileRef = A8DCC9872981B9E100D41065 /* RadialMenuSettingsView.swift */; };
		A8DCC98A2981F43F00D41065 /* PreviewSettingsView.swift in Sources */ = {isa = PBXBuildFile; fileRef = A8DCC9892981F43F00D41065 /* PreviewSettingsView.swift */; };
		A8E59C39297F5E9A0064D4BA /* WindowManagerApp.swift in Sources */ = {isa = PBXBuildFile; fileRef = A8E59C38297F5E9A0064D4BA /* WindowManagerApp.swift */; };
		A8E59C3D297F5E9B0064D4BA /* Assets.xcassets in Resources */ = {isa = PBXBuildFile; fileRef = A8E59C3C297F5E9B0064D4BA /* Assets.xcassets */; };
		A8E59C40297F5E9B0064D4BA /* Preview Assets.xcassets in Resources */ = {isa = PBXBuildFile; fileRef = A8E59C3F297F5E9B0064D4BA /* Preview Assets.xcassets */; };
		A8E59C4A297F98670064D4BA /* RadialMenuController.swift in Sources */ = {isa = PBXBuildFile; fileRef = A8E59C49297F98670064D4BA /* RadialMenuController.swift */; };
		A8E59C4C29803A4D0064D4BA /* WindowResizer.swift in Sources */ = {isa = PBXBuildFile; fileRef = A8E59C4B29803A4D0064D4BA /* WindowResizer.swift */; };
		A8E59C4E29803FBD0064D4BA /* Extensions.swift in Sources */ = {isa = PBXBuildFile; fileRef = A8E59C4D29803FBD0064D4BA /* Extensions.swift */; };
		A8E59C50298045D90064D4BA /* SnapperPreviewController.swift in Sources */ = {isa = PBXBuildFile; fileRef = A8E59C4F298045D90064D4BA /* SnapperPreviewController.swift */; };
/* End PBXBuildFile section */

/* Begin PBXFileReference section */
		A8789F6629805B190040512E /* RadialMenuView.swift */ = {isa = PBXFileReference; lastKnownFileType = sourcecode.swift; path = RadialMenuView.swift; sourceTree = "<group>"; };
		A8789F6829805B340040512E /* SnapperPreviewView.swift */ = {isa = PBXFileReference; lastKnownFileType = sourcecode.swift; path = SnapperPreviewView.swift; sourceTree = "<group>"; };
		A87D36972980A89D002B0D2F /* KeybindingSettingsView.swift */ = {isa = PBXFileReference; lastKnownFileType = sourcecode.swift; path = KeybindingSettingsView.swift; sourceTree = "<group>"; };
		A88265FF2980931C00BCB197 /* SettingsView.swift */ = {isa = PBXFileReference; lastKnownFileType = sourcecode.swift; path = SettingsView.swift; sourceTree = "<group>"; };
		A882660729809F6F00BCB197 /* GeneralSettingsView.swift */ = {isa = PBXFileReference; lastKnownFileType = sourcecode.swift; path = GeneralSettingsView.swift; sourceTree = "<group>"; };
		A8DCC97D2980DDD400D41065 /* SnapperMenuController.swift */ = {isa = PBXFileReference; lastKnownFileType = sourcecode.swift; path = SnapperMenuController.swift; sourceTree = "<group>"; };
		A8DCC9872981B9E100D41065 /* RadialMenuSettingsView.swift */ = {isa = PBXFileReference; lastKnownFileType = sourcecode.swift; path = RadialMenuSettingsView.swift; sourceTree = "<group>"; };
		A8DCC9892981F43F00D41065 /* PreviewSettingsView.swift */ = {isa = PBXFileReference; lastKnownFileType = sourcecode.swift; path = PreviewSettingsView.swift; sourceTree = "<group>"; };
		A8E59C35297F5E9A0064D4BA /* Snapper.app */ = {isa = PBXFileReference; explicitFileType = wrapper.application; includeInIndex = 0; path = Snapper.app; sourceTree = BUILT_PRODUCTS_DIR; };
		A8E59C38297F5E9A0064D4BA /* WindowManagerApp.swift */ = {isa = PBXFileReference; lastKnownFileType = sourcecode.swift; path = WindowManagerApp.swift; sourceTree = "<group>"; };
		A8E59C3C297F5E9B0064D4BA /* Assets.xcassets */ = {isa = PBXFileReference; lastKnownFileType = folder.assetcatalog; path = Assets.xcassets; sourceTree = "<group>"; };
		A8E59C3F297F5E9B0064D4BA /* Preview Assets.xcassets */ = {isa = PBXFileReference; lastKnownFileType = folder.assetcatalog; path = "Preview Assets.xcassets"; sourceTree = "<group>"; };
		A8E59C41297F5E9B0064D4BA /* Snapper.entitlements */ = {isa = PBXFileReference; lastKnownFileType = text.plist.entitlements; path = Snapper.entitlements; sourceTree = "<group>"; };
		A8E59C49297F98670064D4BA /* RadialMenuController.swift */ = {isa = PBXFileReference; lastKnownFileType = sourcecode.swift; path = RadialMenuController.swift; sourceTree = "<group>"; };
		A8E59C4B29803A4D0064D4BA /* WindowResizer.swift */ = {isa = PBXFileReference; fileEncoding = 4; lastKnownFileType = sourcecode.swift; path = WindowResizer.swift; sourceTree = "<group>"; };
		A8E59C4D29803FBD0064D4BA /* Extensions.swift */ = {isa = PBXFileReference; lastKnownFileType = sourcecode.swift; path = Extensions.swift; sourceTree = "<group>"; };
		A8E59C4F298045D90064D4BA /* SnapperPreviewController.swift */ = {isa = PBXFileReference; lastKnownFileType = sourcecode.swift; path = SnapperPreviewController.swift; sourceTree = "<group>"; };
/* End PBXFileReference section */

/* Begin PBXFrameworksBuildPhase section */
		A8E59C32297F5E9A0064D4BA /* Frameworks */ = {
			isa = PBXFrameworksBuildPhase;
			buildActionMask = 2147483647;
			files = (
				A8DCC97B2980D5F500D41065 /* Defaults in Frameworks */,
				A8DCC986298102A900D41065 /* LaunchAtLogin in Frameworks */,
				A87D369B2980A9DC002B0D2F /* KeyboardShortcuts in Frameworks */,
			);
			runOnlyForDeploymentPostprocessing = 0;
		};
/* End PBXFrameworksBuildPhase section */

/* Begin PBXGroup section */
		A88265FA29808DED00BCB197 /* SnapperPreview */ = {
			isa = PBXGroup;
			children = (
				A8E59C4F298045D90064D4BA /* SnapperPreviewController.swift */,
				A8789F6829805B340040512E /* SnapperPreviewView.swift */,
			);
			path = SnapperPreview;
			sourceTree = "<group>";
		};
		A88265FB29808E0D00BCB197 /* RadialMenu */ = {
			isa = PBXGroup;
			children = (
				A8E59C49297F98670064D4BA /* RadialMenuController.swift */,
				A8789F6629805B190040512E /* RadialMenuView.swift */,
			);
			path = RadialMenu;
			sourceTree = "<group>";
		};
		A88265FC298092B500BCB197 /* Settings */ = {
			isa = PBXGroup;
			children = (
				A88265FF2980931C00BCB197 /* SettingsView.swift */,
				A882660429809F4E00BCB197 /* SettingsTabs */,
			);
			path = Settings;
			sourceTree = "<group>";
		};
		A882660429809F4E00BCB197 /* SettingsTabs */ = {
			isa = PBXGroup;
			children = (
				A882660729809F6F00BCB197 /* GeneralSettingsView.swift */,
				A8DCC9872981B9E100D41065 /* RadialMenuSettingsView.swift */,
				A8DCC9892981F43F00D41065 /* PreviewSettingsView.swift */,
				A87D36972980A89D002B0D2F /* KeybindingSettingsView.swift */,
			);
			path = SettingsTabs;
			sourceTree = "<group>";
		};
		A8DCC97C2980DDC300D41065 /* Menubar */ = {
			isa = PBXGroup;
			children = (
				A8DCC97D2980DDD400D41065 /* SnapperMenuController.swift */,
			);
			path = Menubar;
			sourceTree = "<group>";
		};
		A8E59C2C297F5E9A0064D4BA = {
			isa = PBXGroup;
			children = (
				A8E59C37297F5E9A0064D4BA /* Snapper */,
				A8E59C36297F5E9A0064D4BA /* Products */,
			);
			sourceTree = "<group>";
		};
		A8E59C36297F5E9A0064D4BA /* Products */ = {
			isa = PBXGroup;
			children = (
				A8E59C35297F5E9A0064D4BA /* Snapper.app */,
			);
			name = Products;
			sourceTree = "<group>";
		};
		A8E59C37297F5E9A0064D4BA /* Snapper */ = {
			isa = PBXGroup;
			children = (
				A8E59C38297F5E9A0064D4BA /* WindowManagerApp.swift */,
				A8E59C4B29803A4D0064D4BA /* WindowResizer.swift */,
				A8E59C4D29803FBD0064D4BA /* Extensions.swift */,
				A8DCC97C2980DDC300D41065 /* Menubar */,
				A88265FB29808E0D00BCB197 /* RadialMenu */,
				A88265FA29808DED00BCB197 /* SnapperPreview */,
				A88265FC298092B500BCB197 /* Settings */,
				A8E59C3C297F5E9B0064D4BA /* Assets.xcassets */,
				A8E59C41297F5E9B0064D4BA /* Snapper.entitlements */,
				A8E59C3E297F5E9B0064D4BA /* Preview Content */,
			);
			path = Snapper;
			sourceTree = "<group>";
		};
		A8E59C3E297F5E9B0064D4BA /* Preview Content */ = {
			isa = PBXGroup;
			children = (
				A8E59C3F297F5E9B0064D4BA /* Preview Assets.xcassets */,
			);
			path = "Preview Content";
			sourceTree = "<group>";
		};
/* End PBXGroup section */

/* Begin PBXNativeTarget section */
		A8E59C34297F5E9A0064D4BA /* Snapper */ = {
			isa = PBXNativeTarget;
			buildConfigurationList = A8E59C44297F5E9B0064D4BA /* Build configuration list for PBXNativeTarget "Snapper" */;
			buildPhases = (
				A8E59C31297F5E9A0064D4BA /* Sources */,
				A8E59C32297F5E9A0064D4BA /* Frameworks */,
				A8E59C33297F5E9A0064D4BA /* Resources */,
			);
			buildRules = (
			);
			dependencies = (
			);
			name = Snapper;
			packageProductDependencies = (
				A87D369A2980A9DC002B0D2F /* KeyboardShortcuts */,
				A8DCC97A2980D5F500D41065 /* Defaults */,
				A8DCC985298102A900D41065 /* LaunchAtLogin */,
			);
			productName = WindowManager;
			productReference = A8E59C35297F5E9A0064D4BA /* Snapper.app */;
			productType = "com.apple.product-type.application";
		};
/* End PBXNativeTarget section */

/* Begin PBXProject section */
		A8E59C2D297F5E9A0064D4BA /* Project object */ = {
			isa = PBXProject;
			attributes = {
				BuildIndependentTargetsInParallel = 1;
				LastSwiftUpdateCheck = 1420;
				LastUpgradeCheck = 1420;
				TargetAttributes = {
					A8E59C34297F5E9A0064D4BA = {
						CreatedOnToolsVersion = 14.2;
					};
				};
			};
			buildConfigurationList = A8E59C30297F5E9A0064D4BA /* Build configuration list for PBXProject "Snapper" */;
			compatibilityVersion = "Xcode 14.0";
			developmentRegion = en;
			hasScannedForEncodings = 0;
			knownRegions = (
				en,
				Base,
			);
			mainGroup = A8E59C2C297F5E9A0064D4BA;
			packageReferences = (
				A87D36992980A9DC002B0D2F /* XCRemoteSwiftPackageReference "KeyboardShortcuts" */,
				A8DCC9792980D5F500D41065 /* XCRemoteSwiftPackageReference "Defaults" */,
				A8DCC984298102A900D41065 /* XCRemoteSwiftPackageReference "LaunchAtLogin" */,
			);
			productRefGroup = A8E59C36297F5E9A0064D4BA /* Products */;
			projectDirPath = "";
			projectRoot = "";
			targets = (
				A8E59C34297F5E9A0064D4BA /* Snapper */,
			);
		};
/* End PBXProject section */

/* Begin PBXResourcesBuildPhase section */
		A8E59C33297F5E9A0064D4BA /* Resources */ = {
			isa = PBXResourcesBuildPhase;
			buildActionMask = 2147483647;
			files = (
				A8E59C40297F5E9B0064D4BA /* Preview Assets.xcassets in Resources */,
				A8E59C3D297F5E9B0064D4BA /* Assets.xcassets in Resources */,
			);
			runOnlyForDeploymentPostprocessing = 0;
		};
/* End PBXResourcesBuildPhase section */

/* Begin PBXSourcesBuildPhase section */
		A8E59C31297F5E9A0064D4BA /* Sources */ = {
			isa = PBXSourcesBuildPhase;
			buildActionMask = 2147483647;
			files = (
				A8789F6729805B190040512E /* RadialMenuView.swift in Sources */,
				A8DCC9882981B9E100D41065 /* RadialMenuSettingsView.swift in Sources */,
				A87D36982980A89D002B0D2F /* KeybindingSettingsView.swift in Sources */,
				A8DCC98A2981F43F00D41065 /* PreviewSettingsView.swift in Sources */,
				A8789F6929805B340040512E /* SnapperPreviewView.swift in Sources */,
				A882660829809F6F00BCB197 /* GeneralSettingsView.swift in Sources */,
				A88266002980931C00BCB197 /* SettingsView.swift in Sources */,
				A8E59C50298045D90064D4BA /* SnapperPreviewController.swift in Sources */,
				A8E59C4E29803FBD0064D4BA /* Extensions.swift in Sources */,
				A8E59C39297F5E9A0064D4BA /* WindowManagerApp.swift in Sources */,
				A8DCC97E2980DDD400D41065 /* SnapperMenuController.swift in Sources */,
				A8E59C4C29803A4D0064D4BA /* WindowResizer.swift in Sources */,
				A8E59C4A297F98670064D4BA /* RadialMenuController.swift in Sources */,
			);
			runOnlyForDeploymentPostprocessing = 0;
		};
/* End PBXSourcesBuildPhase section */

/* Begin XCBuildConfiguration section */
		A8E59C42297F5E9B0064D4BA /* Debug */ = {
			isa = XCBuildConfiguration;
			buildSettings = {
				ALWAYS_SEARCH_USER_PATHS = NO;
				CLANG_ANALYZER_NONNULL = YES;
				CLANG_ANALYZER_NUMBER_OBJECT_CONVERSION = YES_AGGRESSIVE;
				CLANG_CXX_LANGUAGE_STANDARD = "gnu++20";
				CLANG_ENABLE_MODULES = YES;
				CLANG_ENABLE_OBJC_ARC = YES;
				CLANG_ENABLE_OBJC_WEAK = YES;
				CLANG_WARN_BLOCK_CAPTURE_AUTORELEASING = YES;
				CLANG_WARN_BOOL_CONVERSION = YES;
				CLANG_WARN_COMMA = YES;
				CLANG_WARN_CONSTANT_CONVERSION = YES;
				CLANG_WARN_DEPRECATED_OBJC_IMPLEMENTATIONS = YES;
				CLANG_WARN_DIRECT_OBJC_ISA_USAGE = YES_ERROR;
				CLANG_WARN_DOCUMENTATION_COMMENTS = YES;
				CLANG_WARN_EMPTY_BODY = YES;
				CLANG_WARN_ENUM_CONVERSION = YES;
				CLANG_WARN_INFINITE_RECURSION = YES;
				CLANG_WARN_INT_CONVERSION = YES;
				CLANG_WARN_NON_LITERAL_NULL_CONVERSION = YES;
				CLANG_WARN_OBJC_IMPLICIT_RETAIN_SELF = YES;
				CLANG_WARN_OBJC_LITERAL_CONVERSION = YES;
				CLANG_WARN_OBJC_ROOT_CLASS = YES_ERROR;
				CLANG_WARN_QUOTED_INCLUDE_IN_FRAMEWORK_HEADER = YES;
				CLANG_WARN_RANGE_LOOP_ANALYSIS = YES;
				CLANG_WARN_STRICT_PROTOTYPES = YES;
				CLANG_WARN_SUSPICIOUS_MOVE = YES;
				CLANG_WARN_UNGUARDED_AVAILABILITY = YES_AGGRESSIVE;
				CLANG_WARN_UNREACHABLE_CODE = YES;
				CLANG_WARN__DUPLICATE_METHOD_MATCH = YES;
				COPY_PHASE_STRIP = NO;
				DEBUG_INFORMATION_FORMAT = dwarf;
				ENABLE_STRICT_OBJC_MSGSEND = YES;
				ENABLE_TESTABILITY = YES;
				GCC_C_LANGUAGE_STANDARD = gnu11;
				GCC_DYNAMIC_NO_PIC = NO;
				GCC_NO_COMMON_BLOCKS = YES;
				GCC_OPTIMIZATION_LEVEL = 0;
				GCC_PREPROCESSOR_DEFINITIONS = (
					"DEBUG=1",
					"$(inherited)",
				);
				GCC_WARN_64_TO_32_BIT_CONVERSION = YES;
				GCC_WARN_ABOUT_RETURN_TYPE = YES_ERROR;
				GCC_WARN_UNDECLARED_SELECTOR = YES;
				GCC_WARN_UNINITIALIZED_AUTOS = YES_AGGRESSIVE;
				GCC_WARN_UNUSED_FUNCTION = YES;
				GCC_WARN_UNUSED_VARIABLE = YES;
				MACOSX_DEPLOYMENT_TARGET = 11.0;
				MTL_ENABLE_DEBUG_INFO = INCLUDE_SOURCE;
				MTL_FAST_MATH = YES;
				ONLY_ACTIVE_ARCH = YES;
				SDKROOT = macosx;
				SWIFT_ACTIVE_COMPILATION_CONDITIONS = DEBUG;
				SWIFT_OPTIMIZATION_LEVEL = "-Onone";
			};
			name = Debug;
		};
		A8E59C43297F5E9B0064D4BA /* Release */ = {
			isa = XCBuildConfiguration;
			buildSettings = {
				ALWAYS_SEARCH_USER_PATHS = NO;
				CLANG_ANALYZER_NONNULL = YES;
				CLANG_ANALYZER_NUMBER_OBJECT_CONVERSION = YES_AGGRESSIVE;
				CLANG_CXX_LANGUAGE_STANDARD = "gnu++20";
				CLANG_ENABLE_MODULES = YES;
				CLANG_ENABLE_OBJC_ARC = YES;
				CLANG_ENABLE_OBJC_WEAK = YES;
				CLANG_WARN_BLOCK_CAPTURE_AUTORELEASING = YES;
				CLANG_WARN_BOOL_CONVERSION = YES;
				CLANG_WARN_COMMA = YES;
				CLANG_WARN_CONSTANT_CONVERSION = YES;
				CLANG_WARN_DEPRECATED_OBJC_IMPLEMENTATIONS = YES;
				CLANG_WARN_DIRECT_OBJC_ISA_USAGE = YES_ERROR;
				CLANG_WARN_DOCUMENTATION_COMMENTS = YES;
				CLANG_WARN_EMPTY_BODY = YES;
				CLANG_WARN_ENUM_CONVERSION = YES;
				CLANG_WARN_INFINITE_RECURSION = YES;
				CLANG_WARN_INT_CONVERSION = YES;
				CLANG_WARN_NON_LITERAL_NULL_CONVERSION = YES;
				CLANG_WARN_OBJC_IMPLICIT_RETAIN_SELF = YES;
				CLANG_WARN_OBJC_LITERAL_CONVERSION = YES;
				CLANG_WARN_OBJC_ROOT_CLASS = YES_ERROR;
				CLANG_WARN_QUOTED_INCLUDE_IN_FRAMEWORK_HEADER = YES;
				CLANG_WARN_RANGE_LOOP_ANALYSIS = YES;
				CLANG_WARN_STRICT_PROTOTYPES = YES;
				CLANG_WARN_SUSPICIOUS_MOVE = YES;
				CLANG_WARN_UNGUARDED_AVAILABILITY = YES_AGGRESSIVE;
				CLANG_WARN_UNREACHABLE_CODE = YES;
				CLANG_WARN__DUPLICATE_METHOD_MATCH = YES;
				COPY_PHASE_STRIP = NO;
				DEBUG_INFORMATION_FORMAT = "dwarf-with-dsym";
				ENABLE_NS_ASSERTIONS = NO;
				ENABLE_STRICT_OBJC_MSGSEND = YES;
				GCC_C_LANGUAGE_STANDARD = gnu11;
				GCC_NO_COMMON_BLOCKS = YES;
				GCC_WARN_64_TO_32_BIT_CONVERSION = YES;
				GCC_WARN_ABOUT_RETURN_TYPE = YES_ERROR;
				GCC_WARN_UNDECLARED_SELECTOR = YES;
				GCC_WARN_UNINITIALIZED_AUTOS = YES_AGGRESSIVE;
				GCC_WARN_UNUSED_FUNCTION = YES;
				GCC_WARN_UNUSED_VARIABLE = YES;
				MACOSX_DEPLOYMENT_TARGET = 11.0;
				MTL_ENABLE_DEBUG_INFO = NO;
				MTL_FAST_MATH = YES;
				SDKROOT = macosx;
				SWIFT_COMPILATION_MODE = wholemodule;
				SWIFT_OPTIMIZATION_LEVEL = "-O";
			};
			name = Release;
		};
		A8E59C45297F5E9B0064D4BA /* Debug */ = {
			isa = XCBuildConfiguration;
			buildSettings = {
				ASSETCATALOG_COMPILER_APPICON_NAME = AppIcon;
				ASSETCATALOG_COMPILER_GLOBAL_ACCENT_COLOR_NAME = AccentColor;
				CODE_SIGN_ENTITLEMENTS = Snapper/Snapper.entitlements;
				"CODE_SIGN_IDENTITY[sdk=macosx*]" = "Apple Development";
				CODE_SIGN_STYLE = Automatic;
				COMBINE_HIDPI_IMAGES = YES;
				CURRENT_PROJECT_VERSION = 1;
				DEVELOPMENT_ASSET_PATHS = "\"Snapper/Preview Content\"";
				DEVELOPMENT_TEAM = CK2YS5GSMD;
				ENABLE_HARDENED_RUNTIME = YES;
				ENABLE_PREVIEWS = YES;
				GENERATE_INFOPLIST_FILE = YES;
				INFOPLIST_KEY_CFBundleDisplayName = Snapper;
				INFOPLIST_KEY_LSApplicationCategoryType = "public.app-category.utilities";
				INFOPLIST_KEY_NSHumanReadableCopyright = "";
				LD_RUNPATH_SEARCH_PATHS = (
					"$(inherited)",
					"@executable_path/../Frameworks",
				);
				MACOSX_DEPLOYMENT_TARGET = 12.0;
				MARKETING_VERSION = 1.0;
				PRODUCT_BUNDLE_IDENTIFIER = com.KaiAzim.Snapper;
				PRODUCT_NAME = "$(TARGET_NAME)";
				SWIFT_EMIT_LOC_STRINGS = YES;
				SWIFT_VERSION = 5.0;
			};
			name = Debug;
		};
		A8E59C46297F5E9B0064D4BA /* Release */ = {
			isa = XCBuildConfiguration;
			buildSettings = {
				ASSETCATALOG_COMPILER_APPICON_NAME = AppIcon;
				ASSETCATALOG_COMPILER_GLOBAL_ACCENT_COLOR_NAME = AccentColor;
				CODE_SIGN_ENTITLEMENTS = Snapper/Snapper.entitlements;
				"CODE_SIGN_IDENTITY[sdk=macosx*]" = "Apple Development";
				CODE_SIGN_STYLE = Automatic;
				COMBINE_HIDPI_IMAGES = YES;
				CURRENT_PROJECT_VERSION = 1;
				DEVELOPMENT_ASSET_PATHS = "\"Snapper/Preview Content\"";
				DEVELOPMENT_TEAM = CK2YS5GSMD;
				ENABLE_HARDENED_RUNTIME = YES;
				ENABLE_PREVIEWS = YES;
				GENERATE_INFOPLIST_FILE = YES;
				INFOPLIST_KEY_CFBundleDisplayName = Snapper;
				INFOPLIST_KEY_LSApplicationCategoryType = "public.app-category.utilities";
				INFOPLIST_KEY_NSHumanReadableCopyright = "";
				LD_RUNPATH_SEARCH_PATHS = (
					"$(inherited)",
					"@executable_path/../Frameworks",
				);
				MACOSX_DEPLOYMENT_TARGET = 12.0;
				MARKETING_VERSION = 1.0;
				PRODUCT_BUNDLE_IDENTIFIER = com.KaiAzim.Snapper;
				PRODUCT_NAME = "$(TARGET_NAME)";
				SWIFT_EMIT_LOC_STRINGS = YES;
				SWIFT_VERSION = 5.0;
			};
			name = Release;
		};
/* End XCBuildConfiguration section */

/* Begin XCConfigurationList section */
		A8E59C30297F5E9A0064D4BA /* Build configuration list for PBXProject "Snapper" */ = {
			isa = XCConfigurationList;
			buildConfigurations = (
				A8E59C42297F5E9B0064D4BA /* Debug */,
				A8E59C43297F5E9B0064D4BA /* Release */,
			);
			defaultConfigurationIsVisible = 0;
			defaultConfigurationName = Release;
		};
		A8E59C44297F5E9B0064D4BA /* Build configuration list for PBXNativeTarget "Snapper" */ = {
			isa = XCConfigurationList;
			buildConfigurations = (
				A8E59C45297F5E9B0064D4BA /* Debug */,
				A8E59C46297F5E9B0064D4BA /* Release */,
			);
			defaultConfigurationIsVisible = 0;
			defaultConfigurationName = Release;
		};
/* End XCConfigurationList section */

/* Begin XCRemoteSwiftPackageReference section */
		A87D36992980A9DC002B0D2F /* XCRemoteSwiftPackageReference "KeyboardShortcuts" */ = {
			isa = XCRemoteSwiftPackageReference;
			repositoryURL = "https://github.com/sindresorhus/KeyboardShortcuts";
			requirement = {
				branch = main;
				kind = branch;
			};
		};
		A8DCC9792980D5F500D41065 /* XCRemoteSwiftPackageReference "Defaults" */ = {
			isa = XCRemoteSwiftPackageReference;
			repositoryURL = "https://github.com/sindresorhus/Defaults";
			requirement = {
				branch = main;
				kind = branch;
			};
		};
		A8DCC984298102A900D41065 /* XCRemoteSwiftPackageReference "LaunchAtLogin" */ = {
			isa = XCRemoteSwiftPackageReference;
			repositoryURL = "https://github.com/sindresorhus/LaunchAtLogin";
			requirement = {
				branch = main;
				kind = branch;
			};
		};
/* End XCRemoteSwiftPackageReference section */

/* Begin XCSwiftPackageProductDependency section */
		A87D369A2980A9DC002B0D2F /* KeyboardShortcuts */ = {
			isa = XCSwiftPackageProductDependency;
			package = A87D36992980A9DC002B0D2F /* XCRemoteSwiftPackageReference "KeyboardShortcuts" */;
			productName = KeyboardShortcuts;
		};
		A8DCC97A2980D5F500D41065 /* Defaults */ = {
			isa = XCSwiftPackageProductDependency;
			package = A8DCC9792980D5F500D41065 /* XCRemoteSwiftPackageReference "Defaults" */;
			productName = Defaults;
		};
		A8DCC985298102A900D41065 /* LaunchAtLogin */ = {
			isa = XCSwiftPackageProductDependency;
			package = A8DCC984298102A900D41065 /* XCRemoteSwiftPackageReference "LaunchAtLogin" */;
			productName = LaunchAtLogin;
		};
/* End XCSwiftPackageProductDependency section */
	};
	rootObject = A8E59C2D297F5E9A0064D4BA /* Project object */;
}
