{
  "originHash" : "ba90caa0334ddead74b48b4627f5d0fc2eea11792add988bf20b15aa3ac03eb3",
  "pins" : [
    {
      "identity" : "defaults",
      "kind" : "remoteSourceControl",
      "location" : "https://github.com/sindresorhus/Defaults",
      "state" : {
        "branch" : "main",
        "revision" : "38925e3cfacf3fb89a81a35b1cd44fd5a5b7e0fa"
      }
    },
    {
      "identity" : "luminare",
      "kind" : "remoteSourceControl",
      "location" : "https://github.com/MrKai77/Luminare",
      "state" : {
        "branch" : "main",
        "revision" : "164d66ee42cc2e352f88e66c4de70deabcb26a7e"
      }
    },
    {
      "identity" : "menubarextraaccess",
      "kind" : "remoteSourceControl",
      "location" : "https://github.com/orchetect/MenuBarExtraAccess",
      "state" : {
        "revision" : "f5896b47e15e114975897354c7e1082c51a2bffd",
        "version" : "1.0.5"
      }
    }
  ],
  "version" : 3
}
