{
  "pins" : [
    {
      "identity" : "defaults",
      "kind" : "remoteSourceControl",
      "location" : "https://github.com/sindresorhus/Defaults",
      "state" : {
        "branch" : "main",
        "revision" : "d71bfd8ffbf944ef08eacbca5fb96d6f69bf7696"
      }
    },
    {
      "identity" : "keyboardshortcuts",
      "kind" : "remoteSourceControl",
      "location" : "https://github.com/sindresorhus/KeyboardShortcuts",
      "state" : {
        "branch" : "main",
        "revision" : "d7b349f6822e24228141e560aa48a32dca23b22c"
      }
    },
    {
      "identity" : "swiftui-windowmanagement",
      "kind" : "remoteSourceControl",
      "location" : "https://github.com/Wouter01/SwiftUI-WindowManagement",
      "state" : {
        "branch" : "main",
        "revision" : "859f9c48d2dbbe301e896ef4e879eabe5962b75b"
      }
    }
  ],
  "version" : 2
}
