// !$*UTF8*$!
{
	archiveVersion = 1;
	classes = {
	};
	objectVersion = 60;
	objects = {

/* Begin PBXBuildFile section */
		A8849FF02C34C54700C233C2 /* Assets.xcassets in Resources */ = {isa = PBXBuildFile; fileRef = A8849FEF2C34C54700C233C2 /* Assets.xcassets */; };
		A8849FF32C34C54700C233C2 /* Preview Assets.xcassets in Resources */ = {isa = PBXBuildFile; fileRef = A8849FF22C34C54700C233C2 /* Preview Assets.xcassets */; };
		A884A0682C34C57400C233C2 /* Config.xcconfig in Resources */ = {isa = PBXBuildFile; fileRef = A8849FFC2C34C57400C233C2 /* Config.xcconfig */; };
		A884A0692C34C57400C233C2 /* Localizable.xcstrings in Resources */ = {isa = PBXBuildFile; fileRef = A884A0112C34C57400C233C2 /* Localizable.xcstrings */; };
		A884A06C2C34C57400C233C2 /* WindowAction+Image.swift in Sources */ = {isa = PBXBuildFile; fileRef = A884A0552C34C57400C233C2 /* WindowAction+Image.swift */; };
		A884A06D2C34C57400C233C2 /* MenuBarHeaderText.swift in Sources */ = {isa = PBXBuildFile; fileRef = A884A0342C34C57400C233C2 /* MenuBarHeaderText.swift */; };
		A884A06E2C34C57400C233C2 /* PaddingModel.swift in Sources */ = {isa = PBXBuildFile; fileRef = A884A0492C34C57400C233C2 /* PaddingModel.swift */; };
		A884A0702C34C57400C233C2 /* DirectionSelectorCircleSegment.swift in Sources */ = {isa = PBXBuildFile; fileRef = A884A03C2C34C57400C233C2 /* DirectionSelectorCircleSegment.swift */; };
		A884A0712C34C57400C233C2 /* PreviewView.swift in Sources */ = {isa = PBXBuildFile; fileRef = A884A03A2C34C57400C233C2 /* PreviewView.swift */; };
		A884A0722C34C57400C233C2 /* WindowAction+Port.swift in Sources */ = {isa = PBXBuildFile; fileRef = A884A0562C34C57400C233C2 /* WindowAction+Port.swift */; };
		A884A0732C34C57400C233C2 /* CycleActionConfigurationView.swift in Sources */ = {isa = PBXBuildFile; fileRef = A884A0202C34C57400C233C2 /* CycleActionConfigurationView.swift */; };
		A884A0742C34C57400C233C2 /* CustomWindowActionPositionMode.swift in Sources */ = {isa = PBXBuildFile; fileRef = A884A04F2C34C57400C233C2 /* CustomWindowActionPositionMode.swift */; };
		A884A0752C34C57400C233C2 /* PermissionsManager.swift in Sources */ = {isa = PBXBuildFile; fileRef = A884A02F2C34C57400C233C2 /* PermissionsManager.swift */; };
		A884A0772C34C57400C233C2 /* WindowDragManager.swift in Sources */ = {isa = PBXBuildFile; fileRef = A884A0322C34C57400C233C2 /* WindowDragManager.swift */; };
		A884A0782C34C57400C233C2 /* AppDelegate+UNNotifications.swift in Sources */ = {isa = PBXBuildFile; fileRef = A8849FFB2C34C57400C233C2 /* AppDelegate+UNNotifications.swift */; };
		A884A0792C34C57400C233C2 /* Keycorder.swift in Sources */ = {isa = PBXBuildFile; fileRef = A884A01C2C34C57400C233C2 /* Keycorder.swift */; };
		A884A07A2C34C57400C233C2 /* WallpaperView.swift in Sources */ = {isa = PBXBuildFile; fileRef = A884A04C2C34C57400C233C2 /* WallpaperView.swift */; };
		A884A07B2C34C57400C233C2 /* ScreenManager.swift in Sources */ = {isa = PBXBuildFile; fileRef = A884A0302C34C57400C233C2 /* ScreenManager.swift */; };
		A884A07C2C34C57400C233C2 /* VisualEffectView.swift in Sources */ = {isa = PBXBuildFile; fileRef = A884A04B2C34C57400C233C2 /* VisualEffectView.swift */; };
		A884A07D2C34C57400C233C2 /* WindowDirection.swift in Sources */ = {isa = PBXBuildFile; fileRef = A884A0572C34C57400C233C2 /* WindowDirection.swift */; };
		A884A07F2C34C57400C233C2 /* WindowEngine.swift in Sources */ = {isa = PBXBuildFile; fileRef = A884A05A2C34C57400C233C2 /* WindowEngine.swift */; };
		A884A0802C34C57400C233C2 /* IconConfiguration.swift in Sources */ = {isa = PBXBuildFile; fileRef = A884A0262C34C57400C233C2 /* IconConfiguration.swift */; };
		A884A0822C34C57400C233C2 /* WindowAction.swift in Sources */ = {isa = PBXBuildFile; fileRef = A884A0542C34C57400C233C2 /* WindowAction.swift */; };
		A884A0832C34C57400C233C2 /* AboutConfiguration.swift in Sources */ = {isa = PBXBuildFile; fileRef = A884A0132C34C57400C233C2 /* AboutConfiguration.swift */; };
		A884A0862C34C57400C233C2 /* PreviewController.swift in Sources */ = {isa = PBXBuildFile; fileRef = A884A0392C34C57400C233C2 /* PreviewController.swift */; };
		A884A0892C34C57400C233C2 /* DirectionSelectorSquareSegment.swift in Sources */ = {isa = PBXBuildFile; fileRef = A884A03D2C34C57400C233C2 /* DirectionSelectorSquareSegment.swift */; };
		A884A08A2C34C57400C233C2 /* StageManager.swift in Sources */ = {isa = PBXBuildFile; fileRef = A884A0312C34C57400C233C2 /* StageManager.swift */; };
		A884A08B2C34C57400C233C2 /* TheLoopTimes.swift in Sources */ = {isa = PBXBuildFile; fileRef = A884A0412C34C57400C233C2 /* TheLoopTimes.swift */; };
		A884A08C2C34C57400C233C2 /* LoopManager.swift in Sources */ = {isa = PBXBuildFile; fileRef = A884A02E2C34C57400C233C2 /* LoopManager.swift */; };
		A884A08D2C34C57400C233C2 /* LuminareManager.swift in Sources */ = {isa = PBXBuildFile; fileRef = A884A02A2C34C57400C233C2 /* LuminareManager.swift */; };
		A884A08E2C34C57400C233C2 /* PaddingConfigurationView.swift in Sources */ = {isa = PBXBuildFile; fileRef = A884A0172C34C57400C233C2 /* PaddingConfigurationView.swift */; };
		A884A08F2C34C57400C233C2 /* IconManager.swift in Sources */ = {isa = PBXBuildFile; fileRef = A884A02C2C34C57400C233C2 /* IconManager.swift */; };
		A884A0902C34C57400C233C2 /* ShakeEffect.swift in Sources */ = {isa = PBXBuildFile; fileRef = A884A04A2C34C57400C233C2 /* ShakeEffect.swift */; };
		A884A0912C34C57400C233C2 /* RadialMenuConfiguration.swift in Sources */ = {isa = PBXBuildFile; fileRef = A884A0282C34C57400C233C2 /* RadialMenuConfiguration.swift */; };
		A884A0922C34C57400C233C2 /* PaddingPreviewView.swift in Sources */ = {isa = PBXBuildFile; fileRef = A884A0182C34C57400C233C2 /* PaddingPreviewView.swift */; };
		A884A0942C34C57400C233C2 /* BehaviorConfiguration.swift in Sources */ = {isa = PBXBuildFile; fileRef = A884A01A2C34C57400C233C2 /* BehaviorConfiguration.swift */; };
		A884A0952C34C57400C233C2 /* KeybindingItem.swift in Sources */ = {isa = PBXBuildFile; fileRef = A884A0212C34C57400C233C2 /* KeybindingItem.swift */; };
		A884A0962C34C57400C233C2 /* PreviewConfiguration.swift in Sources */ = {isa = PBXBuildFile; fileRef = A884A0272C34C57400C233C2 /* PreviewConfiguration.swift */; };
		A884A0972C34C57400C233C2 /* WindowDirection+Snapping.swift in Sources */ = {isa = PBXBuildFile; fileRef = A884A0592C34C57400C233C2 /* WindowDirection+Snapping.swift */; };
		A884A0982C34C57400C233C2 /* CustomActionConfigurationView.swift in Sources */ = {isa = PBXBuildFile; fileRef = A884A01F2C34C57400C233C2 /* CustomActionConfigurationView.swift */; };
		A884A0992C34C57400C233C2 /* LoopApp.swift in Sources */ = {isa = PBXBuildFile; fileRef = A884A0122C34C57400C233C2 /* LoopApp.swift */; };
		A884A09A2C34C57400C233C2 /* Window.swift in Sources */ = {isa = PBXBuildFile; fileRef = A884A0532C34C57400C233C2 /* Window.swift */; };
		A884A09B2C34C57400C233C2 /* KeybindingsConfiguration.swift in Sources */ = {isa = PBXBuildFile; fileRef = A884A0222C34C57400C233C2 /* KeybindingsConfiguration.swift */; };
		A884A09C2C34C57400C233C2 /* AdvancedConfiguration.swift in Sources */ = {isa = PBXBuildFile; fileRef = A884A0142C34C57400C233C2 /* AdvancedConfiguration.swift */; };
		A884A09E2C34C57400C233C2 /* Observer.swift in Sources */ = {isa = PBXBuildFile; fileRef = A884A0482C34C57400C233C2 /* Observer.swift */; };
		A884A09F2C34C57400C233C2 /* CustomWindowActionUnit.swift in Sources */ = {isa = PBXBuildFile; fileRef = A884A0512C34C57400C233C2 /* CustomWindowActionUnit.swift */; };
		A884A0A02C34C57400C233C2 /* CustomWindowActionAnchor.swift in Sources */ = {isa = PBXBuildFile; fileRef = A884A04E2C34C57400C233C2 /* CustomWindowActionAnchor.swift */; };
		A884A0A12C34C57400C233C2 /* UpdateView.swift in Sources */ = {isa = PBXBuildFile; fileRef = A884A0432C34C57400C233C2 /* UpdateView.swift */; };
		A884A0A22C34C57400C233C2 /* Updater.swift in Sources */ = {isa = PBXBuildFile; fileRef = A884A0422C34C57400C233C2 /* Updater.swift */; };
		A884A0A32C34C57400C233C2 /* AppDelegate.swift in Sources */ = {isa = PBXBuildFile; fileRef = A8849FFA2C34C57400C233C2 /* AppDelegate.swift */; };
		A884A0A52C34C57400C233C2 /* Icon.swift in Sources */ = {isa = PBXBuildFile; fileRef = A884A0472C34C57400C233C2 /* Icon.swift */; };
		A884A0A62C34C57400C233C2 /* EventMonitor.swift in Sources */ = {isa = PBXBuildFile; fileRef = A884A0462C34C57400C233C2 /* EventMonitor.swift */; };
		A884A0A72C34C57400C233C2 /* ExcludedAppsConfiguration.swift in Sources */ = {isa = PBXBuildFile; fileRef = A884A0152C34C57400C233C2 /* ExcludedAppsConfiguration.swift */; };
		A884A0A82C34C57400C233C2 /* AccentColorConfiguration.swift in Sources */ = {isa = PBXBuildFile; fileRef = A884A0252C34C57400C233C2 /* AccentColorConfiguration.swift */; };
		A884A0A92C34C57400C233C2 /* WindowTransformAnimation.swift in Sources */ = {isa = PBXBuildFile; fileRef = A884A05C2C34C57400C233C2 /* WindowTransformAnimation.swift */; };
		A884A0AA2C34C57400C233C2 /* RadialMenuView.swift in Sources */ = {isa = PBXBuildFile; fileRef = A884A03F2C34C57400C233C2 /* RadialMenuView.swift */; };
		A884A0AB2C34C57400C233C2 /* RadialMenuController.swift in Sources */ = {isa = PBXBuildFile; fileRef = A884A03E2C34C57400C233C2 /* RadialMenuController.swift */; };
		A884A0AC2C34C57400C233C2 /* CustomWindowActionSizeMode.swift in Sources */ = {isa = PBXBuildFile; fileRef = A884A0502C34C57400C233C2 /* CustomWindowActionSizeMode.swift */; };
		A884A0AE2C34C57400C233C2 /* KeybindMonitor.swift in Sources */ = {isa = PBXBuildFile; fileRef = A884A02D2C34C57400C233C2 /* KeybindMonitor.swift */; };
		A884A0B02C34C57400C233C2 /* AnimationConfiguration.swift in Sources */ = {isa = PBXBuildFile; fileRef = A884A0452C34C57400C233C2 /* AnimationConfiguration.swift */; };
		A884A0B12C34C57400C233C2 /* TriggerKeycorder.swift in Sources */ = {isa = PBXBuildFile; fileRef = A884A01D2C34C57400C233C2 /* TriggerKeycorder.swift */; };
		A884A0B22C34C57400C233C2 /* WindowRecords.swift in Sources */ = {isa = PBXBuildFile; fileRef = A884A05B2C34C57400C233C2 /* WindowRecords.swift */; };
		A884A0B32C34C57400C233C2 /* WindowDirection+LocalizedString.swift in Sources */ = {isa = PBXBuildFile; fileRef = A884A0582C34C57400C233C2 /* WindowDirection+LocalizedString.swift */; };
		A884A0B42C34C57400C233C2 /* LuminarePreviewView.swift in Sources */ = {isa = PBXBuildFile; fileRef = A884A0382C34C57400C233C2 /* LuminarePreviewView.swift */; };
		A884A0B72C34C5C500C233C2 /* Luminare in Frameworks */ = {isa = PBXBuildFile; productRef = A884A0B62C34C5C500C233C2 /* Luminare */; };
		A884A0BA2C34C5D800C233C2 /* Defaults in Frameworks */ = {isa = PBXBuildFile; productRef = A884A0B92C34C5D800C233C2 /* Defaults */; };
		A88C53462C34C7D200627BBD /* AXUIElement+Extensions.swift in Sources */ = {isa = PBXBuildFile; fileRef = A88C53392C34C7D200627BBD /* AXUIElement+Extensions.swift */; };
		A88C53472C34C7D200627BBD /* Defaults+Extensions.swift in Sources */ = {isa = PBXBuildFile; fileRef = A88C533F2C34C7D200627BBD /* Defaults+Extensions.swift */; };
		A88C53482C34C7D200627BBD /* NSEvent+Extensions.swift in Sources */ = {isa = PBXBuildFile; fileRef = A88C53412C34C7D200627BBD /* NSEvent+Extensions.swift */; };
		A88C53492C34C7D200627BBD /* NSScreen+Extensions.swift in Sources */ = {isa = PBXBuildFile; fileRef = A88C53422C34C7D200627BBD /* NSScreen+Extensions.swift */; };
		A88C534A2C34C7D200627BBD /* CGGeometry+Extensions.swift in Sources */ = {isa = PBXBuildFile; fileRef = A88C533C2C34C7D200627BBD /* CGGeometry+Extensions.swift */; };
		A88C534B2C34C7D200627BBD /* View+Extensions.swift in Sources */ = {isa = PBXBuildFile; fileRef = A88C53442C34C7D200627BBD /* View+Extensions.swift */; };
		A88C534C2C34C7D200627BBD /* Angle+Extensions.swift in Sources */ = {isa = PBXBuildFile; fileRef = A88C53382C34C7D200627BBD /* Angle+Extensions.swift */; };
		A88C534D2C34C7D200627BBD /* Notification+Extensions.swift in Sources */ = {isa = PBXBuildFile; fileRef = A88C53402C34C7D200627BBD /* Notification+Extensions.swift */; };
		A88C534E2C34C7D200627BBD /* Color+Extensions.swift in Sources */ = {isa = PBXBuildFile; fileRef = A88C533E2C34C7D200627BBD /* Color+Extensions.swift */; };
		A88C534F2C34C7D200627BBD /* CGEvent+Extensions.swift in Sources */ = {isa = PBXBuildFile; fileRef = A88C533B2C34C7D200627BBD /* CGEvent+Extensions.swift */; };
		A88C53502C34C7D200627BBD /* UNNotification+Extensions.swift in Sources */ = {isa = PBXBuildFile; fileRef = A88C53432C34C7D200627BBD /* UNNotification+Extensions.swift */; };
		A88C53512C34C7D200627BBD /* Bundle+Extensions.swift in Sources */ = {isa = PBXBuildFile; fileRef = A88C533A2C34C7D200627BBD /* Bundle+Extensions.swift */; };
		A88C53522C34C7D200627BBD /* CGKeyCode+Extensions.swift in Sources */ = {isa = PBXBuildFile; fileRef = A88C533D2C34C7D200627BBD /* CGKeyCode+Extensions.swift */; };
		A8ED40CF2C3509900051479B /* InfoPlist.strings in Resources */ = {isa = PBXBuildFile; fileRef = A8ED40CE2C3509900051479B /* InfoPlist.strings */; };
/* End PBXBuildFile section */

/* Begin PBXFileReference section */
		A8849FE82C34C54600C233C2 /* Loop.app */ = {isa = PBXFileReference; explicitFileType = wrapper.application; includeInIndex = 0; path = Loop.app; sourceTree = BUILT_PRODUCTS_DIR; };
		A8849FEF2C34C54700C233C2 /* Assets.xcassets */ = {isa = PBXFileReference; lastKnownFileType = folder.assetcatalog; path = Assets.xcassets; sourceTree = "<group>"; };
		A8849FF22C34C54700C233C2 /* Preview Assets.xcassets */ = {isa = PBXFileReference; lastKnownFileType = folder.assetcatalog; path = "Preview Assets.xcassets"; sourceTree = "<group>"; };
		A8849FF42C34C54700C233C2 /* Loop.entitlements */ = {isa = PBXFileReference; lastKnownFileType = text.plist.entitlements; path = Loop.entitlements; sourceTree = "<group>"; };
		A8849FFA2C34C57400C233C2 /* AppDelegate.swift */ = {isa = PBXFileReference; lastKnownFileType = sourcecode.swift; path = AppDelegate.swift; sourceTree = "<group>"; };
		A8849FFB2C34C57400C233C2 /* AppDelegate+UNNotifications.swift */ = {isa = PBXFileReference; lastKnownFileType = sourcecode.swift; path = "AppDelegate+UNNotifications.swift"; sourceTree = "<group>"; };
		A8849FFC2C34C57400C233C2 /* Config.xcconfig */ = {isa = PBXFileReference; lastKnownFileType = text.xcconfig; path = Config.xcconfig; sourceTree = "<group>"; };
		A884A0112C34C57400C233C2 /* Localizable.xcstrings */ = {isa = PBXFileReference; lastKnownFileType = text.json.xcstrings; path = Localizable.xcstrings; sourceTree = "<group>"; };
		A884A0122C34C57400C233C2 /* LoopApp.swift */ = {isa = PBXFileReference; lastKnownFileType = sourcecode.swift; path = LoopApp.swift; sourceTree = "<group>"; };
		A884A0132C34C57400C233C2 /* AboutConfiguration.swift */ = {isa = PBXFileReference; lastKnownFileType = sourcecode.swift; path = AboutConfiguration.swift; sourceTree = "<group>"; };
		A884A0142C34C57400C233C2 /* AdvancedConfiguration.swift */ = {isa = PBXFileReference; lastKnownFileType = sourcecode.swift; path = AdvancedConfiguration.swift; sourceTree = "<group>"; };
		A884A0152C34C57400C233C2 /* ExcludedAppsConfiguration.swift */ = {isa = PBXFileReference; lastKnownFileType = sourcecode.swift; path = ExcludedAppsConfiguration.swift; sourceTree = "<group>"; };
		A884A0172C34C57400C233C2 /* PaddingConfigurationView.swift */ = {isa = PBXFileReference; lastKnownFileType = sourcecode.swift; path = PaddingConfigurationView.swift; sourceTree = "<group>"; };
		A884A0182C34C57400C233C2 /* PaddingPreviewView.swift */ = {isa = PBXFileReference; lastKnownFileType = sourcecode.swift; path = PaddingPreviewView.swift; sourceTree = "<group>"; };
		A884A01A2C34C57400C233C2 /* BehaviorConfiguration.swift */ = {isa = PBXFileReference; lastKnownFileType = sourcecode.swift; path = BehaviorConfiguration.swift; sourceTree = "<group>"; };
		A884A01C2C34C57400C233C2 /* Keycorder.swift */ = {isa = PBXFileReference; lastKnownFileType = sourcecode.swift; path = Keycorder.swift; sourceTree = "<group>"; };
		A884A01D2C34C57400C233C2 /* TriggerKeycorder.swift */ = {isa = PBXFileReference; lastKnownFileType = sourcecode.swift; path = TriggerKeycorder.swift; sourceTree = "<group>"; };
		A884A01F2C34C57400C233C2 /* CustomActionConfigurationView.swift */ = {isa = PBXFileReference; lastKnownFileType = sourcecode.swift; path = CustomActionConfigurationView.swift; sourceTree = "<group>"; };
		A884A0202C34C57400C233C2 /* CycleActionConfigurationView.swift */ = {isa = PBXFileReference; lastKnownFileType = sourcecode.swift; path = CycleActionConfigurationView.swift; sourceTree = "<group>"; };
		A884A0212C34C57400C233C2 /* KeybindingItem.swift */ = {isa = PBXFileReference; lastKnownFileType = sourcecode.swift; path = KeybindingItem.swift; sourceTree = "<group>"; };
		A884A0222C34C57400C233C2 /* KeybindingsConfiguration.swift */ = {isa = PBXFileReference; lastKnownFileType = sourcecode.swift; path = KeybindingsConfiguration.swift; sourceTree = "<group>"; };
		A884A0252C34C57400C233C2 /* AccentColorConfiguration.swift */ = {isa = PBXFileReference; lastKnownFileType = sourcecode.swift; path = AccentColorConfiguration.swift; sourceTree = "<group>"; };
		A884A0262C34C57400C233C2 /* IconConfiguration.swift */ = {isa = PBXFileReference; lastKnownFileType = sourcecode.swift; path = IconConfiguration.swift; sourceTree = "<group>"; };
		A884A0272C34C57400C233C2 /* PreviewConfiguration.swift */ = {isa = PBXFileReference; lastKnownFileType = sourcecode.swift; path = PreviewConfiguration.swift; sourceTree = "<group>"; };
		A884A0282C34C57400C233C2 /* RadialMenuConfiguration.swift */ = {isa = PBXFileReference; lastKnownFileType = sourcecode.swift; path = RadialMenuConfiguration.swift; sourceTree = "<group>"; };
		A884A02A2C34C57400C233C2 /* LuminareManager.swift */ = {isa = PBXFileReference; lastKnownFileType = sourcecode.swift; path = LuminareManager.swift; sourceTree = "<group>"; };
		A884A02C2C34C57400C233C2 /* IconManager.swift */ = {isa = PBXFileReference; lastKnownFileType = sourcecode.swift; path = IconManager.swift; sourceTree = "<group>"; };
		A884A02D2C34C57400C233C2 /* KeybindMonitor.swift */ = {isa = PBXFileReference; lastKnownFileType = sourcecode.swift; path = KeybindMonitor.swift; sourceTree = "<group>"; };
		A884A02E2C34C57400C233C2 /* LoopManager.swift */ = {isa = PBXFileReference; lastKnownFileType = sourcecode.swift; path = LoopManager.swift; sourceTree = "<group>"; };
		A884A02F2C34C57400C233C2 /* PermissionsManager.swift */ = {isa = PBXFileReference; lastKnownFileType = sourcecode.swift; path = PermissionsManager.swift; sourceTree = "<group>"; };
		A884A0302C34C57400C233C2 /* ScreenManager.swift */ = {isa = PBXFileReference; lastKnownFileType = sourcecode.swift; path = ScreenManager.swift; sourceTree = "<group>"; };
		A884A0312C34C57400C233C2 /* StageManager.swift */ = {isa = PBXFileReference; lastKnownFileType = sourcecode.swift; path = StageManager.swift; sourceTree = "<group>"; };
		A884A0322C34C57400C233C2 /* WindowDragManager.swift */ = {isa = PBXFileReference; lastKnownFileType = sourcecode.swift; path = WindowDragManager.swift; sourceTree = "<group>"; };
		A884A0342C34C57400C233C2 /* MenuBarHeaderText.swift */ = {isa = PBXFileReference; lastKnownFileType = sourcecode.swift; path = MenuBarHeaderText.swift; sourceTree = "<group>"; };
		A884A0382C34C57400C233C2 /* LuminarePreviewView.swift */ = {isa = PBXFileReference; lastKnownFileType = sourcecode.swift; path = LuminarePreviewView.swift; sourceTree = "<group>"; };
		A884A0392C34C57400C233C2 /* PreviewController.swift */ = {isa = PBXFileReference; lastKnownFileType = sourcecode.swift; path = PreviewController.swift; sourceTree = "<group>"; };
		A884A03A2C34C57400C233C2 /* PreviewView.swift */ = {isa = PBXFileReference; lastKnownFileType = sourcecode.swift; path = PreviewView.swift; sourceTree = "<group>"; };
		A884A03C2C34C57400C233C2 /* DirectionSelectorCircleSegment.swift */ = {isa = PBXFileReference; lastKnownFileType = sourcecode.swift; path = DirectionSelectorCircleSegment.swift; sourceTree = "<group>"; };
		A884A03D2C34C57400C233C2 /* DirectionSelectorSquareSegment.swift */ = {isa = PBXFileReference; lastKnownFileType = sourcecode.swift; path = DirectionSelectorSquareSegment.swift; sourceTree = "<group>"; };
		A884A03E2C34C57400C233C2 /* RadialMenuController.swift */ = {isa = PBXFileReference; lastKnownFileType = sourcecode.swift; path = RadialMenuController.swift; sourceTree = "<group>"; };
		A884A03F2C34C57400C233C2 /* RadialMenuView.swift */ = {isa = PBXFileReference; lastKnownFileType = sourcecode.swift; path = RadialMenuView.swift; sourceTree = "<group>"; };
		A884A0412C34C57400C233C2 /* TheLoopTimes.swift */ = {isa = PBXFileReference; lastKnownFileType = sourcecode.swift; path = TheLoopTimes.swift; sourceTree = "<group>"; };
		A884A0422C34C57400C233C2 /* Updater.swift */ = {isa = PBXFileReference; lastKnownFileType = sourcecode.swift; path = Updater.swift; sourceTree = "<group>"; };
		A884A0432C34C57400C233C2 /* UpdateView.swift */ = {isa = PBXFileReference; lastKnownFileType = sourcecode.swift; path = UpdateView.swift; sourceTree = "<group>"; };
		A884A0452C34C57400C233C2 /* AnimationConfiguration.swift */ = {isa = PBXFileReference; lastKnownFileType = sourcecode.swift; path = AnimationConfiguration.swift; sourceTree = "<group>"; };
		A884A0462C34C57400C233C2 /* EventMonitor.swift */ = {isa = PBXFileReference; lastKnownFileType = sourcecode.swift; path = EventMonitor.swift; sourceTree = "<group>"; };
		A884A0472C34C57400C233C2 /* Icon.swift */ = {isa = PBXFileReference; lastKnownFileType = sourcecode.swift; path = Icon.swift; sourceTree = "<group>"; };
		A884A0482C34C57400C233C2 /* Observer.swift */ = {isa = PBXFileReference; lastKnownFileType = sourcecode.swift; path = Observer.swift; sourceTree = "<group>"; };
		A884A0492C34C57400C233C2 /* PaddingModel.swift */ = {isa = PBXFileReference; lastKnownFileType = sourcecode.swift; path = PaddingModel.swift; sourceTree = "<group>"; };
		A884A04A2C34C57400C233C2 /* ShakeEffect.swift */ = {isa = PBXFileReference; lastKnownFileType = sourcecode.swift; path = ShakeEffect.swift; sourceTree = "<group>"; };
		A884A04B2C34C57400C233C2 /* VisualEffectView.swift */ = {isa = PBXFileReference; lastKnownFileType = sourcecode.swift; path = VisualEffectView.swift; sourceTree = "<group>"; };
		A884A04C2C34C57400C233C2 /* WallpaperView.swift */ = {isa = PBXFileReference; lastKnownFileType = sourcecode.swift; path = WallpaperView.swift; sourceTree = "<group>"; };
		A884A04E2C34C57400C233C2 /* CustomWindowActionAnchor.swift */ = {isa = PBXFileReference; lastKnownFileType = sourcecode.swift; path = CustomWindowActionAnchor.swift; sourceTree = "<group>"; };
		A884A04F2C34C57400C233C2 /* CustomWindowActionPositionMode.swift */ = {isa = PBXFileReference; lastKnownFileType = sourcecode.swift; path = CustomWindowActionPositionMode.swift; sourceTree = "<group>"; };
		A884A0502C34C57400C233C2 /* CustomWindowActionSizeMode.swift */ = {isa = PBXFileReference; lastKnownFileType = sourcecode.swift; path = CustomWindowActionSizeMode.swift; sourceTree = "<group>"; };
		A884A0512C34C57400C233C2 /* CustomWindowActionUnit.swift */ = {isa = PBXFileReference; lastKnownFileType = sourcecode.swift; path = CustomWindowActionUnit.swift; sourceTree = "<group>"; };
		A884A0532C34C57400C233C2 /* Window.swift */ = {isa = PBXFileReference; lastKnownFileType = sourcecode.swift; path = Window.swift; sourceTree = "<group>"; };
		A884A0542C34C57400C233C2 /* WindowAction.swift */ = {isa = PBXFileReference; lastKnownFileType = sourcecode.swift; path = WindowAction.swift; sourceTree = "<group>"; };
		A884A0552C34C57400C233C2 /* WindowAction+Image.swift */ = {isa = PBXFileReference; lastKnownFileType = sourcecode.swift; path = "WindowAction+Image.swift"; sourceTree = "<group>"; };
		A884A0562C34C57400C233C2 /* WindowAction+Port.swift */ = {isa = PBXFileReference; lastKnownFileType = sourcecode.swift; path = "WindowAction+Port.swift"; sourceTree = "<group>"; };
		A884A0572C34C57400C233C2 /* WindowDirection.swift */ = {isa = PBXFileReference; lastKnownFileType = sourcecode.swift; path = WindowDirection.swift; sourceTree = "<group>"; };
		A884A0582C34C57400C233C2 /* WindowDirection+LocalizedString.swift */ = {isa = PBXFileReference; lastKnownFileType = sourcecode.swift; path = "WindowDirection+LocalizedString.swift"; sourceTree = "<group>"; };
		A884A0592C34C57400C233C2 /* WindowDirection+Snapping.swift */ = {isa = PBXFileReference; lastKnownFileType = sourcecode.swift; path = "WindowDirection+Snapping.swift"; sourceTree = "<group>"; };
		A884A05A2C34C57400C233C2 /* WindowEngine.swift */ = {isa = PBXFileReference; lastKnownFileType = sourcecode.swift; path = WindowEngine.swift; sourceTree = "<group>"; };
		A884A05B2C34C57400C233C2 /* WindowRecords.swift */ = {isa = PBXFileReference; lastKnownFileType = sourcecode.swift; path = WindowRecords.swift; sourceTree = "<group>"; };
		A884A05C2C34C57400C233C2 /* WindowTransformAnimation.swift */ = {isa = PBXFileReference; lastKnownFileType = sourcecode.swift; path = WindowTransformAnimation.swift; sourceTree = "<group>"; };
		A88C53382C34C7D200627BBD /* Angle+Extensions.swift */ = {isa = PBXFileReference; lastKnownFileType = sourcecode.swift; path = "Angle+Extensions.swift"; sourceTree = "<group>"; };
		A88C53392C34C7D200627BBD /* AXUIElement+Extensions.swift */ = {isa = PBXFileReference; lastKnownFileType = sourcecode.swift; path = "AXUIElement+Extensions.swift"; sourceTree = "<group>"; };
		A88C533A2C34C7D200627BBD /* Bundle+Extensions.swift */ = {isa = PBXFileReference; lastKnownFileType = sourcecode.swift; path = "Bundle+Extensions.swift"; sourceTree = "<group>"; };
		A88C533B2C34C7D200627BBD /* CGEvent+Extensions.swift */ = {isa = PBXFileReference; lastKnownFileType = sourcecode.swift; path = "CGEvent+Extensions.swift"; sourceTree = "<group>"; };
		A88C533C2C34C7D200627BBD /* CGGeometry+Extensions.swift */ = {isa = PBXFileReference; lastKnownFileType = sourcecode.swift; path = "CGGeometry+Extensions.swift"; sourceTree = "<group>"; };
		A88C533D2C34C7D200627BBD /* CGKeyCode+Extensions.swift */ = {isa = PBXFileReference; lastKnownFileType = sourcecode.swift; path = "CGKeyCode+Extensions.swift"; sourceTree = "<group>"; };
		A88C533E2C34C7D200627BBD /* Color+Extensions.swift */ = {isa = PBXFileReference; lastKnownFileType = sourcecode.swift; path = "Color+Extensions.swift"; sourceTree = "<group>"; };
		A88C533F2C34C7D200627BBD /* Defaults+Extensions.swift */ = {isa = PBXFileReference; lastKnownFileType = sourcecode.swift; path = "Defaults+Extensions.swift"; sourceTree = "<group>"; };
		A88C53402C34C7D200627BBD /* Notification+Extensions.swift */ = {isa = PBXFileReference; lastKnownFileType = sourcecode.swift; path = "Notification+Extensions.swift"; sourceTree = "<group>"; };
		A88C53412C34C7D200627BBD /* NSEvent+Extensions.swift */ = {isa = PBXFileReference; lastKnownFileType = sourcecode.swift; path = "NSEvent+Extensions.swift"; sourceTree = "<group>"; };
		A88C53422C34C7D200627BBD /* NSScreen+Extensions.swift */ = {isa = PBXFileReference; lastKnownFileType = sourcecode.swift; path = "NSScreen+Extensions.swift"; sourceTree = "<group>"; };
		A88C53432C34C7D200627BBD /* UNNotification+Extensions.swift */ = {isa = PBXFileReference; lastKnownFileType = sourcecode.swift; path = "UNNotification+Extensions.swift"; sourceTree = "<group>"; };
		A88C53442C34C7D200627BBD /* View+Extensions.swift */ = {isa = PBXFileReference; lastKnownFileType = sourcecode.swift; path = "View+Extensions.swift"; sourceTree = "<group>"; };
		A8ED40CA2C3509900051479B /* InfoPlist.strings */ = {isa = PBXFileReference; lastKnownFileType = text.plist.strings; name = InfoPlist.strings; path = it.lproj/InfoPlist.strings; sourceTree = "<group>"; };
		A8ED40CB2C3509900051479B /* InfoPlist.strings */ = {isa = PBXFileReference; lastKnownFileType = text.plist.strings; name = InfoPlist.strings; path = "zh-HK.lproj/InfoPlist.strings"; sourceTree = "<group>"; };
		A8ED40CC2C3509900051479B /* InfoPlist.strings */ = {isa = PBXFileReference; lastKnownFileType = text.plist.strings; name = InfoPlist.strings; path = "zh-Hans.lproj/InfoPlist.strings"; sourceTree = "<group>"; };
		A8ED40CD2C3509900051479B /* InfoPlist.strings */ = {isa = PBXFileReference; lastKnownFileType = text.plist.strings; name = InfoPlist.strings; path = "en-GB.lproj/InfoPlist.strings"; sourceTree = "<group>"; };
/* End PBXFileReference section */

/* Begin PBXFrameworksBuildPhase section */
		A8849FE52C34C54600C233C2 /* Frameworks */ = {
			isa = PBXFrameworksBuildPhase;
			buildActionMask = 2147483647;
			files = (
				A884A0BA2C34C5D800C233C2 /* Defaults in Frameworks */,
				A884A0B72C34C5C500C233C2 /* Luminare in Frameworks */,
			);
			runOnlyForDeploymentPostprocessing = 0;
		};
/* End PBXFrameworksBuildPhase section */

/* Begin PBXGroup section */
		A8849FDF2C34C54600C233C2 = {
			isa = PBXGroup;
			children = (
				A8849FEA2C34C54600C233C2 /* Loop */,
				A8849FE92C34C54600C233C2 /* Products */,
			);
			sourceTree = "<group>";
		};
		A8849FE92C34C54600C233C2 /* Products */ = {
			isa = PBXGroup;
			children = (
				A8849FE82C34C54600C233C2 /* Loop.app */,
			);
			name = Products;
			sourceTree = "<group>";
		};
		A8849FEA2C34C54600C233C2 /* Loop */ = {
			isa = PBXGroup;
			children = (
				A884A0122C34C57400C233C2 /* LoopApp.swift */,
				A8849FFA2C34C57400C233C2 /* AppDelegate.swift */,
				A8849FFB2C34C57400C233C2 /* AppDelegate+UNNotifications.swift */,
				A8849FFC2C34C57400C233C2 /* Config.xcconfig */,
				A884A02B2C34C57400C233C2 /* Luminare */,
				A884A0372C34C57400C233C2 /* MenuBar */,
				A884A05D2C34C57400C233C2 /* Window Management */,
				A884A0332C34C57400C233C2 /* Managers */,
				A884A0442C34C57400C233C2 /* Updater */,
				A884A0402C34C57400C233C2 /* Radial Menu */,
				A884A03B2C34C57400C233C2 /* Preview Window */,
				A884A04D2C34C57400C233C2 /* Utilities */,
				A88C53452C34C7D200627BBD /* Extensions */,
				A8ED40CE2C3509900051479B /* InfoPlist.strings */,
				A884A0112C34C57400C233C2 /* Localizable.xcstrings */,
				A8849FEF2C34C54700C233C2 /* Assets.xcassets */,
				A8849FF42C34C54700C233C2 /* Loop.entitlements */,
				A8849FF12C34C54700C233C2 /* Preview Content */,
			);
			path = Loop;
			sourceTree = "<group>";
		};
		A8849FF12C34C54700C233C2 /* Preview Content */ = {
			isa = PBXGroup;
			children = (
				A8849FF22C34C54700C233C2 /* Preview Assets.xcassets */,
			);
			path = "Preview Content";
			sourceTree = "<group>";
		};
		A884A0162C34C57400C233C2 /* Loop */ = {
			isa = PBXGroup;
			children = (
				A884A0132C34C57400C233C2 /* AboutConfiguration.swift */,
				A884A0142C34C57400C233C2 /* AdvancedConfiguration.swift */,
				A884A0152C34C57400C233C2 /* ExcludedAppsConfiguration.swift */,
			);
			path = Loop;
			sourceTree = "<group>";
		};
		A884A0192C34C57400C233C2 /* Padding Configuration */ = {
			isa = PBXGroup;
			children = (
				A884A0172C34C57400C233C2 /* PaddingConfigurationView.swift */,
				A884A0182C34C57400C233C2 /* PaddingPreviewView.swift */,
			);
			path = "Padding Configuration";
			sourceTree = "<group>";
		};
		A884A01B2C34C57400C233C2 /* Behavior */ = {
			isa = PBXGroup;
			children = (
				A884A0192C34C57400C233C2 /* Padding Configuration */,
				A884A01A2C34C57400C233C2 /* BehaviorConfiguration.swift */,
			);
			path = Behavior;
			sourceTree = "<group>";
		};
		A884A01E2C34C57400C233C2 /* Keybind Recorder */ = {
			isa = PBXGroup;
			children = (
				A884A01C2C34C57400C233C2 /* Keycorder.swift */,
				A884A01D2C34C57400C233C2 /* TriggerKeycorder.swift */,
			);
			path = "Keybind Recorder";
			sourceTree = "<group>";
		};
		A884A0232C34C57400C233C2 /* Keybindings */ = {
			isa = PBXGroup;
			children = (
				A884A01E2C34C57400C233C2 /* Keybind Recorder */,
				A884A01F2C34C57400C233C2 /* CustomActionConfigurationView.swift */,
				A884A0202C34C57400C233C2 /* CycleActionConfigurationView.swift */,
				A884A0212C34C57400C233C2 /* KeybindingItem.swift */,
				A884A0222C34C57400C233C2 /* KeybindingsConfiguration.swift */,
			);
			path = Keybindings;
			sourceTree = "<group>";
		};
		A884A0242C34C57400C233C2 /* Settings */ = {
			isa = PBXGroup;
			children = (
				A884A01B2C34C57400C233C2 /* Behavior */,
				A884A0232C34C57400C233C2 /* Keybindings */,
			);
			path = Settings;
			sourceTree = "<group>";
		};
		A884A0292C34C57400C233C2 /* Theming */ = {
			isa = PBXGroup;
			children = (
				A884A0252C34C57400C233C2 /* AccentColorConfiguration.swift */,
				A884A0262C34C57400C233C2 /* IconConfiguration.swift */,
				A884A0272C34C57400C233C2 /* PreviewConfiguration.swift */,
				A884A0282C34C57400C233C2 /* RadialMenuConfiguration.swift */,
			);
			path = Theming;
			sourceTree = "<group>";
		};
		A884A02B2C34C57400C233C2 /* Luminare */ = {
			isa = PBXGroup;
			children = (
				A884A0162C34C57400C233C2 /* Loop */,
				A884A0242C34C57400C233C2 /* Settings */,
				A884A0292C34C57400C233C2 /* Theming */,
				A884A02A2C34C57400C233C2 /* LuminareManager.swift */,
			);
			path = Luminare;
			sourceTree = "<group>";
		};
		A884A0332C34C57400C233C2 /* Managers */ = {
			isa = PBXGroup;
			children = (
				A884A02C2C34C57400C233C2 /* IconManager.swift */,
				A884A02D2C34C57400C233C2 /* KeybindMonitor.swift */,
				A884A02E2C34C57400C233C2 /* LoopManager.swift */,
				A884A02F2C34C57400C233C2 /* PermissionsManager.swift */,
				A884A0302C34C57400C233C2 /* ScreenManager.swift */,
				A884A0312C34C57400C233C2 /* StageManager.swift */,
				A884A0322C34C57400C233C2 /* WindowDragManager.swift */,
			);
			path = Managers;
			sourceTree = "<group>";
		};
		A884A0372C34C57400C233C2 /* MenuBar */ = {
			isa = PBXGroup;
			children = (
				A884A0342C34C57400C233C2 /* MenuBarHeaderText.swift */,
			);
			path = MenuBar;
			sourceTree = "<group>";
		};
		A884A03B2C34C57400C233C2 /* Preview Window */ = {
			isa = PBXGroup;
			children = (
				A884A0382C34C57400C233C2 /* LuminarePreviewView.swift */,
				A884A0392C34C57400C233C2 /* PreviewController.swift */,
				A884A03A2C34C57400C233C2 /* PreviewView.swift */,
			);
			path = "Preview Window";
			sourceTree = "<group>";
		};
		A884A0402C34C57400C233C2 /* Radial Menu */ = {
			isa = PBXGroup;
			children = (
				A884A03C2C34C57400C233C2 /* DirectionSelectorCircleSegment.swift */,
				A884A03D2C34C57400C233C2 /* DirectionSelectorSquareSegment.swift */,
				A884A03E2C34C57400C233C2 /* RadialMenuController.swift */,
				A884A03F2C34C57400C233C2 /* RadialMenuView.swift */,
			);
			path = "Radial Menu";
			sourceTree = "<group>";
		};
		A884A0442C34C57400C233C2 /* Updater */ = {
			isa = PBXGroup;
			children = (
				A884A0412C34C57400C233C2 /* TheLoopTimes.swift */,
				A884A0422C34C57400C233C2 /* Updater.swift */,
				A884A0432C34C57400C233C2 /* UpdateView.swift */,
			);
			path = Updater;
			sourceTree = "<group>";
		};
		A884A04D2C34C57400C233C2 /* Utilities */ = {
			isa = PBXGroup;
			children = (
				A884A0452C34C57400C233C2 /* AnimationConfiguration.swift */,
				A884A0462C34C57400C233C2 /* EventMonitor.swift */,
				A884A0472C34C57400C233C2 /* Icon.swift */,
				A884A0482C34C57400C233C2 /* Observer.swift */,
				A884A0492C34C57400C233C2 /* PaddingModel.swift */,
				A884A04A2C34C57400C233C2 /* ShakeEffect.swift */,
				A884A04B2C34C57400C233C2 /* VisualEffectView.swift */,
				A884A04C2C34C57400C233C2 /* WallpaperView.swift */,
			);
			path = Utilities;
			sourceTree = "<group>";
		};
		A884A0522C34C57400C233C2 /* Custom Window Sizes */ = {
			isa = PBXGroup;
			children = (
				A884A04E2C34C57400C233C2 /* CustomWindowActionAnchor.swift */,
				A884A04F2C34C57400C233C2 /* CustomWindowActionPositionMode.swift */,
				A884A0502C34C57400C233C2 /* CustomWindowActionSizeMode.swift */,
				A884A0512C34C57400C233C2 /* CustomWindowActionUnit.swift */,
			);
			path = "Custom Window Sizes";
			sourceTree = "<group>";
		};
		A884A05D2C34C57400C233C2 /* Window Management */ = {
			isa = PBXGroup;
			children = (
				A884A0522C34C57400C233C2 /* Custom Window Sizes */,
				A884A0532C34C57400C233C2 /* Window.swift */,
				A884A0542C34C57400C233C2 /* WindowAction.swift */,
				A884A0552C34C57400C233C2 /* WindowAction+Image.swift */,
				A884A0562C34C57400C233C2 /* WindowAction+Port.swift */,
				A884A0572C34C57400C233C2 /* WindowDirection.swift */,
				A884A0582C34C57400C233C2 /* WindowDirection+LocalizedString.swift */,
				A884A0592C34C57400C233C2 /* WindowDirection+Snapping.swift */,
				A884A05A2C34C57400C233C2 /* WindowEngine.swift */,
				A884A05B2C34C57400C233C2 /* WindowRecords.swift */,
				A884A05C2C34C57400C233C2 /* WindowTransformAnimation.swift */,
			);
			path = "Window Management";
			sourceTree = "<group>";
		};
		A88C53452C34C7D200627BBD /* Extensions */ = {
			isa = PBXGroup;
			children = (
				A88C53382C34C7D200627BBD /* Angle+Extensions.swift */,
				A88C53392C34C7D200627BBD /* AXUIElement+Extensions.swift */,
				A88C533A2C34C7D200627BBD /* Bundle+Extensions.swift */,
				A88C533B2C34C7D200627BBD /* CGEvent+Extensions.swift */,
				A88C533C2C34C7D200627BBD /* CGGeometry+Extensions.swift */,
				A88C533D2C34C7D200627BBD /* CGKeyCode+Extensions.swift */,
				A88C533E2C34C7D200627BBD /* Color+Extensions.swift */,
				A88C533F2C34C7D200627BBD /* Defaults+Extensions.swift */,
				A88C53402C34C7D200627BBD /* Notification+Extensions.swift */,
				A88C53412C34C7D200627BBD /* NSEvent+Extensions.swift */,
				A88C53422C34C7D200627BBD /* NSScreen+Extensions.swift */,
				A88C53432C34C7D200627BBD /* UNNotification+Extensions.swift */,
				A88C53442C34C7D200627BBD /* View+Extensions.swift */,
			);
			path = Extensions;
			sourceTree = "<group>";
		};
/* End PBXGroup section */

/* Begin PBXNativeTarget section */
		A8849FE72C34C54600C233C2 /* Loop */ = {
			isa = PBXNativeTarget;
			buildConfigurationList = A8849FF72C34C54700C233C2 /* Build configuration list for PBXNativeTarget "Loop" */;
			buildPhases = (
				A8849FE42C34C54600C233C2 /* Sources */,
				A8849FE52C34C54600C233C2 /* Frameworks */,
				A8849FE62C34C54600C233C2 /* Resources */,
			);
			buildRules = (
			);
			dependencies = (
			);
			name = Loop;
			packageProductDependencies = (
				A884A0B62C34C5C500C233C2 /* Luminare */,
				A884A0B92C34C5D800C233C2 /* Defaults */,
			);
			productName = Loop;
			productReference = A8849FE82C34C54600C233C2 /* Loop.app */;
			productType = "com.apple.product-type.application";
		};
/* End PBXNativeTarget section */

/* Begin PBXProject section */
		A8849FE02C34C54600C233C2 /* Project object */ = {
			isa = PBXProject;
			attributes = {
				BuildIndependentTargetsInParallel = 1;
				LastSwiftUpdateCheck = 1600;
				LastUpgradeCheck = 1600;
				TargetAttributes = {
					A8849FE72C34C54600C233C2 = {
						CreatedOnToolsVersion = 16.0;
					};
				};
			};
			buildConfigurationList = A8849FE32C34C54600C233C2 /* Build configuration list for PBXProject "Loop" */;
			compatibilityVersion = "Xcode 15.0";
			developmentRegion = en;
			hasScannedForEncodings = 0;
			knownRegions = (
				en,
				Base,
				"en-GB",
				it,
				"zh-Hans",
				"zh-HK",
			);
			mainGroup = A8849FDF2C34C54600C233C2;
			packageReferences = (
				A884A0B52C34C5C500C233C2 /* XCRemoteSwiftPackageReference "Luminare" */,
				A884A0B82C34C5D800C233C2 /* XCRemoteSwiftPackageReference "Defaults" */,
			);
			productRefGroup = A8849FE92C34C54600C233C2 /* Products */;
			projectDirPath = "";
			projectRoot = "";
			targets = (
				A8849FE72C34C54600C233C2 /* Loop */,
			);
		};
/* End PBXProject section */

/* Begin PBXResourcesBuildPhase section */
		A8849FE62C34C54600C233C2 /* Resources */ = {
			isa = PBXResourcesBuildPhase;
			buildActionMask = 2147483647;
			files = (
				A8849FF32C34C54700C233C2 /* Preview Assets.xcassets in Resources */,
				A884A0682C34C57400C233C2 /* Config.xcconfig in Resources */,
				A884A0692C34C57400C233C2 /* Localizable.xcstrings in Resources */,
				A8849FF02C34C54700C233C2 /* Assets.xcassets in Resources */,
				A8ED40CF2C3509900051479B /* InfoPlist.strings in Resources */,
			);
			runOnlyForDeploymentPostprocessing = 0;
		};
/* End PBXResourcesBuildPhase section */

/* Begin PBXSourcesBuildPhase section */
		A8849FE42C34C54600C233C2 /* Sources */ = {
			isa = PBXSourcesBuildPhase;
			buildActionMask = 2147483647;
			files = (
				A884A06C2C34C57400C233C2 /* WindowAction+Image.swift in Sources */,
				A884A06D2C34C57400C233C2 /* MenuBarHeaderText.swift in Sources */,
				A884A06E2C34C57400C233C2 /* PaddingModel.swift in Sources */,
				A884A0702C34C57400C233C2 /* DirectionSelectorCircleSegment.swift in Sources */,
				A884A0712C34C57400C233C2 /* PreviewView.swift in Sources */,
				A884A0722C34C57400C233C2 /* WindowAction+Port.swift in Sources */,
				A884A0732C34C57400C233C2 /* CycleActionConfigurationView.swift in Sources */,
				A884A0742C34C57400C233C2 /* CustomWindowActionPositionMode.swift in Sources */,
				A884A0752C34C57400C233C2 /* PermissionsManager.swift in Sources */,
				A884A0772C34C57400C233C2 /* WindowDragManager.swift in Sources */,
				A884A0782C34C57400C233C2 /* AppDelegate+UNNotifications.swift in Sources */,
				A884A0792C34C57400C233C2 /* Keycorder.swift in Sources */,
				A884A07A2C34C57400C233C2 /* WallpaperView.swift in Sources */,
				A884A07B2C34C57400C233C2 /* ScreenManager.swift in Sources */,
				A884A07C2C34C57400C233C2 /* VisualEffectView.swift in Sources */,
				A884A07D2C34C57400C233C2 /* WindowDirection.swift in Sources */,
				A884A07F2C34C57400C233C2 /* WindowEngine.swift in Sources */,
				A884A0802C34C57400C233C2 /* IconConfiguration.swift in Sources */,
				A884A0822C34C57400C233C2 /* WindowAction.swift in Sources */,
				A884A0832C34C57400C233C2 /* AboutConfiguration.swift in Sources */,
				A884A0862C34C57400C233C2 /* PreviewController.swift in Sources */,
				A884A0892C34C57400C233C2 /* DirectionSelectorSquareSegment.swift in Sources */,
				A884A08A2C34C57400C233C2 /* StageManager.swift in Sources */,
				A884A08B2C34C57400C233C2 /* TheLoopTimes.swift in Sources */,
				A884A08C2C34C57400C233C2 /* LoopManager.swift in Sources */,
				A884A08D2C34C57400C233C2 /* LuminareManager.swift in Sources */,
				A884A08E2C34C57400C233C2 /* PaddingConfigurationView.swift in Sources */,
				A884A08F2C34C57400C233C2 /* IconManager.swift in Sources */,
				A88C53462C34C7D200627BBD /* AXUIElement+Extensions.swift in Sources */,
				A88C53472C34C7D200627BBD /* Defaults+Extensions.swift in Sources */,
				A88C53482C34C7D200627BBD /* NSEvent+Extensions.swift in Sources */,
				A88C53492C34C7D200627BBD /* NSScreen+Extensions.swift in Sources */,
				A88C534A2C34C7D200627BBD /* CGGeometry+Extensions.swift in Sources */,
				A88C534B2C34C7D200627BBD /* View+Extensions.swift in Sources */,
				A88C534C2C34C7D200627BBD /* Angle+Extensions.swift in Sources */,
				A88C534D2C34C7D200627BBD /* Notification+Extensions.swift in Sources */,
				A88C534E2C34C7D200627BBD /* Color+Extensions.swift in Sources */,
				A88C534F2C34C7D200627BBD /* CGEvent+Extensions.swift in Sources */,
				A88C53502C34C7D200627BBD /* UNNotification+Extensions.swift in Sources */,
				A88C53512C34C7D200627BBD /* Bundle+Extensions.swift in Sources */,
				A88C53522C34C7D200627BBD /* CGKeyCode+Extensions.swift in Sources */,
				A884A0902C34C57400C233C2 /* ShakeEffect.swift in Sources */,
				A884A0912C34C57400C233C2 /* RadialMenuConfiguration.swift in Sources */,
				A884A0922C34C57400C233C2 /* PaddingPreviewView.swift in Sources */,
				A884A0942C34C57400C233C2 /* BehaviorConfiguration.swift in Sources */,
				A884A0952C34C57400C233C2 /* KeybindingItem.swift in Sources */,
				A884A0962C34C57400C233C2 /* PreviewConfiguration.swift in Sources */,
				A884A0972C34C57400C233C2 /* WindowDirection+Snapping.swift in Sources */,
				A884A0982C34C57400C233C2 /* CustomActionConfigurationView.swift in Sources */,
				A884A0992C34C57400C233C2 /* LoopApp.swift in Sources */,
				A884A09A2C34C57400C233C2 /* Window.swift in Sources */,
				A884A09B2C34C57400C233C2 /* KeybindingsConfiguration.swift in Sources */,
				A884A09C2C34C57400C233C2 /* AdvancedConfiguration.swift in Sources */,
				A884A09E2C34C57400C233C2 /* Observer.swift in Sources */,
				A884A09F2C34C57400C233C2 /* CustomWindowActionUnit.swift in Sources */,
				A884A0A02C34C57400C233C2 /* CustomWindowActionAnchor.swift in Sources */,
				A884A0A12C34C57400C233C2 /* UpdateView.swift in Sources */,
				A884A0A22C34C57400C233C2 /* Updater.swift in Sources */,
				A884A0A32C34C57400C233C2 /* AppDelegate.swift in Sources */,
				A884A0A52C34C57400C233C2 /* Icon.swift in Sources */,
				A884A0A62C34C57400C233C2 /* EventMonitor.swift in Sources */,
				A884A0A72C34C57400C233C2 /* ExcludedAppsConfiguration.swift in Sources */,
				A884A0A82C34C57400C233C2 /* AccentColorConfiguration.swift in Sources */,
				A884A0A92C34C57400C233C2 /* WindowTransformAnimation.swift in Sources */,
				A884A0AA2C34C57400C233C2 /* RadialMenuView.swift in Sources */,
				A884A0AB2C34C57400C233C2 /* RadialMenuController.swift in Sources */,
				A884A0AC2C34C57400C233C2 /* CustomWindowActionSizeMode.swift in Sources */,
				A884A0AE2C34C57400C233C2 /* KeybindMonitor.swift in Sources */,
				A884A0B02C34C57400C233C2 /* AnimationConfiguration.swift in Sources */,
				A884A0B12C34C57400C233C2 /* TriggerKeycorder.swift in Sources */,
				A884A0B22C34C57400C233C2 /* WindowRecords.swift in Sources */,
				A884A0B32C34C57400C233C2 /* WindowDirection+LocalizedString.swift in Sources */,
				A884A0B42C34C57400C233C2 /* LuminarePreviewView.swift in Sources */,
			);
			runOnlyForDeploymentPostprocessing = 0;
		};
/* End PBXSourcesBuildPhase section */

/* Begin PBXVariantGroup section */
		A8ED40CE2C3509900051479B /* InfoPlist.strings */ = {
			isa = PBXVariantGroup;
			children = (
				A8ED40CA2C3509900051479B /* InfoPlist.strings */,
				A8ED40CB2C3509900051479B /* InfoPlist.strings */,
				A8ED40CC2C3509900051479B /* InfoPlist.strings */,
				A8ED40CD2C3509900051479B /* InfoPlist.strings */,
			);
			name = InfoPlist.strings;
			sourceTree = "<group>";
		};
/* End PBXVariantGroup section */

/* Begin XCBuildConfiguration section */
		A8849FF52C34C54700C233C2 /* Debug */ = {
			isa = XCBuildConfiguration;
			buildSettings = {
				ALWAYS_SEARCH_USER_PATHS = NO;
				ASSETCATALOG_COMPILER_GENERATE_SWIFT_ASSET_SYMBOL_EXTENSIONS = YES;
				CLANG_ANALYZER_NONNULL = YES;
				CLANG_ANALYZER_NUMBER_OBJECT_CONVERSION = YES_AGGRESSIVE;
				CLANG_CXX_LANGUAGE_STANDARD = "gnu++20";
				CLANG_ENABLE_MODULES = YES;
				CLANG_ENABLE_OBJC_ARC = YES;
				CLANG_ENABLE_OBJC_WEAK = YES;
				CLANG_WARN_BLOCK_CAPTURE_AUTORELEASING = YES;
				CLANG_WARN_BOOL_CONVERSION = YES;
				CLANG_WARN_COMMA = YES;
				CLANG_WARN_CONSTANT_CONVERSION = YES;
				CLANG_WARN_DEPRECATED_OBJC_IMPLEMENTATIONS = YES;
				CLANG_WARN_DIRECT_OBJC_ISA_USAGE = YES_ERROR;
				CLANG_WARN_DOCUMENTATION_COMMENTS = YES;
				CLANG_WARN_EMPTY_BODY = YES;
				CLANG_WARN_ENUM_CONVERSION = YES;
				CLANG_WARN_INFINITE_RECURSION = YES;
				CLANG_WARN_INT_CONVERSION = YES;
				CLANG_WARN_NON_LITERAL_NULL_CONVERSION = YES;
				CLANG_WARN_OBJC_IMPLICIT_RETAIN_SELF = YES;
				CLANG_WARN_OBJC_LITERAL_CONVERSION = YES;
				CLANG_WARN_OBJC_ROOT_CLASS = YES_ERROR;
				CLANG_WARN_QUOTED_INCLUDE_IN_FRAMEWORK_HEADER = YES;
				CLANG_WARN_RANGE_LOOP_ANALYSIS = YES;
				CLANG_WARN_STRICT_PROTOTYPES = YES;
				CLANG_WARN_SUSPICIOUS_MOVE = YES;
				CLANG_WARN_UNGUARDED_AVAILABILITY = YES_AGGRESSIVE;
				CLANG_WARN_UNREACHABLE_CODE = YES;
				CLANG_WARN__DUPLICATE_METHOD_MATCH = YES;
				COPY_PHASE_STRIP = NO;
				DEBUG_INFORMATION_FORMAT = dwarf;
				ENABLE_STRICT_OBJC_MSGSEND = YES;
				ENABLE_TESTABILITY = YES;
				ENABLE_USER_SCRIPT_SANDBOXING = YES;
				GCC_C_LANGUAGE_STANDARD = gnu17;
				GCC_DYNAMIC_NO_PIC = NO;
				GCC_NO_COMMON_BLOCKS = YES;
				GCC_OPTIMIZATION_LEVEL = 0;
				GCC_PREPROCESSOR_DEFINITIONS = (
					"DEBUG=1",
					"$(inherited)",
				);
				GCC_WARN_64_TO_32_BIT_CONVERSION = YES;
				GCC_WARN_ABOUT_RETURN_TYPE = YES_ERROR;
				GCC_WARN_UNDECLARED_SELECTOR = YES;
				GCC_WARN_UNINITIALIZED_AUTOS = YES_AGGRESSIVE;
				GCC_WARN_UNUSED_FUNCTION = YES;
				GCC_WARN_UNUSED_VARIABLE = YES;
				LOCALIZATION_PREFERS_STRING_CATALOGS = YES;
				MACOSX_DEPLOYMENT_TARGET = 15.0;
				MTL_ENABLE_DEBUG_INFO = INCLUDE_SOURCE;
				MTL_FAST_MATH = YES;
				ONLY_ACTIVE_ARCH = YES;
				SDKROOT = macosx;
				SWIFT_ACTIVE_COMPILATION_CONDITIONS = "DEBUG $(inherited)";
				SWIFT_OPTIMIZATION_LEVEL = "-Onone";
			};
			name = Debug;
		};
		A8849FF62C34C54700C233C2 /* Release */ = {
			isa = XCBuildConfiguration;
			buildSettings = {
				ALWAYS_SEARCH_USER_PATHS = NO;
				ASSETCATALOG_COMPILER_GENERATE_SWIFT_ASSET_SYMBOL_EXTENSIONS = YES;
				CLANG_ANALYZER_NONNULL = YES;
				CLANG_ANALYZER_NUMBER_OBJECT_CONVERSION = YES_AGGRESSIVE;
				CLANG_CXX_LANGUAGE_STANDARD = "gnu++20";
				CLANG_ENABLE_MODULES = YES;
				CLANG_ENABLE_OBJC_ARC = YES;
				CLANG_ENABLE_OBJC_WEAK = YES;
				CLANG_WARN_BLOCK_CAPTURE_AUTORELEASING = YES;
				CLANG_WARN_BOOL_CONVERSION = YES;
				CLANG_WARN_COMMA = YES;
				CLANG_WARN_CONSTANT_CONVERSION = YES;
				CLANG_WARN_DEPRECATED_OBJC_IMPLEMENTATIONS = YES;
				CLANG_WARN_DIRECT_OBJC_ISA_USAGE = YES_ERROR;
				CLANG_WARN_DOCUMENTATION_COMMENTS = YES;
				CLANG_WARN_EMPTY_BODY = YES;
				CLANG_WARN_ENUM_CONVERSION = YES;
				CLANG_WARN_INFINITE_RECURSION = YES;
				CLANG_WARN_INT_CONVERSION = YES;
				CLANG_WARN_NON_LITERAL_NULL_CONVERSION = YES;
				CLANG_WARN_OBJC_IMPLICIT_RETAIN_SELF = YES;
				CLANG_WARN_OBJC_LITERAL_CONVERSION = YES;
				CLANG_WARN_OBJC_ROOT_CLASS = YES_ERROR;
				CLANG_WARN_QUOTED_INCLUDE_IN_FRAMEWORK_HEADER = YES;
				CLANG_WARN_RANGE_LOOP_ANALYSIS = YES;
				CLANG_WARN_STRICT_PROTOTYPES = YES;
				CLANG_WARN_SUSPICIOUS_MOVE = YES;
				CLANG_WARN_UNGUARDED_AVAILABILITY = YES_AGGRESSIVE;
				CLANG_WARN_UNREACHABLE_CODE = YES;
				CLANG_WARN__DUPLICATE_METHOD_MATCH = YES;
				COPY_PHASE_STRIP = NO;
				DEBUG_INFORMATION_FORMAT = "dwarf-with-dsym";
				ENABLE_NS_ASSERTIONS = NO;
				ENABLE_STRICT_OBJC_MSGSEND = YES;
				ENABLE_USER_SCRIPT_SANDBOXING = YES;
				GCC_C_LANGUAGE_STANDARD = gnu17;
				GCC_NO_COMMON_BLOCKS = YES;
				GCC_WARN_64_TO_32_BIT_CONVERSION = YES;
				GCC_WARN_ABOUT_RETURN_TYPE = YES_ERROR;
				GCC_WARN_UNDECLARED_SELECTOR = YES;
				GCC_WARN_UNINITIALIZED_AUTOS = YES_AGGRESSIVE;
				GCC_WARN_UNUSED_FUNCTION = YES;
				GCC_WARN_UNUSED_VARIABLE = YES;
				LOCALIZATION_PREFERS_STRING_CATALOGS = YES;
				MACOSX_DEPLOYMENT_TARGET = 15.0;
				MTL_ENABLE_DEBUG_INFO = NO;
				MTL_FAST_MATH = YES;
				SDKROOT = macosx;
				SWIFT_COMPILATION_MODE = wholemodule;
			};
			name = Release;
		};
		A8849FF82C34C54700C233C2 /* Debug */ = {
			isa = XCBuildConfiguration;
			buildSettings = {
				ASSETCATALOG_COMPILER_APPICON_NAME = AppIcon;
				ASSETCATALOG_COMPILER_GLOBAL_ACCENT_COLOR_NAME = AccentColor;
				ASSETCATALOG_COMPILER_INCLUDE_ALL_APPICON_ASSETS = YES;
				CODE_SIGN_ENTITLEMENTS = Loop/Loop.entitlements;
				CODE_SIGN_STYLE = Automatic;
				COMBINE_HIDPI_IMAGES = YES;
				CURRENT_PROJECT_VERSION = 1;
				DEVELOPMENT_ASSET_PATHS = "\"Loop/Preview Content\"";
				DEVELOPMENT_TEAM = 5F967GYF84;
				ENABLE_HARDENED_RUNTIME = YES;
				ENABLE_PREVIEWS = YES;
				GENERATE_INFOPLIST_FILE = YES;
				INFOPLIST_KEY_NSHumanReadableCopyright = "";
				LD_RUNPATH_SEARCH_PATHS = (
					"$(inherited)",
					"@executable_path/../Frameworks",
				);
				MACOSX_DEPLOYMENT_TARGET = 13.0;
				MARKETING_VERSION = 1.0;
				PRODUCT_BUNDLE_IDENTIFIER = com.MrKai77.Loop;
				PRODUCT_NAME = "$(TARGET_NAME)";
				SWIFT_EMIT_LOC_STRINGS = YES;
				SWIFT_VERSION = 5.0;
			};
			name = Debug;
		};
		A8849FF92C34C54700C233C2 /* Release */ = {
			isa = XCBuildConfiguration;
			buildSettings = {
				ASSETCATALOG_COMPILER_APPICON_NAME = AppIcon;
				ASSETCATALOG_COMPILER_GLOBAL_ACCENT_COLOR_NAME = AccentColor;
				ASSETCATALOG_COMPILER_INCLUDE_ALL_APPICON_ASSETS = YES;
				CODE_SIGN_ENTITLEMENTS = Loop/Loop.entitlements;
				CODE_SIGN_STYLE = Automatic;
				COMBINE_HIDPI_IMAGES = YES;
				CURRENT_PROJECT_VERSION = 1;
				DEVELOPMENT_ASSET_PATHS = "\"Loop/Preview Content\"";
				DEVELOPMENT_TEAM = 5F967GYF84;
				ENABLE_HARDENED_RUNTIME = YES;
				ENABLE_PREVIEWS = YES;
				GENERATE_INFOPLIST_FILE = YES;
				INFOPLIST_KEY_NSHumanReadableCopyright = "";
				LD_RUNPATH_SEARCH_PATHS = (
					"$(inherited)",
					"@executable_path/../Frameworks",
				);
				MACOSX_DEPLOYMENT_TARGET = 13.0;
				MARKETING_VERSION = 1.0;
				PRODUCT_BUNDLE_IDENTIFIER = com.MrKai77.Loop;
				PRODUCT_NAME = "$(TARGET_NAME)";
				SWIFT_EMIT_LOC_STRINGS = YES;
				SWIFT_VERSION = 5.0;
			};
			name = Release;
		};
/* End XCBuildConfiguration section */

/* Begin XCConfigurationList section */
		A8849FE32C34C54600C233C2 /* Build configuration list for PBXProject "Loop" */ = {
			isa = XCConfigurationList;
			buildConfigurations = (
				A8849FF52C34C54700C233C2 /* Debug */,
				A8849FF62C34C54700C233C2 /* Release */,
			);
			defaultConfigurationIsVisible = 0;
			defaultConfigurationName = Release;
		};
		A8849FF72C34C54700C233C2 /* Build configuration list for PBXNativeTarget "Loop" */ = {
			isa = XCConfigurationList;
			buildConfigurations = (
				A8849FF82C34C54700C233C2 /* Debug */,
				A8849FF92C34C54700C233C2 /* Release */,
			);
			defaultConfigurationIsVisible = 0;
			defaultConfigurationName = Release;
		};
/* End XCConfigurationList section */

/* Begin XCRemoteSwiftPackageReference section */
		A884A0B52C34C5C500C233C2 /* XCRemoteSwiftPackageReference "Luminare" */ = {
			isa = XCRemoteSwiftPackageReference;
			repositoryURL = "https://github.com/MrKai77/Luminare";
			requirement = {
				branch = main;
				kind = branch;
			};
		};
		A884A0B82C34C5D800C233C2 /* XCRemoteSwiftPackageReference "Defaults" */ = {
			isa = XCRemoteSwiftPackageReference;
			repositoryURL = "https://github.com/sindresorhus/Defaults";
			requirement = {
				branch = main;
				kind = branch;
			};
		};
/* End XCRemoteSwiftPackageReference section */

/* Begin XCSwiftPackageProductDependency section */
		A884A0B62C34C5C500C233C2 /* Luminare */ = {
			isa = XCSwiftPackageProductDependency;
			package = A884A0B52C34C5C500C233C2 /* XCRemoteSwiftPackageReference "Luminare" */;
			productName = Luminare;
		};
		A884A0B92C34C5D800C233C2 /* Defaults */ = {
			isa = XCSwiftPackageProductDependency;
			package = A884A0B82C34C5D800C233C2 /* XCRemoteSwiftPackageReference "Defaults" */;
			productName = Defaults;
		};
/* End XCSwiftPackageProductDependency section */
	};
	rootObject = A8849FE02C34C54600C233C2 /* Project object */;
}
