// !$*UTF8*$!
{
	archiveVersion = 1;
	classes = {
	};
	objectVersion = 70;
	objects = {

/* Begin PBXBuildFile section */
		0A6DC3EB2BB869DE002AB05F /* WindowAction+Image.swift in Sources */ = {isa = PBXBuildFile; fileRef = 0A6DC3EA2BB869DE002AB05F /* WindowAction+Image.swift */; };
		0AFE802E2BB98E81009CF06F /* WindowDirection+LocalizedString.swift in Sources */ = {isa = PBXBuildFile; fileRef = 0AFE802D2BB98E81009CF06F /* WindowDirection+LocalizedString.swift */; };
		4C0F2ACF2C3CFD09006CB34D /* RectangleTranslationLayer.swift in Sources */ = {isa = PBXBuildFile; fileRef = 4C0F2ACE2C3CFD09006CB34D /* RectangleTranslationLayer.swift */; };
		4C6B93E72C1DCF6E00AFF832 /* TheLoopTimes.swift in Sources */ = {isa = PBXBuildFile; fileRef = 4C6B93E12C1DCF6E00AFF832 /* TheLoopTimes.swift */; };
		4C6B93E82C1DCF6E00AFF832 /* Updater.swift in Sources */ = {isa = PBXBuildFile; fileRef = 4C6B93E22C1DCF6E00AFF832 /* Updater.swift */; };
		4C6B93E92C1DCF6E00AFF832 /* UpdateView.swift in Sources */ = {isa = PBXBuildFile; fileRef = 4C6B93E32C1DCF6E00AFF832 /* UpdateView.swift */; };
		4CD883A42C30F0D7009A132A /* WallpaperColors.swift in Sources */ = {isa = PBXBuildFile; fileRef = 4CD883A32C30F0D7009A132A /* WallpaperColors.swift */; };
		A8055EC22AFEDE0B00459D13 /* Keycorder.swift in Sources */ = {isa = PBXBuildFile; fileRef = A8055EC12AFEDE0B00459D13 /* Keycorder.swift */; };
		A80900D52AA3F9F30085C63B /* VisualEffectView.swift in Sources */ = {isa = PBXBuildFile; fileRef = A80900D32AA3F9F20085C63B /* VisualEffectView.swift */; };
		A80D49BB2BAE479900493B67 /* Migrator.swift in Sources */ = {isa = PBXBuildFile; fileRef = A80D49BA2BAE479900493B67 /* Migrator.swift */; };
		A81B98182BDC854F005FD78C /* AboutConfiguration.swift in Sources */ = {isa = PBXBuildFile; fileRef = A81B98172BDC854F005FD78C /* AboutConfiguration.swift */; };
		A81D8D0A2C068B8700188E12 /* LuminarePreviewView.swift in Sources */ = {isa = PBXBuildFile; fileRef = A81D8D092C068B8700188E12 /* LuminarePreviewView.swift */; };
		A81D8D0C2C06950000188E12 /* LuminareManager.swift in Sources */ = {isa = PBXBuildFile; fileRef = A81D8D0B2C06950000188E12 /* LuminareManager.swift */; };
		A82521EE29E235AC00139654 /* PermissionsManager.swift in Sources */ = {isa = PBXBuildFile; fileRef = A82521ED29E235AC00139654 /* PermissionsManager.swift */; };
		A82740982AB00FCE00B9BDC5 /* Color+Extensions.swift in Sources */ = {isa = PBXBuildFile; fileRef = A82740972AB00FCE00B9BDC5 /* Color+Extensions.swift */; };
		A827409A2AB0208500B9BDC5 /* TriggerKeycorder.swift in Sources */ = {isa = PBXBuildFile; fileRef = A82740992AB0208500B9BDC5 /* TriggerKeycorder.swift */; };
		A82B1AEE2BD352A100E2F3F9 /* AccentColorConfiguration.swift in Sources */ = {isa = PBXBuildFile; fileRef = A82B1AED2BD352A100E2F3F9 /* AccentColorConfiguration.swift */; };
		A82B1AF02BD357FC00E2F3F9 /* RadialMenuConfiguration.swift in Sources */ = {isa = PBXBuildFile; fileRef = A82B1AEF2BD357FC00E2F3F9 /* RadialMenuConfiguration.swift */; };
		A82B1AF22BD35A3800E2F3F9 /* PreviewConfiguration.swift in Sources */ = {isa = PBXBuildFile; fileRef = A82B1AF12BD35A3800E2F3F9 /* PreviewConfiguration.swift */; };
		A82B1AF62BD35C8500E2F3F9 /* BehaviorConfiguration.swift in Sources */ = {isa = PBXBuildFile; fileRef = A82B1AF52BD35C8500E2F3F9 /* BehaviorConfiguration.swift */; };
		A82DDBDE2AEC736300D7F974 /* AnimationConfiguration.swift in Sources */ = {isa = PBXBuildFile; fileRef = A82DDBDD2AEC736300D7F974 /* AnimationConfiguration.swift */; };
		A8330ABD2A3AC0CA00673C8D /* Bundle+Extensions.swift in Sources */ = {isa = PBXBuildFile; fileRef = A8330ABC2A3AC0CA00673C8D /* Bundle+Extensions.swift */; };
		A8330AC12A3AC13100673C8D /* Defaults+Extensions.swift in Sources */ = {isa = PBXBuildFile; fileRef = A8330AC02A3AC13100673C8D /* Defaults+Extensions.swift */; };
		A8330AC52A3AC15900673C8D /* Notification+Extensions.swift in Sources */ = {isa = PBXBuildFile; fileRef = A8330AC42A3AC15900673C8D /* Notification+Extensions.swift */; };
		A8330AC72A3AC19500673C8D /* NSScreen+Extensions.swift in Sources */ = {isa = PBXBuildFile; fileRef = A8330AC62A3AC19500673C8D /* NSScreen+Extensions.swift */; };
		A8330ACB2A3AC1C000673C8D /* Angle+Extensions.swift in Sources */ = {isa = PBXBuildFile; fileRef = A8330ACA2A3AC1C000673C8D /* Angle+Extensions.swift */; };
		A8330ACD2A3AC1D100673C8D /* CGGeometry+Extensions.swift in Sources */ = {isa = PBXBuildFile; fileRef = A8330ACC2A3AC1D100673C8D /* CGGeometry+Extensions.swift */; };
		A8330ACF2A3AC1E900673C8D /* View+Extensions.swift in Sources */ = {isa = PBXBuildFile; fileRef = A8330ACE2A3AC1E900673C8D /* View+Extensions.swift */; };
		A8330AD42A3AC27600673C8D /* WindowDirection.swift in Sources */ = {isa = PBXBuildFile; fileRef = A8330AD32A3AC27600673C8D /* WindowDirection.swift */; };
		A83667C82A3D7D910001D630 /* AXUIElement+Extensions.swift in Sources */ = {isa = PBXBuildFile; fileRef = A83667C72A3D7D910001D630 /* AXUIElement+Extensions.swift */; };
		A83E1C352ABFCA3200853FE9 /* WindowRecords.swift in Sources */ = {isa = PBXBuildFile; fileRef = A83E1C342ABFCA3200853FE9 /* WindowRecords.swift */; };
		A8427E662C02594E00F20759 /* ExcludedAppsConfiguration.swift in Sources */ = {isa = PBXBuildFile; fileRef = A8427E652C02594E00F20759 /* ExcludedAppsConfiguration.swift */; };
		A848D8A72A8C2F3F00060834 /* LoopManager.swift in Sources */ = {isa = PBXBuildFile; fileRef = A848D8A62A8C2F3F00060834 /* LoopManager.swift */; };
		A858914B2BDC5D3F00C10FB1 /* AdvancedConfiguration.swift in Sources */ = {isa = PBXBuildFile; fileRef = A858914A2BDC5D3F00C10FB1 /* AdvancedConfiguration.swift */; };
		A859799B2B55FE94009FB067 /* UNNotification+Extensions.swift in Sources */ = {isa = PBXBuildFile; fileRef = A859799A2B55FE94009FB067 /* UNNotification+Extensions.swift */; };
		A85B560E2AAAD62C00386ACE /* EventMonitor.swift in Sources */ = {isa = PBXBuildFile; fileRef = A85B560D2AAAD62C00386ACE /* EventMonitor.swift */; };
		A85CB5852ACFA5F700BF63E6 /* AppDelegate.swift in Sources */ = {isa = PBXBuildFile; fileRef = A85CB5842ACFA5F700BF63E6 /* AppDelegate.swift */; };
		A85DDBDA2C1693D4008C103D /* WindowDirection+Snapping.swift in Sources */ = {isa = PBXBuildFile; fileRef = A85DDBD92C1693D4008C103D /* WindowDirection+Snapping.swift */; };
		A860324F2CB34A6C005742EB /* Luminare in Frameworks */ = {isa = PBXBuildFile; productRef = A860324E2CB34A6C005742EB /* Luminare */; };
		A864F4682AA660CD00579738 /* WindowDragManager.swift in Sources */ = {isa = PBXBuildFile; fileRef = A864F4672AA660CD00579738 /* WindowDragManager.swift */; };
		A867C20E2C26522B005831BC /* Observer.swift in Sources */ = {isa = PBXBuildFile; fileRef = A867C20D2C26522B005831BC /* Observer.swift */; };
		A86949862A8F2BB70051AAAF /* CGKeyCode+Extensions.swift in Sources */ = {isa = PBXBuildFile; fileRef = A86949852A8F2BB60051AAAF /* CGKeyCode+Extensions.swift */; };
		A869C1A12B38C6E600AD1A84 /* SystemWindowManager.swift in Sources */ = {isa = PBXBuildFile; fileRef = A869C1A02B38C6E600AD1A84 /* SystemWindowManager.swift */; };
		A86B97AD2AB79E2500099D7F /* ShakeEffect.swift in Sources */ = {isa = PBXBuildFile; fileRef = A86B97AC2AB79E2500099D7F /* ShakeEffect.swift */; };
		A86CB7332A3D22E7006A78F2 /* WindowEngine.swift in Sources */ = {isa = PBXBuildFile; fileRef = A86CB7322A3D22E7006A78F2 /* WindowEngine.swift */; };
		A8789F6729805B190040512E /* RadialMenuView.swift in Sources */ = {isa = PBXBuildFile; fileRef = A8789F6629805B190040512E /* RadialMenuView.swift */; };
		A8789F6929805B340040512E /* PreviewView.swift in Sources */ = {isa = PBXBuildFile; fileRef = A8789F6829805B340040512E /* PreviewView.swift */; };
		A87DDD152B50A6A400A32C76 /* ScreenManager.swift in Sources */ = {isa = PBXBuildFile; fileRef = A87DDD142B50A6A400A32C76 /* ScreenManager.swift */; };
		A87F78942BAE28050087B1DE /* CustomWindowActionSizeMode.swift in Sources */ = {isa = PBXBuildFile; fileRef = A87F78932BAE28050087B1DE /* CustomWindowActionSizeMode.swift */; };
		A87F78962BAE333C0087B1DE /* CustomWindowActionPositionMode.swift in Sources */ = {isa = PBXBuildFile; fileRef = A87F78952BAE333C0087B1DE /* CustomWindowActionPositionMode.swift */; };
		A883642F298B7288005D6C19 /* ServiceManagement.framework in Frameworks */ = {isa = PBXBuildFile; fileRef = A883642E298B7288005D6C19 /* ServiceManagement.framework */; };
		A8878A252AA3B2C800850A66 /* WindowTransformAnimation.swift in Sources */ = {isa = PBXBuildFile; fileRef = A8878A242AA3B2C800850A66 /* WindowTransformAnimation.swift */; };
		A88E27AD2BDDE5300042CF04 /* CustomActionConfigurationView.swift in Sources */ = {isa = PBXBuildFile; fileRef = A88E27AC2BDDE5300042CF04 /* CustomActionConfigurationView.swift */; };
		A88E83C52B37B354009D332F /* CGEvent+Extensions.swift in Sources */ = {isa = PBXBuildFile; fileRef = A88E83C42B37B354009D332F /* CGEvent+Extensions.swift */; };
		A89307312BAE6D0100566AEE /* CustomWindowActionUnit.swift in Sources */ = {isa = PBXBuildFile; fileRef = A89307302BAE6D0100566AEE /* CustomWindowActionUnit.swift */; };
		A893D3642BD3299000063510 /* IconConfiguration.swift in Sources */ = {isa = PBXBuildFile; fileRef = A893D3632BD3299000063510 /* IconConfiguration.swift */; };
		A8A1C51E2BD3705A00515A14 /* PaddingConfigurationView.swift in Sources */ = {isa = PBXBuildFile; fileRef = A8A1C51D2BD3705A00515A14 /* PaddingConfigurationView.swift */; };
		A8A1C5212BD4863B00515A14 /* KeybindsConfigurationView.swift in Sources */ = {isa = PBXBuildFile; fileRef = A8A1C5202BD4863B00515A14 /* KeybindsConfigurationView.swift */; };
		A8A2ABE72A3FB0370067B5A9 /* KeybindMonitor.swift in Sources */ = {isa = PBXBuildFile; fileRef = A8A2ABE62A3FB0370067B5A9 /* KeybindMonitor.swift */; };
		A8A583B82BE5A117005F4CB2 /* CycleActionConfigurationView.swift in Sources */ = {isa = PBXBuildFile; fileRef = A8A583B72BE5A117005F4CB2 /* CycleActionConfigurationView.swift */; };
		A8A583BA2BE5A8D8005F4CB2 /* KeybindItemView.swift in Sources */ = {isa = PBXBuildFile; fileRef = A8A583B92BE5A8D8005F4CB2 /* KeybindItemView.swift */; };
		A8B5E1632B43726C00044D30 /* CustomWindowActionAnchor.swift in Sources */ = {isa = PBXBuildFile; fileRef = A8B5E1622B43726C00044D30 /* CustomWindowActionAnchor.swift */; };
		A8BC4A6E2C2F4C9800B94B82 /* Window.swift in Sources */ = {isa = PBXBuildFile; fileRef = A8BC4A6D2C2F4C9800B94B82 /* Window.swift */; };
		A8BC77792C0EB4DD008E2EDA /* AppDelegate+UNNotifications.swift in Sources */ = {isa = PBXBuildFile; fileRef = A8BC77782C0EB4DD008E2EDA /* AppDelegate+UNNotifications.swift */; };
		A8D4327B2C13ED3C007BE4F2 /* Icon.swift in Sources */ = {isa = PBXBuildFile; fileRef = A8D4327A2C13ED3C007BE4F2 /* Icon.swift */; };
		A8D5A7D62A91384D004EA5BB /* DirectionSelectorSquareSegment.swift in Sources */ = {isa = PBXBuildFile; fileRef = A8D5A7D52A91384D004EA5BB /* DirectionSelectorSquareSegment.swift */; };
		A8D5A7D82A913862004EA5BB /* DirectionSelectorCircleSegment.swift in Sources */ = {isa = PBXBuildFile; fileRef = A8D5A7D72A913862004EA5BB /* DirectionSelectorCircleSegment.swift */; };
		A8D6D3012B6C894C0061B11F /* PaddingModel.swift in Sources */ = {isa = PBXBuildFile; fileRef = A8D6D3002B6C894C0061B11F /* PaddingModel.swift */; };
		A8D6D3032B6C8D750061B11F /* PaddingPreviewView.swift in Sources */ = {isa = PBXBuildFile; fileRef = A8D6D3022B6C8D750061B11F /* PaddingPreviewView.swift */; };
		A8D6D3052B6C92F20061B11F /* WallpaperView.swift in Sources */ = {isa = PBXBuildFile; fileRef = A8D6D3042B6C92F20061B11F /* WallpaperView.swift */; };
		A8DCC97B2980D5F500D41065 /* Defaults in Frameworks */ = {isa = PBXBuildFile; productRef = A8DCC97A2980D5F500D41065 /* Defaults */; settings = {ATTRIBUTES = (Required, ); }; };
		A8E59C39297F5E9A0064D4BA /* LoopApp.swift in Sources */ = {isa = PBXBuildFile; fileRef = A8E59C38297F5E9A0064D4BA /* LoopApp.swift */; };
		A8E59C3D297F5E9B0064D4BA /* Assets.xcassets in Resources */ = {isa = PBXBuildFile; fileRef = A8E59C3C297F5E9B0064D4BA /* Assets.xcassets */; };
		A8E59C40297F5E9B0064D4BA /* Preview Assets.xcassets in Resources */ = {isa = PBXBuildFile; fileRef = A8E59C3F297F5E9B0064D4BA /* Preview Assets.xcassets */; };
		A8E59C4A297F98670064D4BA /* RadialMenuController.swift in Sources */ = {isa = PBXBuildFile; fileRef = A8E59C49297F98670064D4BA /* RadialMenuController.swift */; };
		A8E59C50298045D90064D4BA /* PreviewController.swift in Sources */ = {isa = PBXBuildFile; fileRef = A8E59C4F298045D90064D4BA /* PreviewController.swift */; };
		A8E8903C2BA7AAFE006C5074 /* NSEvent+Extensions.swift in Sources */ = {isa = PBXBuildFile; fileRef = A8E8903B2BA7AAFE006C5074 /* NSEvent+Extensions.swift */; };
		A8EF1F09299C87DF00633440 /* IconManager.swift in Sources */ = {isa = PBXBuildFile; fileRef = A8EF1F08299C87DF00633440 /* IconManager.swift */; };
		A8F0125B2AEDD7660017307F /* WindowAction.swift in Sources */ = {isa = PBXBuildFile; fileRef = A8F0125A2AEDD7660017307F /* WindowAction.swift */; };
		A8F1E9662C253F5B00AAF871 /* Localizable.xcstrings in Resources */ = {isa = PBXBuildFile; fileRef = A8F1E9652C253F5B00AAF871 /* Localizable.xcstrings */; };
		A8F1E9692C253F8D00AAF871 /* InfoPlist.strings in Resources */ = {isa = PBXBuildFile; fileRef = A8F1E9672C253F8D00AAF871 /* InfoPlist.strings */; };
/* End PBXBuildFile section */

/* Begin PBXFileReference section */
		0A6DC3EA2BB869DE002AB05F /* WindowAction+Image.swift */ = {isa = PBXFileReference; lastKnownFileType = sourcecode.swift; path = "WindowAction+Image.swift"; sourceTree = "<group>"; };
		0AFE802D2BB98E81009CF06F /* WindowDirection+LocalizedString.swift */ = {isa = PBXFileReference; lastKnownFileType = sourcecode.swift; path = "WindowDirection+LocalizedString.swift"; sourceTree = "<group>"; };
		4C0F2ACE2C3CFD09006CB34D /* RectangleTranslationLayer.swift */ = {isa = PBXFileReference; fileEncoding = 4; lastKnownFileType = sourcecode.swift; path = RectangleTranslationLayer.swift; sourceTree = "<group>"; };
		4C311C1A2C40B4C0003C99D0 /* ko */ = {isa = PBXFileReference; lastKnownFileType = text.plist.strings; name = ko; path = ko.lproj/InfoPlist.strings; sourceTree = "<group>"; };
		4C5853252C4D4FD500FD0FC4 /* de */ = {isa = PBXFileReference; lastKnownFileType = text.plist.strings; name = de; path = de.lproj/InfoPlist.strings; sourceTree = "<group>"; };
		4C6B93E12C1DCF6E00AFF832 /* TheLoopTimes.swift */ = {isa = PBXFileReference; fileEncoding = 4; lastKnownFileType = sourcecode.swift; path = TheLoopTimes.swift; sourceTree = "<group>"; };
		4C6B93E22C1DCF6E00AFF832 /* Updater.swift */ = {isa = PBXFileReference; fileEncoding = 4; lastKnownFileType = sourcecode.swift; path = Updater.swift; sourceTree = "<group>"; };
		4C6B93E32C1DCF6E00AFF832 /* UpdateView.swift */ = {isa = PBXFileReference; fileEncoding = 4; lastKnownFileType = sourcecode.swift; path = UpdateView.swift; sourceTree = "<group>"; };
		4CD883A32C30F0D7009A132A /* WallpaperColors.swift */ = {isa = PBXFileReference; fileEncoding = 4; lastKnownFileType = sourcecode.swift; path = WallpaperColors.swift; sourceTree = "<group>"; };
		A80521312A84878200BF7E22 /* Config.xcconfig */ = {isa = PBXFileReference; lastKnownFileType = text.xcconfig; path = Config.xcconfig; sourceTree = "<group>"; };
		A8055EC12AFEDE0B00459D13 /* Keycorder.swift */ = {isa = PBXFileReference; lastKnownFileType = sourcecode.swift; path = Keycorder.swift; sourceTree = "<group>"; };
		A80900D32AA3F9F20085C63B /* VisualEffectView.swift */ = {isa = PBXFileReference; fileEncoding = 4; lastKnownFileType = sourcecode.swift; path = VisualEffectView.swift; sourceTree = "<group>"; };
		A80D49BA2BAE479900493B67 /* Migrator.swift */ = {isa = PBXFileReference; lastKnownFileType = sourcecode.swift; path = Migrator.swift; sourceTree = "<group>"; };
		A80FB1EB2C99152300139B4A /* zh-Hant */ = {isa = PBXFileReference; lastKnownFileType = text.plist.strings; name = "zh-Hant"; path = "zh-Hant.lproj/InfoPlist.strings"; sourceTree = "<group>"; };
		A81B98172BDC854F005FD78C /* AboutConfiguration.swift */ = {isa = PBXFileReference; lastKnownFileType = sourcecode.swift; path = AboutConfiguration.swift; sourceTree = "<group>"; };
		A81D8D092C068B8700188E12 /* LuminarePreviewView.swift */ = {isa = PBXFileReference; lastKnownFileType = sourcecode.swift; path = LuminarePreviewView.swift; sourceTree = "<group>"; };
		A81D8D0B2C06950000188E12 /* LuminareManager.swift */ = {isa = PBXFileReference; lastKnownFileType = sourcecode.swift; path = LuminareManager.swift; sourceTree = "<group>"; };
		A82521ED29E235AC00139654 /* PermissionsManager.swift */ = {isa = PBXFileReference; lastKnownFileType = sourcecode.swift; path = PermissionsManager.swift; sourceTree = "<group>"; };
		A82740972AB00FCE00B9BDC5 /* Color+Extensions.swift */ = {isa = PBXFileReference; lastKnownFileType = sourcecode.swift; path = "Color+Extensions.swift"; sourceTree = "<group>"; };
		A82740992AB0208500B9BDC5 /* TriggerKeycorder.swift */ = {isa = PBXFileReference; lastKnownFileType = sourcecode.swift; path = TriggerKeycorder.swift; sourceTree = "<group>"; };
		A82B1AED2BD352A100E2F3F9 /* AccentColorConfiguration.swift */ = {isa = PBXFileReference; lastKnownFileType = sourcecode.swift; path = AccentColorConfiguration.swift; sourceTree = "<group>"; };
		A82B1AEF2BD357FC00E2F3F9 /* RadialMenuConfiguration.swift */ = {isa = PBXFileReference; lastKnownFileType = sourcecode.swift; path = RadialMenuConfiguration.swift; sourceTree = "<group>"; };
		A82B1AF12BD35A3800E2F3F9 /* PreviewConfiguration.swift */ = {isa = PBXFileReference; lastKnownFileType = sourcecode.swift; path = PreviewConfiguration.swift; sourceTree = "<group>"; };
		A82B1AF52BD35C8500E2F3F9 /* BehaviorConfiguration.swift */ = {isa = PBXFileReference; lastKnownFileType = sourcecode.swift; path = BehaviorConfiguration.swift; sourceTree = "<group>"; };
		A82DDBDD2AEC736300D7F974 /* AnimationConfiguration.swift */ = {isa = PBXFileReference; lastKnownFileType = sourcecode.swift; path = AnimationConfiguration.swift; sourceTree = "<group>"; };
		A8330ABC2A3AC0CA00673C8D /* Bundle+Extensions.swift */ = {isa = PBXFileReference; lastKnownFileType = sourcecode.swift; path = "Bundle+Extensions.swift"; sourceTree = "<group>"; };
		A8330AC02A3AC13100673C8D /* Defaults+Extensions.swift */ = {isa = PBXFileReference; lastKnownFileType = sourcecode.swift; path = "Defaults+Extensions.swift"; sourceTree = "<group>"; };
		A8330AC42A3AC15900673C8D /* Notification+Extensions.swift */ = {isa = PBXFileReference; lastKnownFileType = sourcecode.swift; path = "Notification+Extensions.swift"; sourceTree = "<group>"; };
		A8330AC62A3AC19500673C8D /* NSScreen+Extensions.swift */ = {isa = PBXFileReference; lastKnownFileType = sourcecode.swift; path = "NSScreen+Extensions.swift"; sourceTree = "<group>"; };
		A8330ACA2A3AC1C000673C8D /* Angle+Extensions.swift */ = {isa = PBXFileReference; lastKnownFileType = sourcecode.swift; path = "Angle+Extensions.swift"; sourceTree = "<group>"; };
		A8330ACC2A3AC1D100673C8D /* CGGeometry+Extensions.swift */ = {isa = PBXFileReference; lastKnownFileType = sourcecode.swift; path = "CGGeometry+Extensions.swift"; sourceTree = "<group>"; };
		A8330ACE2A3AC1E900673C8D /* View+Extensions.swift */ = {isa = PBXFileReference; lastKnownFileType = sourcecode.swift; path = "View+Extensions.swift"; sourceTree = "<group>"; };
		A8330AD32A3AC27600673C8D /* WindowDirection.swift */ = {isa = PBXFileReference; lastKnownFileType = sourcecode.swift; path = WindowDirection.swift; sourceTree = "<group>"; };
		A83667C72A3D7D910001D630 /* AXUIElement+Extensions.swift */ = {isa = PBXFileReference; lastKnownFileType = sourcecode.swift; path = "AXUIElement+Extensions.swift"; sourceTree = "<group>"; };
		A83E1C342ABFCA3200853FE9 /* WindowRecords.swift */ = {isa = PBXFileReference; lastKnownFileType = sourcecode.swift; path = WindowRecords.swift; sourceTree = "<group>"; };
		A8427E652C02594E00F20759 /* ExcludedAppsConfiguration.swift */ = {isa = PBXFileReference; lastKnownFileType = sourcecode.swift; path = ExcludedAppsConfiguration.swift; sourceTree = "<group>"; };
		A848130C2BD1A8D100B02E93 /* .github */ = {isa = PBXFileReference; lastKnownFileType = folder; path = .github; sourceTree = "<group>"; };
		A848D8A62A8C2F3F00060834 /* LoopManager.swift */ = {isa = PBXFileReference; lastKnownFileType = sourcecode.swift; path = LoopManager.swift; sourceTree = "<group>"; };
		A858914A2BDC5D3F00C10FB1 /* AdvancedConfiguration.swift */ = {isa = PBXFileReference; lastKnownFileType = sourcecode.swift; path = AdvancedConfiguration.swift; sourceTree = "<group>"; };
		A859799A2B55FE94009FB067 /* UNNotification+Extensions.swift */ = {isa = PBXFileReference; lastKnownFileType = sourcecode.swift; path = "UNNotification+Extensions.swift"; sourceTree = "<group>"; };
		A85B560D2AAAD62C00386ACE /* EventMonitor.swift */ = {isa = PBXFileReference; lastKnownFileType = sourcecode.swift; path = EventMonitor.swift; sourceTree = "<group>"; };
		A85CB5842ACFA5F700BF63E6 /* AppDelegate.swift */ = {isa = PBXFileReference; lastKnownFileType = sourcecode.swift; path = AppDelegate.swift; sourceTree = "<group>"; };
		A85DDBD92C1693D4008C103D /* WindowDirection+Snapping.swift */ = {isa = PBXFileReference; lastKnownFileType = sourcecode.swift; path = "WindowDirection+Snapping.swift"; sourceTree = "<group>"; };
		A864F4672AA660CD00579738 /* WindowDragManager.swift */ = {isa = PBXFileReference; lastKnownFileType = sourcecode.swift; path = WindowDragManager.swift; sourceTree = "<group>"; };
		A867C20D2C26522B005831BC /* Observer.swift */ = {isa = PBXFileReference; lastKnownFileType = sourcecode.swift; path = Observer.swift; sourceTree = "<group>"; };
		A86949852A8F2BB60051AAAF /* CGKeyCode+Extensions.swift */ = {isa = PBXFileReference; fileEncoding = 4; lastKnownFileType = sourcecode.swift; path = "CGKeyCode+Extensions.swift"; sourceTree = "<group>"; };
		A869C1A02B38C6E600AD1A84 /* SystemWindowManager.swift */ = {isa = PBXFileReference; lastKnownFileType = sourcecode.swift; path = SystemWindowManager.swift; sourceTree = "<group>"; };
		A86AFD7529888B29008F4892 /* README.md */ = {isa = PBXFileReference; fileEncoding = 4; lastKnownFileType = net.daringfireball.markdown; path = README.md; sourceTree = "<group>"; };
		A86B97AC2AB79E2500099D7F /* ShakeEffect.swift */ = {isa = PBXFileReference; lastKnownFileType = sourcecode.swift; path = ShakeEffect.swift; sourceTree = "<group>"; };
		A86CB7322A3D22E7006A78F2 /* WindowEngine.swift */ = {isa = PBXFileReference; lastKnownFileType = sourcecode.swift; path = WindowEngine.swift; sourceTree = "<group>"; };
		A8789F6629805B190040512E /* RadialMenuView.swift */ = {isa = PBXFileReference; lastKnownFileType = sourcecode.swift; path = RadialMenuView.swift; sourceTree = "<group>"; };
		A8789F6829805B340040512E /* PreviewView.swift */ = {isa = PBXFileReference; lastKnownFileType = sourcecode.swift; path = PreviewView.swift; sourceTree = "<group>"; };
		A87DDD142B50A6A400A32C76 /* ScreenManager.swift */ = {isa = PBXFileReference; lastKnownFileType = sourcecode.swift; path = ScreenManager.swift; sourceTree = "<group>"; };
		A87F78932BAE28050087B1DE /* CustomWindowActionSizeMode.swift */ = {isa = PBXFileReference; lastKnownFileType = sourcecode.swift; path = CustomWindowActionSizeMode.swift; sourceTree = "<group>"; };
		A87F78952BAE333C0087B1DE /* CustomWindowActionPositionMode.swift */ = {isa = PBXFileReference; lastKnownFileType = sourcecode.swift; path = CustomWindowActionPositionMode.swift; sourceTree = "<group>"; };
		A883642E298B7288005D6C19 /* ServiceManagement.framework */ = {isa = PBXFileReference; lastKnownFileType = wrapper.framework; name = ServiceManagement.framework; path = System/Library/Frameworks/ServiceManagement.framework; sourceTree = SDKROOT; };
		A88699E42C816881007EBF47 /* ru */ = {isa = PBXFileReference; lastKnownFileType = text.plist.strings; name = ru; path = ru.lproj/InfoPlist.strings; sourceTree = "<group>"; };
		A8878A242AA3B2C800850A66 /* WindowTransformAnimation.swift */ = {isa = PBXFileReference; lastKnownFileType = sourcecode.swift; path = WindowTransformAnimation.swift; sourceTree = "<group>"; };
		A88E27AC2BDDE5300042CF04 /* CustomActionConfigurationView.swift */ = {isa = PBXFileReference; lastKnownFileType = sourcecode.swift; path = CustomActionConfigurationView.swift; sourceTree = "<group>"; };
		A88E83C42B37B354009D332F /* CGEvent+Extensions.swift */ = {isa = PBXFileReference; lastKnownFileType = sourcecode.swift; path = "CGEvent+Extensions.swift"; sourceTree = "<group>"; };
		A89307302BAE6D0100566AEE /* CustomWindowActionUnit.swift */ = {isa = PBXFileReference; fileEncoding = 4; lastKnownFileType = sourcecode.swift; path = CustomWindowActionUnit.swift; sourceTree = "<group>"; };
		A893D3632BD3299000063510 /* IconConfiguration.swift */ = {isa = PBXFileReference; lastKnownFileType = sourcecode.swift; path = IconConfiguration.swift; sourceTree = "<group>"; };
		A894B0C52C4B31AA00B4CE6F /* CONTRIBUTING.md */ = {isa = PBXFileReference; lastKnownFileType = net.daringfireball.markdown; path = CONTRIBUTING.md; sourceTree = "<group>"; };
		A894B0C62C4B31AA00B4CE6F /* CONTRIBUTORS.md */ = {isa = PBXFileReference; lastKnownFileType = net.daringfireball.markdown; path = CONTRIBUTORS.md; sourceTree = "<group>"; };
		A89E84592C3713B50039D220 /* Info.plist */ = {isa = PBXFileReference; lastKnownFileType = text.plist; path = Info.plist; sourceTree = "<group>"; };
		A8A1C51D2BD3705A00515A14 /* PaddingConfigurationView.swift */ = {isa = PBXFileReference; lastKnownFileType = sourcecode.swift; path = PaddingConfigurationView.swift; sourceTree = "<group>"; };
		A8A1C5202BD4863B00515A14 /* KeybindsConfigurationView.swift */ = {isa = PBXFileReference; lastKnownFileType = sourcecode.swift; path = KeybindsConfigurationView.swift; sourceTree = "<group>"; };
		A8A2ABE62A3FB0370067B5A9 /* KeybindMonitor.swift */ = {isa = PBXFileReference; lastKnownFileType = sourcecode.swift; path = KeybindMonitor.swift; sourceTree = "<group>"; };
		A8A583B72BE5A117005F4CB2 /* CycleActionConfigurationView.swift */ = {isa = PBXFileReference; lastKnownFileType = sourcecode.swift; path = CycleActionConfigurationView.swift; sourceTree = "<group>"; };
		A8A583B92BE5A8D8005F4CB2 /* KeybindItemView.swift */ = {isa = PBXFileReference; lastKnownFileType = sourcecode.swift; path = KeybindItemView.swift; sourceTree = "<group>"; };
		A8B1DB202C4CF28400255B13 /* ar */ = {isa = PBXFileReference; lastKnownFileType = text.plist.strings; name = ar; path = ar.lproj/InfoPlist.strings; sourceTree = "<group>"; };
		A8B5E1622B43726C00044D30 /* CustomWindowActionAnchor.swift */ = {isa = PBXFileReference; lastKnownFileType = sourcecode.swift; path = CustomWindowActionAnchor.swift; sourceTree = "<group>"; };
		A8BC4A6D2C2F4C9800B94B82 /* Window.swift */ = {isa = PBXFileReference; lastKnownFileType = sourcecode.swift; path = Window.swift; sourceTree = "<group>"; };
		A8BC77782C0EB4DD008E2EDA /* AppDelegate+UNNotifications.swift */ = {isa = PBXFileReference; lastKnownFileType = sourcecode.swift; path = "AppDelegate+UNNotifications.swift"; sourceTree = "<group>"; };
		A8D4327A2C13ED3C007BE4F2 /* Icon.swift */ = {isa = PBXFileReference; lastKnownFileType = sourcecode.swift; path = Icon.swift; sourceTree = "<group>"; };
		A8D5A7D52A91384D004EA5BB /* DirectionSelectorSquareSegment.swift */ = {isa = PBXFileReference; lastKnownFileType = sourcecode.swift; path = DirectionSelectorSquareSegment.swift; sourceTree = "<group>"; };
		A8D5A7D72A913862004EA5BB /* DirectionSelectorCircleSegment.swift */ = {isa = PBXFileReference; lastKnownFileType = sourcecode.swift; path = DirectionSelectorCircleSegment.swift; sourceTree = "<group>"; };
		A8D6D3002B6C894C0061B11F /* PaddingModel.swift */ = {isa = PBXFileReference; lastKnownFileType = sourcecode.swift; path = PaddingModel.swift; sourceTree = "<group>"; };
		A8D6D3022B6C8D750061B11F /* PaddingPreviewView.swift */ = {isa = PBXFileReference; fileEncoding = 4; lastKnownFileType = sourcecode.swift; path = PaddingPreviewView.swift; sourceTree = "<group>"; };
		A8D6D3042B6C92F20061B11F /* WallpaperView.swift */ = {isa = PBXFileReference; lastKnownFileType = sourcecode.swift; path = WallpaperView.swift; sourceTree = "<group>"; };
		A8E59C35297F5E9A0064D4BA /* Loop.app */ = {isa = PBXFileReference; explicitFileType = wrapper.application; includeInIndex = 0; path = Loop.app; sourceTree = BUILT_PRODUCTS_DIR; };
		A8E59C38297F5E9A0064D4BA /* LoopApp.swift */ = {isa = PBXFileReference; lastKnownFileType = sourcecode.swift; path = LoopApp.swift; sourceTree = "<group>"; };
		A8E59C3C297F5E9B0064D4BA /* Assets.xcassets */ = {isa = PBXFileReference; lastKnownFileType = folder.assetcatalog; path = Assets.xcassets; sourceTree = "<group>"; };
		A8E59C3F297F5E9B0064D4BA /* Preview Assets.xcassets */ = {isa = PBXFileReference; lastKnownFileType = folder.assetcatalog; path = "Preview Assets.xcassets"; sourceTree = "<group>"; };
		A8E59C41297F5E9B0064D4BA /* Loop.entitlements */ = {isa = PBXFileReference; lastKnownFileType = text.plist.entitlements; path = Loop.entitlements; sourceTree = "<group>"; };
		A8E59C49297F98670064D4BA /* RadialMenuController.swift */ = {isa = PBXFileReference; lastKnownFileType = sourcecode.swift; path = RadialMenuController.swift; sourceTree = "<group>"; };
		A8E59C4F298045D90064D4BA /* PreviewController.swift */ = {isa = PBXFileReference; lastKnownFileType = sourcecode.swift; path = PreviewController.swift; sourceTree = "<group>"; };
		A8E6D1FC2A4155DC005751D4 /* .gitignore */ = {isa = PBXFileReference; fileEncoding = 4; lastKnownFileType = text; path = .gitignore; sourceTree = "<group>"; };
		A8E8903B2BA7AAFE006C5074 /* NSEvent+Extensions.swift */ = {isa = PBXFileReference; lastKnownFileType = sourcecode.swift; path = "NSEvent+Extensions.swift"; sourceTree = "<group>"; };
		A8EF1F08299C87DF00633440 /* IconManager.swift */ = {isa = PBXFileReference; lastKnownFileType = sourcecode.swift; path = IconManager.swift; sourceTree = "<group>"; };
		A8F0125A2AEDD7660017307F /* WindowAction.swift */ = {isa = PBXFileReference; lastKnownFileType = sourcecode.swift; path = WindowAction.swift; sourceTree = "<group>"; };
		A8F1E9652C253F5B00AAF871 /* Localizable.xcstrings */ = {isa = PBXFileReference; lastKnownFileType = text.json.xcstrings; path = Localizable.xcstrings; sourceTree = "<group>"; };
		A8F1E9682C253F8D00AAF871 /* it */ = {isa = PBXFileReference; lastKnownFileType = text.plist.strings; name = it; path = it.lproj/InfoPlist.strings; sourceTree = "<group>"; };
		A8F1E96B2C253FA200AAF871 /* zh-Hans */ = {isa = PBXFileReference; lastKnownFileType = text.plist.strings; name = "zh-Hans"; path = "zh-Hans.lproj/InfoPlist.strings"; sourceTree = "<group>"; };
/* End PBXFileReference section */

/* Begin PBXFileSystemSynchronizedRootGroup section */
		A800418D2C7C118E005AD0D3 /* Searchable Popover Picker */ = {isa = PBXFileSystemSynchronizedRootGroup; explicitFileTypes = {}; explicitFolders = (); path = "Searchable Popover Picker"; sourceTree = "<group>"; };
/* End PBXFileSystemSynchronizedRootGroup section */

/* Begin PBXFrameworksBuildPhase section */
		A8E59C32297F5E9A0064D4BA /* Frameworks */ = {
			isa = PBXFrameworksBuildPhase;
			buildActionMask = 2147483647;
			files = (
				A8DCC97B2980D5F500D41065 /* Defaults in Frameworks */,
				A860324F2CB34A6C005742EB /* Luminare in Frameworks */,
				A883642F298B7288005D6C19 /* ServiceManagement.framework in Frameworks */,
			);
			runOnlyForDeploymentPostprocessing = 0;
		};
/* End PBXFrameworksBuildPhase section */

/* Begin PBXGroup section */
		4C6B93E42C1DCF6E00AFF832 /* Updater */ = {
			isa = PBXGroup;
			children = (
				4C6B93E22C1DCF6E00AFF832 /* Updater.swift */,
				4C6B93E32C1DCF6E00AFF832 /* UpdateView.swift */,
				4C6B93E12C1DCF6E00AFF832 /* TheLoopTimes.swift */,
			);
			name = Updater;
			path = Loop/Updater;
			sourceTree = SOURCE_ROOT;
		};
		A80900D12AA3F9F20085C63B /* Utilities */ = {
			isa = PBXGroup;
			children = (
				A800418D2C7C118E005AD0D3 /* Searchable Popover Picker */,
				A82DDBDD2AEC736300D7F974 /* AnimationConfiguration.swift */,
				A85B560D2AAAD62C00386ACE /* EventMonitor.swift */,
				A8D4327A2C13ED3C007BE4F2 /* Icon.swift */,
				A867C20D2C26522B005831BC /* Observer.swift */,
				A8D6D3002B6C894C0061B11F /* PaddingModel.swift */,
				A80D49BA2BAE479900493B67 /* Migrator.swift */,
				4C0F2ACE2C3CFD09006CB34D /* RectangleTranslationLayer.swift */,
				A86B97AC2AB79E2500099D7F /* ShakeEffect.swift */,
				A80900D32AA3F9F20085C63B /* VisualEffectView.swift */,
				A8D6D3042B6C92F20061B11F /* WallpaperView.swift */,
			);
			path = Utilities;
			sourceTree = "<group>";
		};
		A82B1AF32BD35C5900E2F3F9 /* Theming */ = {
			isa = PBXGroup;
			children = (
				A893D3632BD3299000063510 /* IconConfiguration.swift */,
				A82B1AED2BD352A100E2F3F9 /* AccentColorConfiguration.swift */,
				4CD883A32C30F0D7009A132A /* WallpaperColors.swift */,
				A82B1AEF2BD357FC00E2F3F9 /* RadialMenuConfiguration.swift */,
				A82B1AF12BD35A3800E2F3F9 /* PreviewConfiguration.swift */,
			);
			path = Theming;
			sourceTree = "<group>";
		};
		A82B1AF42BD35C6400E2F3F9 /* Settings */ = {
			isa = PBXGroup;
			children = (
				A8A1C5232BD4864B00515A14 /* Behavior */,
				A8A1C5222BD4863F00515A14 /* Keybindings */,
			);
			path = Settings;
			sourceTree = "<group>";
		};
		A8330ABB2A3AC05200673C8D /* Managers */ = {
			isa = PBXGroup;
			children = (
				A848D8A62A8C2F3F00060834 /* LoopManager.swift */,
				A87DDD142B50A6A400A32C76 /* ScreenManager.swift */,
				A8A2ABE62A3FB0370067B5A9 /* KeybindMonitor.swift */,
				A864F4672AA660CD00579738 /* WindowDragManager.swift */,
				A82521ED29E235AC00139654 /* PermissionsManager.swift */,
				A8EF1F08299C87DF00633440 /* IconManager.swift */,
				A869C1A02B38C6E600AD1A84 /* SystemWindowManager.swift */,
			);
			path = Managers;
			sourceTree = "<group>";
		};
		A8330AD52A3AC29C00673C8D /* Extensions */ = {
			isa = PBXGroup;
			children = (
				A8330ACA2A3AC1C000673C8D /* Angle+Extensions.swift */,
				A83667C72A3D7D910001D630 /* AXUIElement+Extensions.swift */,
				A8330ABC2A3AC0CA00673C8D /* Bundle+Extensions.swift */,
				A88E83C42B37B354009D332F /* CGEvent+Extensions.swift */,
				A8330ACC2A3AC1D100673C8D /* CGGeometry+Extensions.swift */,
				A86949852A8F2BB60051AAAF /* CGKeyCode+Extensions.swift */,
				A82740972AB00FCE00B9BDC5 /* Color+Extensions.swift */,
				A8330AC02A3AC13100673C8D /* Defaults+Extensions.swift */,
				A8330AC42A3AC15900673C8D /* Notification+Extensions.swift */,
				A8E8903B2BA7AAFE006C5074 /* NSEvent+Extensions.swift */,
				A8330AC62A3AC19500673C8D /* NSScreen+Extensions.swift */,
				A859799A2B55FE94009FB067 /* UNNotification+Extensions.swift */,
				A8330ACE2A3AC1E900673C8D /* View+Extensions.swift */,
			);
			path = Extensions;
			sourceTree = "<group>";
		};
		A85891492BDC5D1600C10FB1 /* Loop */ = {
			isa = PBXGroup;
			children = (
				A858914A2BDC5D3F00C10FB1 /* AdvancedConfiguration.swift */,
				A8427E652C02594E00F20759 /* ExcludedAppsConfiguration.swift */,
				A81B98172BDC854F005FD78C /* AboutConfiguration.swift */,
			);
			path = Loop;
			sourceTree = "<group>";
		};
		A864F4662AA65EC200579738 /* Window Management */ = {
			isa = PBXGroup;
			children = (
				A86CB7322A3D22E7006A78F2 /* WindowEngine.swift */,
				A8BC4A6D2C2F4C9800B94B82 /* Window.swift */,
				A8878A242AA3B2C800850A66 /* WindowTransformAnimation.swift */,
				A8F0125A2AEDD7660017307F /* WindowAction.swift */,
				0A6DC3EA2BB869DE002AB05F /* WindowAction+Image.swift */,
				A8330AD32A3AC27600673C8D /* WindowDirection.swift */,
				A85DDBD92C1693D4008C103D /* WindowDirection+Snapping.swift */,
				0AFE802D2BB98E81009CF06F /* WindowDirection+LocalizedString.swift */,
				A83E1C342ABFCA3200853FE9 /* WindowRecords.swift */,
				A8B5E1612B43725B00044D30 /* Custom Window Sizes */,
			);
			path = "Window Management";
			sourceTree = "<group>";
		};
		A86DAE272B3CCF0400B968F0 /* Keybind Recorder */ = {
			isa = PBXGroup;
			children = (
				A82740992AB0208500B9BDC5 /* TriggerKeycorder.swift */,
				A8055EC12AFEDE0B00459D13 /* Keycorder.swift */,
			);
			path = "Keybind Recorder";
			sourceTree = "<group>";
		};
		A88265FA29808DED00BCB197 /* Preview Window */ = {
			isa = PBXGroup;
			children = (
				A8E59C4F298045D90064D4BA /* PreviewController.swift */,
				A8789F6829805B340040512E /* PreviewView.swift */,
				A81D8D092C068B8700188E12 /* LuminarePreviewView.swift */,
			);
			path = "Preview Window";
			sourceTree = "<group>";
		};
		A88265FB29808E0D00BCB197 /* Radial Menu */ = {
			isa = PBXGroup;
			children = (
				A8E59C49297F98670064D4BA /* RadialMenuController.swift */,
				A8789F6629805B190040512E /* RadialMenuView.swift */,
				A8D5A7D52A91384D004EA5BB /* DirectionSelectorSquareSegment.swift */,
				A8D5A7D72A913862004EA5BB /* DirectionSelectorCircleSegment.swift */,
			);
			path = "Radial Menu";
			sourceTree = "<group>";
		};
		A883642D298B7288005D6C19 /* Frameworks */ = {
			isa = PBXGroup;
			children = (
				A883642E298B7288005D6C19 /* ServiceManagement.framework */,
			);
			name = Frameworks;
			sourceTree = "<group>";
		};
		A893D3622BD3298700063510 /* Luminare */ = {
			isa = PBXGroup;
			children = (
				A81D8D0B2C06950000188E12 /* LuminareManager.swift */,
				A82B1AF32BD35C5900E2F3F9 /* Theming */,
				A82B1AF42BD35C6400E2F3F9 /* Settings */,
				A85891492BDC5D1600C10FB1 /* Loop */,
			);
			path = Luminare;
			sourceTree = "<group>";
		};
		A8A1C51F2BD481AB00515A14 /* Padding Configuration */ = {
			isa = PBXGroup;
			children = (
				A8A1C51D2BD3705A00515A14 /* PaddingConfigurationView.swift */,
				A8D6D3022B6C8D750061B11F /* PaddingPreviewView.swift */,
			);
			path = "Padding Configuration";
			sourceTree = "<group>";
		};
		A8A1C5222BD4863F00515A14 /* Keybindings */ = {
			isa = PBXGroup;
			children = (
				A8A1C5202BD4863B00515A14 /* KeybindsConfigurationView.swift */,
				A8A583B92BE5A8D8005F4CB2 /* KeybindItemView.swift */,
				A88E27AC2BDDE5300042CF04 /* CustomActionConfigurationView.swift */,
				A8A583B72BE5A117005F4CB2 /* CycleActionConfigurationView.swift */,
				A86DAE272B3CCF0400B968F0 /* Keybind Recorder */,
			);
			path = Keybindings;
			sourceTree = "<group>";
		};
		A8A1C5232BD4864B00515A14 /* Behavior */ = {
			isa = PBXGroup;
			children = (
				A82B1AF52BD35C8500E2F3F9 /* BehaviorConfiguration.swift */,
				A8A1C51F2BD481AB00515A14 /* Padding Configuration */,
			);
			path = Behavior;
			sourceTree = "<group>";
		};
		A8B5E1612B43725B00044D30 /* Custom Window Sizes */ = {
			isa = PBXGroup;
			children = (
				A87F78952BAE333C0087B1DE /* CustomWindowActionPositionMode.swift */,
				A87F78932BAE28050087B1DE /* CustomWindowActionSizeMode.swift */,
				A8B5E1622B43726C00044D30 /* CustomWindowActionAnchor.swift */,
				A89307302BAE6D0100566AEE /* CustomWindowActionUnit.swift */,
			);
			path = "Custom Window Sizes";
			sourceTree = "<group>";
		};
		A8E59C2C297F5E9A0064D4BA = {
			isa = PBXGroup;
			children = (
				A848130C2BD1A8D100B02E93 /* .github */,
				A8E6D1FC2A4155DC005751D4 /* .gitignore */,
				A86AFD7529888B29008F4892 /* README.md */,
				A894B0C52C4B31AA00B4CE6F /* CONTRIBUTING.md */,
				A894B0C62C4B31AA00B4CE6F /* CONTRIBUTORS.md */,
				A8E59C37297F5E9A0064D4BA /* Loop */,
				A8E59C36297F5E9A0064D4BA /* Products */,
				A883642D298B7288005D6C19 /* Frameworks */,
			);
			sourceTree = "<group>";
		};
		A8E59C36297F5E9A0064D4BA /* Products */ = {
			isa = PBXGroup;
			children = (
				A8E59C35297F5E9A0064D4BA /* Loop.app */,
			);
			name = Products;
			sourceTree = "<group>";
		};
		A8E59C37297F5E9A0064D4BA /* Loop */ = {
			isa = PBXGroup;
			children = (
				A89E84592C3713B50039D220 /* Info.plist */,
				A80521312A84878200BF7E22 /* Config.xcconfig */,
				A8E59C38297F5E9A0064D4BA /* LoopApp.swift */,
				A85CB5842ACFA5F700BF63E6 /* AppDelegate.swift */,
				A8BC77782C0EB4DD008E2EDA /* AppDelegate+UNNotifications.swift */,
				A893D3622BD3298700063510 /* Luminare */,
				4C6B93E42C1DCF6E00AFF832 /* Updater */,
				A864F4662AA65EC200579738 /* Window Management */,
				A8330ABB2A3AC05200673C8D /* Managers */,
				A88265FB29808E0D00BCB197 /* Radial Menu */,
				A88265FA29808DED00BCB197 /* Preview Window */,
				A80900D12AA3F9F20085C63B /* Utilities */,
				A8330AD52A3AC29C00673C8D /* Extensions */,
				A8E59C3C297F5E9B0064D4BA /* Assets.xcassets */,
				A8E59C41297F5E9B0064D4BA /* Loop.entitlements */,
				A8F1E9672C253F8D00AAF871 /* InfoPlist.strings */,
				A8F1E9652C253F5B00AAF871 /* Localizable.xcstrings */,
				A8E59C3E297F5E9B0064D4BA /* Preview Content */,
			);
			path = Loop;
			sourceTree = "<group>";
		};
		A8E59C3E297F5E9B0064D4BA /* Preview Content */ = {
			isa = PBXGroup;
			children = (
				A8E59C3F297F5E9B0064D4BA /* Preview Assets.xcassets */,
			);
			path = "Preview Content";
			sourceTree = "<group>";
		};
/* End PBXGroup section */

/* Begin PBXNativeTarget section */
		A8E59C34297F5E9A0064D4BA /* Loop */ = {
			isa = PBXNativeTarget;
			buildConfigurationList = A8E59C44297F5E9B0064D4BA /* Build configuration list for PBXNativeTarget "Loop" */;
			buildPhases = (
				A80FD0D82CB34BA300DCC00B /* Run SwiftLint */,
				A8E59C31297F5E9A0064D4BA /* Sources */,
				A8E59C32297F5E9A0064D4BA /* Frameworks */,
				A8E59C33297F5E9A0064D4BA /* Resources */,
			);
			buildRules = (
			);
			dependencies = (
			);
			fileSystemSynchronizedGroups = (
				A800418D2C7C118E005AD0D3 /* Searchable Popover Picker */,
			);
			name = Loop;
			packageProductDependencies = (
				A8DCC97A2980D5F500D41065 /* Defaults */,
			);
			productName = WindowManager;
			productReference = A8E59C35297F5E9A0064D4BA /* Loop.app */;
			productType = "com.apple.product-type.application";
		};
/* End PBXNativeTarget section */

/* Begin PBXProject section */
		A8E59C2D297F5E9A0064D4BA /* Project object */ = {
			isa = PBXProject;
			attributes = {
				BuildIndependentTargetsInParallel = 1;
				LastSwiftUpdateCheck = 1420;
				LastUpgradeCheck = 1530;
				TargetAttributes = {
					A8E59C34297F5E9A0064D4BA = {
						CreatedOnToolsVersion = 14.2;
					};
				};
			};
			buildConfigurationList = A8E59C30297F5E9A0064D4BA /* Build configuration list for PBXProject "Loop" */;
			compatibilityVersion = "Xcode 14.0";
			developmentRegion = en;
			hasScannedForEncodings = 0;
			knownRegions = (
				en,
				Base,
				"zh-Hans",
				it,
				"pt-BR",
				es,
				ko,
				"nl-BE",
				ar,
				de,
				ru,
				"zh-Hant",
			);
			mainGroup = A8E59C2C297F5E9A0064D4BA;
			packageReferences = (
				A8DCC9792980D5F500D41065 /* XCRemoteSwiftPackageReference "Defaults" */,
				A80554C32D235233009238C7 /* XCRemoteSwiftPackageReference "Luminare" */,
			);
			productRefGroup = A8E59C36297F5E9A0064D4BA /* Products */;
			projectDirPath = "";
			projectRoot = "";
			targets = (
				A8E59C34297F5E9A0064D4BA /* Loop */,
			);
		};
/* End PBXProject section */

/* Begin PBXResourcesBuildPhase section */
		A8E59C33297F5E9A0064D4BA /* Resources */ = {
			isa = PBXResourcesBuildPhase;
			buildActionMask = 2147483647;
			files = (
				A8E59C40297F5E9B0064D4BA /* Preview Assets.xcassets in Resources */,
				A8F1E9692C253F8D00AAF871 /* InfoPlist.strings in Resources */,
				A8E59C3D297F5E9B0064D4BA /* Assets.xcassets in Resources */,
				A8F1E9662C253F5B00AAF871 /* Localizable.xcstrings in Resources */,
			);
			runOnlyForDeploymentPostprocessing = 0;
		};
/* End PBXResourcesBuildPhase section */

/* Begin PBXShellScriptBuildPhase section */
		A80FD0D82CB34BA300DCC00B /* Run SwiftLint */ = {
			isa = PBXShellScriptBuildPhase;
			alwaysOutOfDate = 1;
			buildActionMask = 2147483647;
			files = (
			);
			inputFileListPaths = (
			);
			inputPaths = (
			);
			name = "Run SwiftLint";
			outputFileListPaths = (
			);
			outputPaths = (
			);
			runOnlyForDeploymentPostprocessing = 0;
			shellPath = /bin/sh;
			shellScript = "# Default Homebrew installation path on Intel-based Macs\nHOMEBREW_INTEL_PATH=\"/usr/local/bin/swiftformat\"\n\n# Default Homebrew installation path on Apple Silicon Macs\nHOMEBREW_ARM_PATH=\"/opt/homebrew/bin/swiftformat\"\n\n# Determine the architecture of the machine (arm64 or x86_64)\nARCH=$(uname -m)\n\n# Set the Homebrew path based on the architecture\nif [ \"$ARCH\" = \"arm64\" ]; then\n    SWIFTFORMAT_PATH=\"$HOMEBREW_ARM_PATH\"\nelse\n    SWIFTFORMAT_PATH=\"$HOMEBREW_INTEL_PATH\"\nfi\n\n# Check if SwiftFormat is installed via Homebrew\nif [ -x \"$SWIFTFORMAT_PATH\" ]; then\n    \"$SWIFTFORMAT_PATH\" .\nelse\n    echo \"warning: SwiftFormat not installed via Homebrew or not found in expected paths\"\nfi\n";
		};
/* End PBXShellScriptBuildPhase section */

/* Begin PBXSourcesBuildPhase section */
		A8E59C31297F5E9A0064D4BA /* Sources */ = {
			isa = PBXSourcesBuildPhase;
			buildActionMask = 2147483647;
			files = (
				A859799B2B55FE94009FB067 /* UNNotification+Extensions.swift in Sources */,
				A8EF1F09299C87DF00633440 /* IconManager.swift in Sources */,
				A848D8A72A8C2F3F00060834 /* LoopManager.swift in Sources */,
				A82B1AF02BD357FC00E2F3F9 /* RadialMenuConfiguration.swift in Sources */,
				A8D5A7D62A91384D004EA5BB /* DirectionSelectorSquareSegment.swift in Sources */,
				A8A583BA2BE5A8D8005F4CB2 /* KeybindItemView.swift in Sources */,
				A8D6D3012B6C894C0061B11F /* PaddingModel.swift in Sources */,
				A88E27AD2BDDE5300042CF04 /* CustomActionConfigurationView.swift in Sources */,
				A87F78942BAE28050087B1DE /* CustomWindowActionSizeMode.swift in Sources */,
				A82DDBDE2AEC736300D7F974 /* AnimationConfiguration.swift in Sources */,
				A8789F6729805B190040512E /* RadialMenuView.swift in Sources */,
				A8330ABD2A3AC0CA00673C8D /* Bundle+Extensions.swift in Sources */,
				A80D49BB2BAE479900493B67 /* Migrator.swift in Sources */,
				4C0F2ACF2C3CFD09006CB34D /* RectangleTranslationLayer.swift in Sources */,
				A8D4327B2C13ED3C007BE4F2 /* Icon.swift in Sources */,
				A86B97AD2AB79E2500099D7F /* ShakeEffect.swift in Sources */,
				A8D6D3032B6C8D750061B11F /* PaddingPreviewView.swift in Sources */,
				A867C20E2C26522B005831BC /* Observer.swift in Sources */,
				A82740982AB00FCE00B9BDC5 /* Color+Extensions.swift in Sources */,
				A82B1AF62BD35C8500E2F3F9 /* BehaviorConfiguration.swift in Sources */,
				A869C1A12B38C6E600AD1A84 /* SystemWindowManager.swift in Sources */,
				A8330ACD2A3AC1D100673C8D /* CGGeometry+Extensions.swift in Sources */,
				A82B1AF22BD35A3800E2F3F9 /* PreviewConfiguration.swift in Sources */,
				A8330AC72A3AC19500673C8D /* NSScreen+Extensions.swift in Sources */,
				A80900D52AA3F9F30085C63B /* VisualEffectView.swift in Sources */,
				A8330AC12A3AC13100673C8D /* Defaults+Extensions.swift in Sources */,
				A8A1C51E2BD3705A00515A14 /* PaddingConfigurationView.swift in Sources */,
				A8BC4A6E2C2F4C9800B94B82 /* Window.swift in Sources */,
				A8B5E1632B43726C00044D30 /* CustomWindowActionAnchor.swift in Sources */,
				A8055EC22AFEDE0B00459D13 /* Keycorder.swift in Sources */,
				A85CB5852ACFA5F700BF63E6 /* AppDelegate.swift in Sources */,
				A8330AC52A3AC15900673C8D /* Notification+Extensions.swift in Sources */,
				A8878A252AA3B2C800850A66 /* WindowTransformAnimation.swift in Sources */,
				A827409A2AB0208500B9BDC5 /* TriggerKeycorder.swift in Sources */,
				A858914B2BDC5D3F00C10FB1 /* AdvancedConfiguration.swift in Sources */,
				A82B1AEE2BD352A100E2F3F9 /* AccentColorConfiguration.swift in Sources */,
				A8D5A7D82A913862004EA5BB /* DirectionSelectorCircleSegment.swift in Sources */,
				A89307312BAE6D0100566AEE /* CustomWindowActionUnit.swift in Sources */,
				4C6B93E72C1DCF6E00AFF832 /* TheLoopTimes.swift in Sources */,
				A83667C82A3D7D910001D630 /* AXUIElement+Extensions.swift in Sources */,
				A87F78962BAE333C0087B1DE /* CustomWindowActionPositionMode.swift in Sources */,
				A8330AD42A3AC27600673C8D /* WindowDirection.swift in Sources */,
				A81D8D0A2C068B8700188E12 /* LuminarePreviewView.swift in Sources */,
				A8789F6929805B340040512E /* PreviewView.swift in Sources */,
				A8E59C50298045D90064D4BA /* PreviewController.swift in Sources */,
				A81B98182BDC854F005FD78C /* AboutConfiguration.swift in Sources */,
				4CD883A42C30F0D7009A132A /* WallpaperColors.swift in Sources */,
				A86CB7332A3D22E7006A78F2 /* WindowEngine.swift in Sources */,
				A8E59C39297F5E9A0064D4BA /* LoopApp.swift in Sources */,
				A8330ACB2A3AC1C000673C8D /* Angle+Extensions.swift in Sources */,
				A8D6D3052B6C92F20061B11F /* WallpaperView.swift in Sources */,
				A81D8D0C2C06950000188E12 /* LuminareManager.swift in Sources */,
				A864F4682AA660CD00579738 /* WindowDragManager.swift in Sources */,
				4C6B93E82C1DCF6E00AFF832 /* Updater.swift in Sources */,
				A8330ACF2A3AC1E900673C8D /* View+Extensions.swift in Sources */,
				A8427E662C02594E00F20759 /* ExcludedAppsConfiguration.swift in Sources */,
				A82521EE29E235AC00139654 /* PermissionsManager.swift in Sources */,
				A8E59C4A297F98670064D4BA /* RadialMenuController.swift in Sources */,
				0AFE802E2BB98E81009CF06F /* WindowDirection+LocalizedString.swift in Sources */,
				A8A583B82BE5A117005F4CB2 /* CycleActionConfigurationView.swift in Sources */,
				A8A1C5212BD4863B00515A14 /* KeybindsConfigurationView.swift in Sources */,
				A88E83C52B37B354009D332F /* CGEvent+Extensions.swift in Sources */,
				A8E8903C2BA7AAFE006C5074 /* NSEvent+Extensions.swift in Sources */,
				0A6DC3EB2BB869DE002AB05F /* WindowAction+Image.swift in Sources */,
				A83E1C352ABFCA3200853FE9 /* WindowRecords.swift in Sources */,
				A85DDBDA2C1693D4008C103D /* WindowDirection+Snapping.swift in Sources */,
				A87DDD152B50A6A400A32C76 /* ScreenManager.swift in Sources */,
				A86949862A8F2BB70051AAAF /* CGKeyCode+Extensions.swift in Sources */,
				A8F0125B2AEDD7660017307F /* WindowAction.swift in Sources */,
				A8BC77792C0EB4DD008E2EDA /* AppDelegate+UNNotifications.swift in Sources */,
				A85B560E2AAAD62C00386ACE /* EventMonitor.swift in Sources */,
				4C6B93E92C1DCF6E00AFF832 /* UpdateView.swift in Sources */,
				A8A2ABE72A3FB0370067B5A9 /* KeybindMonitor.swift in Sources */,
				A893D3642BD3299000063510 /* IconConfiguration.swift in Sources */,
			);
			runOnlyForDeploymentPostprocessing = 0;
		};
/* End PBXSourcesBuildPhase section */

/* Begin PBXVariantGroup section */
		A8F1E9672C253F8D00AAF871 /* InfoPlist.strings */ = {
			isa = PBXVariantGroup;
			children = (
				A8F1E9682C253F8D00AAF871 /* it */,
				A8F1E96B2C253FA200AAF871 /* zh-Hans */,
				4C311C1A2C40B4C0003C99D0 /* ko */,
				A8B1DB202C4CF28400255B13 /* ar */,
				4C5853252C4D4FD500FD0FC4 /* de */,
				A88699E42C816881007EBF47 /* ru */,
				A80FB1EB2C99152300139B4A /* zh-Hant */,
			);
			name = InfoPlist.strings;
			sourceTree = "<group>";
		};
/* End PBXVariantGroup section */

/* Begin XCBuildConfiguration section */
		A8E59C42297F5E9B0064D4BA /* Debug */ = {
			isa = XCBuildConfiguration;
			baseConfigurationReference = A80521312A84878200BF7E22 /* Config.xcconfig */;
			buildSettings = {
				ALWAYS_SEARCH_USER_PATHS = NO;
				ASSETCATALOG_COMPILER_GENERATE_SWIFT_ASSET_SYMBOL_EXTENSIONS = YES;
				CLANG_ANALYZER_NONNULL = YES;
				CLANG_ANALYZER_NUMBER_OBJECT_CONVERSION = YES_AGGRESSIVE;
				CLANG_CXX_LANGUAGE_STANDARD = "gnu++20";
				CLANG_ENABLE_MODULES = YES;
				CLANG_ENABLE_OBJC_ARC = YES;
				CLANG_ENABLE_OBJC_WEAK = YES;
				CLANG_WARN_BLOCK_CAPTURE_AUTORELEASING = YES;
				CLANG_WARN_BOOL_CONVERSION = YES;
				CLANG_WARN_COMMA = YES;
				CLANG_WARN_CONSTANT_CONVERSION = YES;
				CLANG_WARN_DEPRECATED_OBJC_IMPLEMENTATIONS = YES;
				CLANG_WARN_DIRECT_OBJC_ISA_USAGE = YES_ERROR;
				CLANG_WARN_DOCUMENTATION_COMMENTS = YES;
				CLANG_WARN_EMPTY_BODY = YES;
				CLANG_WARN_ENUM_CONVERSION = YES;
				CLANG_WARN_INFINITE_RECURSION = YES;
				CLANG_WARN_INT_CONVERSION = YES;
				CLANG_WARN_NON_LITERAL_NULL_CONVERSION = YES;
				CLANG_WARN_OBJC_IMPLICIT_RETAIN_SELF = YES;
				CLANG_WARN_OBJC_LITERAL_CONVERSION = YES;
				CLANG_WARN_OBJC_ROOT_CLASS = YES_ERROR;
				CLANG_WARN_QUOTED_INCLUDE_IN_FRAMEWORK_HEADER = YES;
				CLANG_WARN_RANGE_LOOP_ANALYSIS = YES;
				CLANG_WARN_STRICT_PROTOTYPES = YES;
				CLANG_WARN_SUSPICIOUS_MOVE = YES;
				CLANG_WARN_UNGUARDED_AVAILABILITY = YES_AGGRESSIVE;
				CLANG_WARN_UNREACHABLE_CODE = YES;
				CLANG_WARN__DUPLICATE_METHOD_MATCH = YES;
				COPY_PHASE_STRIP = NO;
				CURRENT_PROJECT_VERSION = "$(BUILD_NUMBER)";
				DEAD_CODE_STRIPPING = YES;
				DEBUG_INFORMATION_FORMAT = dwarf;
				ENABLE_STRICT_OBJC_MSGSEND = YES;
				ENABLE_TESTABILITY = YES;
				GCC_C_LANGUAGE_STANDARD = gnu11;
				GCC_DYNAMIC_NO_PIC = NO;
				GCC_NO_COMMON_BLOCKS = YES;
				GCC_OPTIMIZATION_LEVEL = 0;
				GCC_PREPROCESSOR_DEFINITIONS = (
					"DEBUG=1",
					"$(inherited)",
				);
				GCC_WARN_64_TO_32_BIT_CONVERSION = YES;
				GCC_WARN_ABOUT_RETURN_TYPE = YES_ERROR;
				GCC_WARN_UNDECLARED_SELECTOR = YES;
				GCC_WARN_UNINITIALIZED_AUTOS = YES_AGGRESSIVE;
				GCC_WARN_UNUSED_FUNCTION = YES;
				GCC_WARN_UNUSED_VARIABLE = YES;
				MACOSX_DEPLOYMENT_TARGET = 13.0;
				MARKETING_VERSION = "$(VERSION)";
				MTL_ENABLE_DEBUG_INFO = INCLUDE_SOURCE;
				MTL_FAST_MATH = YES;
				ONLY_ACTIVE_ARCH = YES;
				SDKROOT = macosx;
				SWIFT_ACTIVE_COMPILATION_CONDITIONS = DEBUG;
				SWIFT_OPTIMIZATION_LEVEL = "-Onone";
			};
			name = Debug;
		};
		A8E59C43297F5E9B0064D4BA /* Release */ = {
			isa = XCBuildConfiguration;
			baseConfigurationReference = A80521312A84878200BF7E22 /* Config.xcconfig */;
			buildSettings = {
				ALWAYS_SEARCH_USER_PATHS = NO;
				ASSETCATALOG_COMPILER_GENERATE_SWIFT_ASSET_SYMBOL_EXTENSIONS = YES;
				CLANG_ANALYZER_NONNULL = YES;
				CLANG_ANALYZER_NUMBER_OBJECT_CONVERSION = YES_AGGRESSIVE;
				CLANG_CXX_LANGUAGE_STANDARD = "gnu++20";
				CLANG_ENABLE_MODULES = YES;
				CLANG_ENABLE_OBJC_ARC = YES;
				CLANG_ENABLE_OBJC_WEAK = YES;
				CLANG_WARN_BLOCK_CAPTURE_AUTORELEASING = YES;
				CLANG_WARN_BOOL_CONVERSION = YES;
				CLANG_WARN_COMMA = YES;
				CLANG_WARN_CONSTANT_CONVERSION = YES;
				CLANG_WARN_DEPRECATED_OBJC_IMPLEMENTATIONS = YES;
				CLANG_WARN_DIRECT_OBJC_ISA_USAGE = YES_ERROR;
				CLANG_WARN_DOCUMENTATION_COMMENTS = YES;
				CLANG_WARN_EMPTY_BODY = YES;
				CLANG_WARN_ENUM_CONVERSION = YES;
				CLANG_WARN_INFINITE_RECURSION = YES;
				CLANG_WARN_INT_CONVERSION = YES;
				CLANG_WARN_NON_LITERAL_NULL_CONVERSION = YES;
				CLANG_WARN_OBJC_IMPLICIT_RETAIN_SELF = YES;
				CLANG_WARN_OBJC_LITERAL_CONVERSION = YES;
				CLANG_WARN_OBJC_ROOT_CLASS = YES_ERROR;
				CLANG_WARN_QUOTED_INCLUDE_IN_FRAMEWORK_HEADER = YES;
				CLANG_WARN_RANGE_LOOP_ANALYSIS = YES;
				CLANG_WARN_STRICT_PROTOTYPES = YES;
				CLANG_WARN_SUSPICIOUS_MOVE = YES;
				CLANG_WARN_UNGUARDED_AVAILABILITY = YES_AGGRESSIVE;
				CLANG_WARN_UNREACHABLE_CODE = YES;
				CLANG_WARN__DUPLICATE_METHOD_MATCH = YES;
				COPY_PHASE_STRIP = NO;
				CURRENT_PROJECT_VERSION = "$(BUILD_NUMBER)";
				DEAD_CODE_STRIPPING = YES;
				DEBUG_INFORMATION_FORMAT = "dwarf-with-dsym";
				ENABLE_NS_ASSERTIONS = NO;
				ENABLE_STRICT_OBJC_MSGSEND = YES;
				GCC_C_LANGUAGE_STANDARD = gnu11;
				GCC_NO_COMMON_BLOCKS = YES;
				GCC_WARN_64_TO_32_BIT_CONVERSION = YES;
				GCC_WARN_ABOUT_RETURN_TYPE = YES_ERROR;
				GCC_WARN_UNDECLARED_SELECTOR = YES;
				GCC_WARN_UNINITIALIZED_AUTOS = YES_AGGRESSIVE;
				GCC_WARN_UNUSED_FUNCTION = YES;
				GCC_WARN_UNUSED_VARIABLE = YES;
				MACOSX_DEPLOYMENT_TARGET = 13.0;
				MARKETING_VERSION = "$(VERSION)";
				MTL_ENABLE_DEBUG_INFO = NO;
				MTL_FAST_MATH = YES;
				SDKROOT = macosx;
				SWIFT_COMPILATION_MODE = wholemodule;
				SWIFT_OPTIMIZATION_LEVEL = "-O";
			};
			name = Release;
		};
		A8E59C45297F5E9B0064D4BA /* Debug */ = {
			isa = XCBuildConfiguration;
			buildSettings = {
				ASSETCATALOG_COMPILER_APPICON_NAME = "AppIcon-Developer";
				ASSETCATALOG_COMPILER_GLOBAL_ACCENT_COLOR_NAME = "";
				ASSETCATALOG_COMPILER_INCLUDE_ALL_APPICON_ASSETS = YES;
				CODE_SIGN_ENTITLEMENTS = Loop/Loop.entitlements;
				CODE_SIGN_IDENTITY = "Apple Development";
				CODE_SIGN_STYLE = Automatic;
				COMBINE_HIDPI_IMAGES = YES;
				DEAD_CODE_STRIPPING = YES;
				DEVELOPMENT_ASSET_PATHS = "\"Loop/Preview Content\"";
				DEVELOPMENT_TEAM = 5F967GYF84;
				ENABLE_HARDENED_RUNTIME = YES;
				ENABLE_PREVIEWS = YES;
				GENERATE_INFOPLIST_FILE = YES;
				INFOPLIST_FILE = Loop/Info.plist;
				INFOPLIST_KEY_CFBundleDisplayName = Loop;
				INFOPLIST_KEY_LSApplicationCategoryType = "public.app-category.utilities";
				INFOPLIST_KEY_NSHumanReadableCopyright = "Copyright © 2024 Loop";
				LD_RUNPATH_SEARCH_PATHS = (
					"$(inherited)",
					"@executable_path/../Frameworks",
				);
				MACOSX_DEPLOYMENT_TARGET = 13.0;
				ONLY_ACTIVE_ARCH = YES;
				PRODUCT_BUNDLE_IDENTIFIER = com.MrKai77.Loop;
				PRODUCT_NAME = "$(TARGET_NAME)";
				PROVISIONING_PROFILE_SPECIFIER = "";
				SWIFT_EMIT_LOC_STRINGS = YES;
				SWIFT_OBJC_BRIDGING_HEADER = "";
				SWIFT_VERSION = 5.0;
			};
			name = Debug;
		};
		A8E59C46297F5E9B0064D4BA /* Release */ = {
			isa = XCBuildConfiguration;
			buildSettings = {
				ASSETCATALOG_COMPILER_APPICON_NAME = "AppIcon-Classic";
				ASSETCATALOG_COMPILER_GLOBAL_ACCENT_COLOR_NAME = "";
				ASSETCATALOG_COMPILER_INCLUDE_ALL_APPICON_ASSETS = YES;
				CODE_SIGN_ENTITLEMENTS = Loop/Loop.entitlements;
				CODE_SIGN_IDENTITY = "Apple Development";
				CODE_SIGN_STYLE = Automatic;
				COMBINE_HIDPI_IMAGES = YES;
				DEAD_CODE_STRIPPING = YES;
				DEVELOPMENT_ASSET_PATHS = "\"Loop/Preview Content\"";
				DEVELOPMENT_TEAM = 5F967GYF84;
				ENABLE_HARDENED_RUNTIME = YES;
				ENABLE_PREVIEWS = YES;
				GENERATE_INFOPLIST_FILE = YES;
				INFOPLIST_FILE = Loop/Info.plist;
				INFOPLIST_KEY_CFBundleDisplayName = Loop;
				INFOPLIST_KEY_LSApplicationCategoryType = "public.app-category.utilities";
				INFOPLIST_KEY_NSHumanReadableCopyright = "Copyright © 2024 Loop";
				LD_RUNPATH_SEARCH_PATHS = (
					"$(inherited)",
					"@executable_path/../Frameworks",
				);
				MACOSX_DEPLOYMENT_TARGET = 13.0;
				ONLY_ACTIVE_ARCH = NO;
				PRODUCT_BUNDLE_IDENTIFIER = com.MrKai77.Loop;
				PRODUCT_NAME = "$(TARGET_NAME)";
				PROVISIONING_PROFILE_SPECIFIER = "";
				SWIFT_EMIT_LOC_STRINGS = YES;
				SWIFT_OBJC_BRIDGING_HEADER = "";
				SWIFT_VERSION = 5.0;
			};
			name = Release;
		};
/* End XCBuildConfiguration section */

/* Begin XCConfigurationList section */
		A8E59C30297F5E9A0064D4BA /* Build configuration list for PBXProject "Loop" */ = {
			isa = XCConfigurationList;
			buildConfigurations = (
				A8E59C42297F5E9B0064D4BA /* Debug */,
				A8E59C43297F5E9B0064D4BA /* Release */,
			);
			defaultConfigurationIsVisible = 0;
			defaultConfigurationName = Release;
		};
		A8E59C44297F5E9B0064D4BA /* Build configuration list for PBXNativeTarget "Loop" */ = {
			isa = XCConfigurationList;
			buildConfigurations = (
				A8E59C45297F5E9B0064D4BA /* Debug */,
				A8E59C46297F5E9B0064D4BA /* Release */,
			);
			defaultConfigurationIsVisible = 0;
			defaultConfigurationName = Release;
		};
/* End XCConfigurationList section */

/* Begin XCRemoteSwiftPackageReference section */
		A80554C32D235233009238C7 /* XCRemoteSwiftPackageReference "Luminare" */ = {
			isa = XCRemoteSwiftPackageReference;
			repositoryURL = "https://github.com/MrKai77/Luminare";
			requirement = {
				branch = "loop-1.2.0";
				kind = branch;
			};
		};
		A8DCC9792980D5F500D41065 /* XCRemoteSwiftPackageReference "Defaults" */ = {
			isa = XCRemoteSwiftPackageReference;
			repositoryURL = "https://github.com/sindresorhus/Defaults";
			requirement = {
				branch = main;
				kind = branch;
			};
		};
/* End XCRemoteSwiftPackageReference section */

/* Begin XCSwiftPackageProductDependency section */
		A860324E2CB34A6C005742EB /* Luminare */ = {
			isa = XCSwiftPackageProductDependency;
			productName = Luminare;
		};
		A8DCC97A2980D5F500D41065 /* Defaults */ = {
			isa = XCSwiftPackageProductDependency;
			package = A8DCC9792980D5F500D41065 /* XCRemoteSwiftPackageReference "Defaults" */;
			productName = Defaults;
		};
/* End XCSwiftPackageProductDependency section */
	};
	rootObject = A8E59C2D297F5E9A0064D4BA /* Project object */;
}
