// !$*UTF8*$!
{
	archiveVersion = 1;
	classes = {
	};
	objectVersion = 56;
	objects = {

/* Begin PBXBuildFile section */
		A8562326298B736900C400CB /* LoopHelper.app in CopyFiles */ = {isa = PBXBuildFile; fileRef = A8836434298B7301005D6C19 /* LoopHelper.app */; settings = {ATTRIBUTES = (RemoveHeadersOnCopy, ); }; };
		A8562328298B757400C400CB /* main.swift in Sources */ = {isa = PBXBuildFile; fileRef = A8562327298B757400C400CB /* main.swift */; };
		A86AFD7629888B29008F4892 /* README.md in Resources */ = {isa = PBXBuildFile; fileRef = A86AFD7529888B29008F4892 /* README.md */; };
		A8789F6729805B190040512E /* RadialMenuView.swift in Sources */ = {isa = PBXBuildFile; fileRef = A8789F6629805B190040512E /* RadialMenuView.swift */; };
		A8789F6929805B340040512E /* PreviewView.swift in Sources */ = {isa = PBXBuildFile; fileRef = A8789F6829805B340040512E /* PreviewView.swift */; };
		A87D36982980A89D002B0D2F /* KeybindingSettingsView.swift in Sources */ = {isa = PBXBuildFile; fileRef = A87D36972980A89D002B0D2F /* KeybindingSettingsView.swift */; };
		A87D369B2980A9DC002B0D2F /* KeyboardShortcuts in Frameworks */ = {isa = PBXBuildFile; productRef = A87D369A2980A9DC002B0D2F /* KeyboardShortcuts */; };
		A88266002980931C00BCB197 /* SettingsView.swift in Sources */ = {isa = PBXBuildFile; fileRef = A88265FF2980931C00BCB197 /* SettingsView.swift */; };
		A882660829809F6F00BCB197 /* GeneralSettingsView.swift in Sources */ = {isa = PBXBuildFile; fileRef = A882660729809F6F00BCB197 /* GeneralSettingsView.swift */; };
		A883642F298B7288005D6C19 /* ServiceManagement.framework in Frameworks */ = {isa = PBXBuildFile; fileRef = A883642E298B7288005D6C19 /* ServiceManagement.framework */; };
		A8836437298B7301005D6C19 /* AppDelegate.swift in Sources */ = {isa = PBXBuildFile; fileRef = A8836436298B7301005D6C19 /* AppDelegate.swift */; };
		A8836443298B7333005D6C19 /* LoopHelper.app in Resources */ = {isa = PBXBuildFile; fileRef = A8836434298B7301005D6C19 /* LoopHelper.app */; };
		A8DCC97B2980D5F500D41065 /* Defaults in Frameworks */ = {isa = PBXBuildFile; productRef = A8DCC97A2980D5F500D41065 /* Defaults */; };
		A8DCC97E2980DDD400D41065 /* LoopMenubarController.swift in Sources */ = {isa = PBXBuildFile; fileRef = A8DCC97D2980DDD400D41065 /* LoopMenubarController.swift */; };
		A8DCC9882981B9E100D41065 /* RadialMenuSettingsView.swift in Sources */ = {isa = PBXBuildFile; fileRef = A8DCC9872981B9E100D41065 /* RadialMenuSettingsView.swift */; };
		A8DCC98A2981F43F00D41065 /* PreviewSettingsView.swift in Sources */ = {isa = PBXBuildFile; fileRef = A8DCC9892981F43F00D41065 /* PreviewSettingsView.swift */; };
		A8E1575F298654960005761C /* AboutView.swift in Sources */ = {isa = PBXBuildFile; fileRef = A8E1575E298654960005761C /* AboutView.swift */; };
		A8E59C39297F5E9A0064D4BA /* LoopApp.swift in Sources */ = {isa = PBXBuildFile; fileRef = A8E59C38297F5E9A0064D4BA /* LoopApp.swift */; };
		A8E59C3D297F5E9B0064D4BA /* Assets.xcassets in Resources */ = {isa = PBXBuildFile; fileRef = A8E59C3C297F5E9B0064D4BA /* Assets.xcassets */; };
		A8E59C40297F5E9B0064D4BA /* Preview Assets.xcassets in Resources */ = {isa = PBXBuildFile; fileRef = A8E59C3F297F5E9B0064D4BA /* Preview Assets.xcassets */; };
		A8E59C4A297F98670064D4BA /* RadialMenuController.swift in Sources */ = {isa = PBXBuildFile; fileRef = A8E59C49297F98670064D4BA /* RadialMenuController.swift */; };
		A8E59C4C29803A4D0064D4BA /* WindowResizer.swift in Sources */ = {isa = PBXBuildFile; fileRef = A8E59C4B29803A4D0064D4BA /* WindowResizer.swift */; };
		A8E59C4E29803FBD0064D4BA /* Extensions.swift in Sources */ = {isa = PBXBuildFile; fileRef = A8E59C4D29803FBD0064D4BA /* Extensions.swift */; };
		A8E59C50298045D90064D4BA /* PreviewController.swift in Sources */ = {isa = PBXBuildFile; fileRef = A8E59C4F298045D90064D4BA /* PreviewController.swift */; };
		A8F0636D2985AF1F0010C33D /* MoreSettingsView.swift in Sources */ = {isa = PBXBuildFile; fileRef = A8F0636C2985AF1F0010C33D /* MoreSettingsView.swift */; };
		A8F063702985B2220010C33D /* Sparkle in Frameworks */ = {isa = PBXBuildFile; productRef = A8F0636F2985B2220010C33D /* Sparkle */; };
/* End PBXBuildFile section */

/* Begin PBXContainerItemProxy section */
		A8562324298B735400C400CB /* PBXContainerItemProxy */ = {
			isa = PBXContainerItemProxy;
			containerPortal = A8E59C2D297F5E9A0064D4BA /* Project object */;
			proxyType = 1;
			remoteGlobalIDString = A8836433298B7301005D6C19;
			remoteInfo = LoopHelper;
		};
		A8836444298B7333005D6C19 /* PBXContainerItemProxy */ = {
			isa = PBXContainerItemProxy;
			containerPortal = A8E59C2D297F5E9A0064D4BA /* Project object */;
			proxyType = 1;
			remoteGlobalIDString = A8836433298B7301005D6C19;
			remoteInfo = LoopHelper;
		};
		A8836446298B733A005D6C19 /* PBXContainerItemProxy */ = {
			isa = PBXContainerItemProxy;
			containerPortal = A8E59C2D297F5E9A0064D4BA /* Project object */;
			proxyType = 1;
			remoteGlobalIDString = A8836433298B7301005D6C19;
			remoteInfo = LoopHelper;
		};
/* End PBXContainerItemProxy section */

/* Begin PBXCopyFilesBuildPhase section */
		A883642B298B71B0005D6C19 /* CopyFiles */ = {
			isa = PBXCopyFilesBuildPhase;
			buildActionMask = 2147483647;
			dstPath = Contents/Library/LoginItems;
			dstSubfolderSpec = 1;
			files = (
				A8562326298B736900C400CB /* LoopHelper.app in CopyFiles */,
			);
			runOnlyForDeploymentPostprocessing = 0;
		};
/* End PBXCopyFilesBuildPhase section */

/* Begin PBXFileReference section */
		A8562327298B757400C400CB /* main.swift */ = {isa = PBXFileReference; lastKnownFileType = sourcecode.swift; path = main.swift; sourceTree = "<group>"; };
		A86AFD7529888B29008F4892 /* README.md */ = {isa = PBXFileReference; fileEncoding = 4; lastKnownFileType = net.daringfireball.markdown; path = README.md; sourceTree = "<group>"; };
		A8789F6629805B190040512E /* RadialMenuView.swift */ = {isa = PBXFileReference; lastKnownFileType = sourcecode.swift; path = RadialMenuView.swift; sourceTree = "<group>"; };
		A8789F6829805B340040512E /* PreviewView.swift */ = {isa = PBXFileReference; lastKnownFileType = sourcecode.swift; path = PreviewView.swift; sourceTree = "<group>"; };
		A87D36972980A89D002B0D2F /* KeybindingSettingsView.swift */ = {isa = PBXFileReference; lastKnownFileType = sourcecode.swift; path = KeybindingSettingsView.swift; sourceTree = "<group>"; };
		A88265FF2980931C00BCB197 /* SettingsView.swift */ = {isa = PBXFileReference; lastKnownFileType = sourcecode.swift; path = SettingsView.swift; sourceTree = "<group>"; };
		A882660729809F6F00BCB197 /* GeneralSettingsView.swift */ = {isa = PBXFileReference; lastKnownFileType = sourcecode.swift; path = GeneralSettingsView.swift; sourceTree = "<group>"; };
		A883642E298B7288005D6C19 /* ServiceManagement.framework */ = {isa = PBXFileReference; lastKnownFileType = wrapper.framework; name = ServiceManagement.framework; path = System/Library/Frameworks/ServiceManagement.framework; sourceTree = SDKROOT; };
		A8836434298B7301005D6C19 /* LoopHelper.app */ = {isa = PBXFileReference; explicitFileType = wrapper.application; includeInIndex = 0; path = LoopHelper.app; sourceTree = BUILT_PRODUCTS_DIR; };
		A8836436298B7301005D6C19 /* AppDelegate.swift */ = {isa = PBXFileReference; lastKnownFileType = sourcecode.swift; path = AppDelegate.swift; sourceTree = "<group>"; };
		A883643F298B7302005D6C19 /* LoopHelper.entitlements */ = {isa = PBXFileReference; lastKnownFileType = text.plist.entitlements; path = LoopHelper.entitlements; sourceTree = "<group>"; };
		A8DCC97D2980DDD400D41065 /* LoopMenubarController.swift */ = {isa = PBXFileReference; lastKnownFileType = sourcecode.swift; path = LoopMenubarController.swift; sourceTree = "<group>"; };
		A8DCC9872981B9E100D41065 /* RadialMenuSettingsView.swift */ = {isa = PBXFileReference; lastKnownFileType = sourcecode.swift; path = RadialMenuSettingsView.swift; sourceTree = "<group>"; };
		A8DCC9892981F43F00D41065 /* PreviewSettingsView.swift */ = {isa = PBXFileReference; lastKnownFileType = sourcecode.swift; path = PreviewSettingsView.swift; sourceTree = "<group>"; };
		A8E1575E298654960005761C /* AboutView.swift */ = {isa = PBXFileReference; lastKnownFileType = sourcecode.swift; path = AboutView.swift; sourceTree = "<group>"; };
		A8E59C35297F5E9A0064D4BA /* Loop.app */ = {isa = PBXFileReference; explicitFileType = wrapper.application; includeInIndex = 0; path = Loop.app; sourceTree = BUILT_PRODUCTS_DIR; };
		A8E59C38297F5E9A0064D4BA /* LoopApp.swift */ = {isa = PBXFileReference; lastKnownFileType = sourcecode.swift; path = LoopApp.swift; sourceTree = "<group>"; };
		A8E59C3C297F5E9B0064D4BA /* Assets.xcassets */ = {isa = PBXFileReference; lastKnownFileType = folder.assetcatalog; path = Assets.xcassets; sourceTree = "<group>"; };
		A8E59C3F297F5E9B0064D4BA /* Preview Assets.xcassets */ = {isa = PBXFileReference; lastKnownFileType = folder.assetcatalog; path = "Preview Assets.xcassets"; sourceTree = "<group>"; };
		A8E59C41297F5E9B0064D4BA /* Loop.entitlements */ = {isa = PBXFileReference; lastKnownFileType = text.plist.entitlements; path = Loop.entitlements; sourceTree = "<group>"; };
		A8E59C49297F98670064D4BA /* RadialMenuController.swift */ = {isa = PBXFileReference; lastKnownFileType = sourcecode.swift; path = RadialMenuController.swift; sourceTree = "<group>"; };
		A8E59C4B29803A4D0064D4BA /* WindowResizer.swift */ = {isa = PBXFileReference; fileEncoding = 4; lastKnownFileType = sourcecode.swift; path = WindowResizer.swift; sourceTree = "<group>"; };
		A8E59C4D29803FBD0064D4BA /* Extensions.swift */ = {isa = PBXFileReference; lastKnownFileType = sourcecode.swift; path = Extensions.swift; sourceTree = "<group>"; };
		A8E59C4F298045D90064D4BA /* PreviewController.swift */ = {isa = PBXFileReference; lastKnownFileType = sourcecode.swift; path = PreviewController.swift; sourceTree = "<group>"; };
		A8F0636C2985AF1F0010C33D /* MoreSettingsView.swift */ = {isa = PBXFileReference; lastKnownFileType = sourcecode.swift; path = MoreSettingsView.swift; sourceTree = "<group>"; };
		A8F063712985B2730010C33D /* Info.plist */ = {isa = PBXFileReference; lastKnownFileType = text.plist; path = Info.plist; sourceTree = "<group>"; };
/* End PBXFileReference section */

/* Begin PBXFrameworksBuildPhase section */
		A8836431298B7301005D6C19 /* Frameworks */ = {
			isa = PBXFrameworksBuildPhase;
			buildActionMask = 2147483647;
			files = (
			);
			runOnlyForDeploymentPostprocessing = 0;
		};
		A8E59C32297F5E9A0064D4BA /* Frameworks */ = {
			isa = PBXFrameworksBuildPhase;
			buildActionMask = 2147483647;
			files = (
				A8DCC97B2980D5F500D41065 /* Defaults in Frameworks */,
				A883642F298B7288005D6C19 /* ServiceManagement.framework in Frameworks */,
				A8F063702985B2220010C33D /* Sparkle in Frameworks */,
				A87D369B2980A9DC002B0D2F /* KeyboardShortcuts in Frameworks */,
			);
			runOnlyForDeploymentPostprocessing = 0;
		};
/* End PBXFrameworksBuildPhase section */

/* Begin PBXGroup section */
		A88265FA29808DED00BCB197 /* LoopPreview */ = {
			isa = PBXGroup;
			children = (
				A8E59C4F298045D90064D4BA /* PreviewController.swift */,
				A8789F6829805B340040512E /* PreviewView.swift */,
			);
			path = LoopPreview;
			sourceTree = "<group>";
		};
		A88265FB29808E0D00BCB197 /* LoopRadialMenu */ = {
			isa = PBXGroup;
			children = (
				A8E59C49297F98670064D4BA /* RadialMenuController.swift */,
				A8789F6629805B190040512E /* RadialMenuView.swift */,
			);
			path = LoopRadialMenu;
			sourceTree = "<group>";
		};
		A88265FC298092B500BCB197 /* Settings */ = {
			isa = PBXGroup;
			children = (
				A88265FF2980931C00BCB197 /* SettingsView.swift */,
				A882660429809F4E00BCB197 /* SettingsTabs */,
			);
			path = Settings;
			sourceTree = "<group>";
		};
		A882660429809F4E00BCB197 /* SettingsTabs */ = {
			isa = PBXGroup;
			children = (
				A882660729809F6F00BCB197 /* GeneralSettingsView.swift */,
				A8DCC9872981B9E100D41065 /* RadialMenuSettingsView.swift */,
				A8DCC9892981F43F00D41065 /* PreviewSettingsView.swift */,
				A87D36972980A89D002B0D2F /* KeybindingSettingsView.swift */,
				A8F0636C2985AF1F0010C33D /* MoreSettingsView.swift */,
			);
			path = SettingsTabs;
			sourceTree = "<group>";
		};
		A883642D298B7288005D6C19 /* Frameworks */ = {
			isa = PBXGroup;
			children = (
				A883642E298B7288005D6C19 /* ServiceManagement.framework */,
			);
			name = Frameworks;
			sourceTree = "<group>";
		};
		A8836435298B7301005D6C19 /* LoopHelper */ = {
			isa = PBXGroup;
			children = (
				A8562327298B757400C400CB /* main.swift */,
				A8836436298B7301005D6C19 /* AppDelegate.swift */,
				A883643F298B7302005D6C19 /* LoopHelper.entitlements */,
			);
			path = LoopHelper;
			sourceTree = "<group>";
		};
		A8DCC97C2980DDC300D41065 /* Menubar */ = {
			isa = PBXGroup;
			children = (
				A8DCC97D2980DDD400D41065 /* LoopMenubarController.swift */,
			);
			path = Menubar;
			sourceTree = "<group>";
		};
		A8E59C2C297F5E9A0064D4BA = {
			isa = PBXGroup;
			children = (
				A86AFD7529888B29008F4892 /* README.md */,
				A8E59C37297F5E9A0064D4BA /* Loop */,
				A8836435298B7301005D6C19 /* LoopHelper */,
				A8E59C36297F5E9A0064D4BA /* Products */,
				A883642D298B7288005D6C19 /* Frameworks */,
			);
			sourceTree = "<group>";
		};
		A8E59C36297F5E9A0064D4BA /* Products */ = {
			isa = PBXGroup;
			children = (
				A8E59C35297F5E9A0064D4BA /* Loop.app */,
				A8836434298B7301005D6C19 /* LoopHelper.app */,
			);
			name = Products;
			sourceTree = "<group>";
		};
		A8E59C37297F5E9A0064D4BA /* Loop */ = {
			isa = PBXGroup;
			children = (
				A8E59C38297F5E9A0064D4BA /* LoopApp.swift */,
				A8E59C4B29803A4D0064D4BA /* WindowResizer.swift */,
				A8E59C4D29803FBD0064D4BA /* Extensions.swift */,
				A8E1575E298654960005761C /* AboutView.swift */,
				A8DCC97C2980DDC300D41065 /* Menubar */,
				A88265FB29808E0D00BCB197 /* LoopRadialMenu */,
				A88265FA29808DED00BCB197 /* LoopPreview */,
				A88265FC298092B500BCB197 /* Settings */,
				A8E59C3C297F5E9B0064D4BA /* Assets.xcassets */,
				A8F063712985B2730010C33D /* Info.plist */,
				A8E59C41297F5E9B0064D4BA /* Loop.entitlements */,
				A8E59C3E297F5E9B0064D4BA /* Preview Content */,
			);
			path = Loop;
			sourceTree = "<group>";
		};
		A8E59C3E297F5E9B0064D4BA /* Preview Content */ = {
			isa = PBXGroup;
			children = (
				A8E59C3F297F5E9B0064D4BA /* Preview Assets.xcassets */,
			);
			path = "Preview Content";
			sourceTree = "<group>";
		};
/* End PBXGroup section */

/* Begin PBXNativeTarget section */
		A8836433298B7301005D6C19 /* LoopHelper */ = {
			isa = PBXNativeTarget;
			buildConfigurationList = A8836440298B7302005D6C19 /* Build configuration list for PBXNativeTarget "LoopHelper" */;
			buildPhases = (
				A8836430298B7301005D6C19 /* Sources */,
				A8836431298B7301005D6C19 /* Frameworks */,
				A8836432298B7301005D6C19 /* Resources */,
			);
			buildRules = (
			);
			dependencies = (
			);
			name = LoopHelper;
			productName = LoopHelper;
			productReference = A8836434298B7301005D6C19 /* LoopHelper.app */;
			productType = "com.apple.product-type.application";
		};
		A8E59C34297F5E9A0064D4BA /* Loop */ = {
			isa = PBXNativeTarget;
			buildConfigurationList = A8E59C44297F5E9B0064D4BA /* Build configuration list for PBXNativeTarget "Loop" */;
			buildPhases = (
				A8E59C31297F5E9A0064D4BA /* Sources */,
				A8E59C32297F5E9A0064D4BA /* Frameworks */,
				A8E59C33297F5E9A0064D4BA /* Resources */,
				A83F608129874F18005796CE /* Set Build Number */,
				A883642B298B71B0005D6C19 /* CopyFiles */,
			);
			buildRules = (
			);
			dependencies = (
				A8836445298B7333005D6C19 /* PBXTargetDependency */,
				A8836447298B733A005D6C19 /* PBXTargetDependency */,
				A8562325298B735400C400CB /* PBXTargetDependency */,
			);
			name = Loop;
			packageProductDependencies = (
				A87D369A2980A9DC002B0D2F /* KeyboardShortcuts */,
				A8DCC97A2980D5F500D41065 /* Defaults */,
				A8F0636F2985B2220010C33D /* Sparkle */,
			);
			productName = WindowManager;
			productReference = A8E59C35297F5E9A0064D4BA /* Loop.app */;
			productType = "com.apple.product-type.application";
		};
/* End PBXNativeTarget section */

/* Begin PBXProject section */
		A8E59C2D297F5E9A0064D4BA /* Project object */ = {
			isa = PBXProject;
			attributes = {
				BuildIndependentTargetsInParallel = 1;
				LastSwiftUpdateCheck = 1420;
				LastUpgradeCheck = 1420;
				TargetAttributes = {
					A8836433298B7301005D6C19 = {
						CreatedOnToolsVersion = 14.2;
					};
					A8E59C34297F5E9A0064D4BA = {
						CreatedOnToolsVersion = 14.2;
					};
				};
			};
			buildConfigurationList = A8E59C30297F5E9A0064D4BA /* Build configuration list for PBXProject "Loop" */;
			compatibilityVersion = "Xcode 14.0";
			developmentRegion = en;
			hasScannedForEncodings = 0;
			knownRegions = (
				en,
				Base,
			);
			mainGroup = A8E59C2C297F5E9A0064D4BA;
			packageReferences = (
				A87D36992980A9DC002B0D2F /* XCRemoteSwiftPackageReference "KeyboardShortcuts" */,
				A8DCC9792980D5F500D41065 /* XCRemoteSwiftPackageReference "Defaults" */,
				A8F0636E2985B2220010C33D /* XCRemoteSwiftPackageReference "Sparkle" */,
			);
			productRefGroup = A8E59C36297F5E9A0064D4BA /* Products */;
			projectDirPath = "";
			projectRoot = "";
			targets = (
				A8E59C34297F5E9A0064D4BA /* Loop */,
				A8836433298B7301005D6C19 /* LoopHelper */,
			);
		};
/* End PBXProject section */

/* Begin PBXResourcesBuildPhase section */
		A8836432298B7301005D6C19 /* Resources */ = {
			isa = PBXResourcesBuildPhase;
			buildActionMask = 2147483647;
			files = (
			);
			runOnlyForDeploymentPostprocessing = 0;
		};
		A8E59C33297F5E9A0064D4BA /* Resources */ = {
			isa = PBXResourcesBuildPhase;
			buildActionMask = 2147483647;
			files = (
				A86AFD7629888B29008F4892 /* README.md in Resources */,
				A8E59C40297F5E9B0064D4BA /* Preview Assets.xcassets in Resources */,
				A8E59C3D297F5E9B0064D4BA /* Assets.xcassets in Resources */,
				A8836443298B7333005D6C19 /* LoopHelper.app in Resources */,
			);
			runOnlyForDeploymentPostprocessing = 0;
		};
/* End PBXResourcesBuildPhase section */

/* Begin PBXShellScriptBuildPhase section */
		A83F608129874F18005796CE /* Set Build Number */ = {
			isa = PBXShellScriptBuildPhase;
			alwaysOutOfDate = 1;
			buildActionMask = 2147483647;
			files = (
			);
			inputFileListPaths = (
			);
			inputPaths = (
			);
			name = "Set Build Number";
			outputFileListPaths = (
			);
			outputPaths = (
			);
			runOnlyForDeploymentPostprocessing = 0;
			shellPath = /bin/sh;
			shellScript = "$SRCROOT/resources/set_build_number.sh\n";
		};
/* End PBXShellScriptBuildPhase section */

/* Begin PBXSourcesBuildPhase section */
		A8836430298B7301005D6C19 /* Sources */ = {
			isa = PBXSourcesBuildPhase;
			buildActionMask = 2147483647;
			files = (
				A8562328298B757400C400CB /* main.swift in Sources */,
				A8836437298B7301005D6C19 /* AppDelegate.swift in Sources */,
			);
			runOnlyForDeploymentPostprocessing = 0;
		};
		A8E59C31297F5E9A0064D4BA /* Sources */ = {
			isa = PBXSourcesBuildPhase;
			buildActionMask = 2147483647;
			files = (
				A8789F6729805B190040512E /* RadialMenuView.swift in Sources */,
				A8DCC9882981B9E100D41065 /* RadialMenuSettingsView.swift in Sources */,
				A8F0636D2985AF1F0010C33D /* MoreSettingsView.swift in Sources */,
				A87D36982980A89D002B0D2F /* KeybindingSettingsView.swift in Sources */,
				A8E1575F298654960005761C /* AboutView.swift in Sources */,
				A8DCC98A2981F43F00D41065 /* PreviewSettingsView.swift in Sources */,
				A8789F6929805B340040512E /* PreviewView.swift in Sources */,
				A882660829809F6F00BCB197 /* GeneralSettingsView.swift in Sources */,
				A88266002980931C00BCB197 /* SettingsView.swift in Sources */,
				A8E59C50298045D90064D4BA /* PreviewController.swift in Sources */,
				A8E59C4E29803FBD0064D4BA /* Extensions.swift in Sources */,
				A8E59C39297F5E9A0064D4BA /* LoopApp.swift in Sources */,
				A8DCC97E2980DDD400D41065 /* LoopMenubarController.swift in Sources */,
				A8E59C4C29803A4D0064D4BA /* WindowResizer.swift in Sources */,
				A8E59C4A297F98670064D4BA /* RadialMenuController.swift in Sources */,
			);
			runOnlyForDeploymentPostprocessing = 0;
		};
/* End PBXSourcesBuildPhase section */

/* Begin PBXTargetDependency section */
		A8562325298B735400C400CB /* PBXTargetDependency */ = {
			isa = PBXTargetDependency;
			target = A8836433298B7301005D6C19 /* LoopHelper */;
			targetProxy = A8562324298B735400C400CB /* PBXContainerItemProxy */;
		};
		A8836445298B7333005D6C19 /* PBXTargetDependency */ = {
			isa = PBXTargetDependency;
			target = A8836433298B7301005D6C19 /* LoopHelper */;
			targetProxy = A8836444298B7333005D6C19 /* PBXContainerItemProxy */;
		};
		A8836447298B733A005D6C19 /* PBXTargetDependency */ = {
			isa = PBXTargetDependency;
			target = A8836433298B7301005D6C19 /* LoopHelper */;
			targetProxy = A8836446298B733A005D6C19 /* PBXContainerItemProxy */;
		};
/* End PBXTargetDependency section */

/* Begin XCBuildConfiguration section */
		A8836441298B7302005D6C19 /* Debug */ = {
			isa = XCBuildConfiguration;
			buildSettings = {
				ASSETCATALOG_COMPILER_APPICON_NAME = AppIcon;
				ASSETCATALOG_COMPILER_GLOBAL_ACCENT_COLOR_NAME = AccentColor;
				CODE_SIGN_ENTITLEMENTS = LoopHelper/LoopHelper.entitlements;
				"CODE_SIGN_IDENTITY[sdk=macosx*]" = "Apple Development";
				CODE_SIGN_STYLE = Automatic;
				COMBINE_HIDPI_IMAGES = YES;
				CURRENT_PROJECT_VERSION = 1;
				DEVELOPMENT_TEAM = CK2YS5GSMD;
				ENABLE_HARDENED_RUNTIME = YES;
				GENERATE_INFOPLIST_FILE = YES;
				INFOPLIST_KEY_LSBackgroundOnly = YES;
				INFOPLIST_KEY_NSHumanReadableCopyright = "";
				INFOPLIST_KEY_NSMainStoryboardFile = "";
				INFOPLIST_KEY_NSPrincipalClass = NSApplication;
				LD_RUNPATH_SEARCH_PATHS = (
					"$(inherited)",
					"@executable_path/../Frameworks",
				);
				MACOSX_DEPLOYMENT_TARGET = 12.0;
				MARKETING_VERSION = 1.0.0;
				PRODUCT_BUNDLE_IDENTIFIER = com.KaiAzim.Loop.LoopHelper;
				PRODUCT_NAME = "$(TARGET_NAME)";
				SKIP_INSTALL = YES;
				SWIFT_EMIT_LOC_STRINGS = YES;
				SWIFT_VERSION = 5.0;
			};
			name = Debug;
		};
		A8836442298B7302005D6C19 /* Release */ = {
			isa = XCBuildConfiguration;
			buildSettings = {
				ASSETCATALOG_COMPILER_APPICON_NAME = AppIcon;
				ASSETCATALOG_COMPILER_GLOBAL_ACCENT_COLOR_NAME = AccentColor;
				CODE_SIGN_ENTITLEMENTS = LoopHelper/LoopHelper.entitlements;
				"CODE_SIGN_IDENTITY[sdk=macosx*]" = "Apple Development";
				CODE_SIGN_STYLE = Automatic;
				COMBINE_HIDPI_IMAGES = YES;
				CURRENT_PROJECT_VERSION = 1;
				DEVELOPMENT_TEAM = CK2YS5GSMD;
				ENABLE_HARDENED_RUNTIME = YES;
				GENERATE_INFOPLIST_FILE = YES;
				INFOPLIST_KEY_LSBackgroundOnly = YES;
				INFOPLIST_KEY_NSHumanReadableCopyright = "";
				INFOPLIST_KEY_NSMainStoryboardFile = "";
				INFOPLIST_KEY_NSPrincipalClass = NSApplication;
				LD_RUNPATH_SEARCH_PATHS = (
					"$(inherited)",
					"@executable_path/../Frameworks",
				);
				MACOSX_DEPLOYMENT_TARGET = 12.0;
				MARKETING_VERSION = 1.0.0;
				PRODUCT_BUNDLE_IDENTIFIER = com.KaiAzim.Loop.LoopHelper;
				PRODUCT_NAME = "$(TARGET_NAME)";
				SKIP_INSTALL = YES;
				SWIFT_EMIT_LOC_STRINGS = YES;
				SWIFT_VERSION = 5.0;
			};
			name = Release;
		};
		A8E59C42297F5E9B0064D4BA /* Debug */ = {
			isa = XCBuildConfiguration;
			buildSettings = {
				ALWAYS_SEARCH_USER_PATHS = NO;
				CLANG_ANALYZER_NONNULL = YES;
				CLANG_ANALYZER_NUMBER_OBJECT_CONVERSION = YES_AGGRESSIVE;
				CLANG_CXX_LANGUAGE_STANDARD = "gnu++20";
				CLANG_ENABLE_MODULES = YES;
				CLANG_ENABLE_OBJC_ARC = YES;
				CLANG_ENABLE_OBJC_WEAK = YES;
				CLANG_WARN_BLOCK_CAPTURE_AUTORELEASING = YES;
				CLANG_WARN_BOOL_CONVERSION = YES;
				CLANG_WARN_COMMA = YES;
				CLANG_WARN_CONSTANT_CONVERSION = YES;
				CLANG_WARN_DEPRECATED_OBJC_IMPLEMENTATIONS = YES;
				CLANG_WARN_DIRECT_OBJC_ISA_USAGE = YES_ERROR;
				CLANG_WARN_DOCUMENTATION_COMMENTS = YES;
				CLANG_WARN_EMPTY_BODY = YES;
				CLANG_WARN_ENUM_CONVERSION = YES;
				CLANG_WARN_INFINITE_RECURSION = YES;
				CLANG_WARN_INT_CONVERSION = YES;
				CLANG_WARN_NON_LITERAL_NULL_CONVERSION = YES;
				CLANG_WARN_OBJC_IMPLICIT_RETAIN_SELF = YES;
				CLANG_WARN_OBJC_LITERAL_CONVERSION = YES;
				CLANG_WARN_OBJC_ROOT_CLASS = YES_ERROR;
				CLANG_WARN_QUOTED_INCLUDE_IN_FRAMEWORK_HEADER = YES;
				CLANG_WARN_RANGE_LOOP_ANALYSIS = YES;
				CLANG_WARN_STRICT_PROTOTYPES = YES;
				CLANG_WARN_SUSPICIOUS_MOVE = YES;
				CLANG_WARN_UNGUARDED_AVAILABILITY = YES_AGGRESSIVE;
				CLANG_WARN_UNREACHABLE_CODE = YES;
				CLANG_WARN__DUPLICATE_METHOD_MATCH = YES;
				COPY_PHASE_STRIP = NO;
				DEBUG_INFORMATION_FORMAT = dwarf;
				ENABLE_STRICT_OBJC_MSGSEND = YES;
				ENABLE_TESTABILITY = YES;
				GCC_C_LANGUAGE_STANDARD = gnu11;
				GCC_DYNAMIC_NO_PIC = NO;
				GCC_NO_COMMON_BLOCKS = YES;
				GCC_OPTIMIZATION_LEVEL = 0;
				GCC_PREPROCESSOR_DEFINITIONS = (
					"DEBUG=1",
					"$(inherited)",
				);
				GCC_WARN_64_TO_32_BIT_CONVERSION = YES;
				GCC_WARN_ABOUT_RETURN_TYPE = YES_ERROR;
				GCC_WARN_UNDECLARED_SELECTOR = YES;
				GCC_WARN_UNINITIALIZED_AUTOS = YES_AGGRESSIVE;
				GCC_WARN_UNUSED_FUNCTION = YES;
				GCC_WARN_UNUSED_VARIABLE = YES;
				MACOSX_DEPLOYMENT_TARGET = 12.0;
				MTL_ENABLE_DEBUG_INFO = INCLUDE_SOURCE;
				MTL_FAST_MATH = YES;
				ONLY_ACTIVE_ARCH = YES;
				SDKROOT = macosx;
				SWIFT_ACTIVE_COMPILATION_CONDITIONS = DEBUG;
				SWIFT_OPTIMIZATION_LEVEL = "-Onone";
			};
			name = Debug;
		};
		A8E59C43297F5E9B0064D4BA /* Release */ = {
			isa = XCBuildConfiguration;
			buildSettings = {
				ALWAYS_SEARCH_USER_PATHS = NO;
				CLANG_ANALYZER_NONNULL = YES;
				CLANG_ANALYZER_NUMBER_OBJECT_CONVERSION = YES_AGGRESSIVE;
				CLANG_CXX_LANGUAGE_STANDARD = "gnu++20";
				CLANG_ENABLE_MODULES = YES;
				CLANG_ENABLE_OBJC_ARC = YES;
				CLANG_ENABLE_OBJC_WEAK = YES;
				CLANG_WARN_BLOCK_CAPTURE_AUTORELEASING = YES;
				CLANG_WARN_BOOL_CONVERSION = YES;
				CLANG_WARN_COMMA = YES;
				CLANG_WARN_CONSTANT_CONVERSION = YES;
				CLANG_WARN_DEPRECATED_OBJC_IMPLEMENTATIONS = YES;
				CLANG_WARN_DIRECT_OBJC_ISA_USAGE = YES_ERROR;
				CLANG_WARN_DOCUMENTATION_COMMENTS = YES;
				CLANG_WARN_EMPTY_BODY = YES;
				CLANG_WARN_ENUM_CONVERSION = YES;
				CLANG_WARN_INFINITE_RECURSION = YES;
				CLANG_WARN_INT_CONVERSION = YES;
				CLANG_WARN_NON_LITERAL_NULL_CONVERSION = YES;
				CLANG_WARN_OBJC_IMPLICIT_RETAIN_SELF = YES;
				CLANG_WARN_OBJC_LITERAL_CONVERSION = YES;
				CLANG_WARN_OBJC_ROOT_CLASS = YES_ERROR;
				CLANG_WARN_QUOTED_INCLUDE_IN_FRAMEWORK_HEADER = YES;
				CLANG_WARN_RANGE_LOOP_ANALYSIS = YES;
				CLANG_WARN_STRICT_PROTOTYPES = YES;
				CLANG_WARN_SUSPICIOUS_MOVE = YES;
				CLANG_WARN_UNGUARDED_AVAILABILITY = YES_AGGRESSIVE;
				CLANG_WARN_UNREACHABLE_CODE = YES;
				CLANG_WARN__DUPLICATE_METHOD_MATCH = YES;
				COPY_PHASE_STRIP = NO;
				DEBUG_INFORMATION_FORMAT = "dwarf-with-dsym";
				ENABLE_NS_ASSERTIONS = NO;
				ENABLE_STRICT_OBJC_MSGSEND = YES;
				GCC_C_LANGUAGE_STANDARD = gnu11;
				GCC_NO_COMMON_BLOCKS = YES;
				GCC_WARN_64_TO_32_BIT_CONVERSION = YES;
				GCC_WARN_ABOUT_RETURN_TYPE = YES_ERROR;
				GCC_WARN_UNDECLARED_SELECTOR = YES;
				GCC_WARN_UNINITIALIZED_AUTOS = YES_AGGRESSIVE;
				GCC_WARN_UNUSED_FUNCTION = YES;
				GCC_WARN_UNUSED_VARIABLE = YES;
				MACOSX_DEPLOYMENT_TARGET = 12.0;
				MTL_ENABLE_DEBUG_INFO = NO;
				MTL_FAST_MATH = YES;
				SDKROOT = macosx;
				SWIFT_COMPILATION_MODE = wholemodule;
				SWIFT_OPTIMIZATION_LEVEL = "-O";
			};
			name = Release;
		};
		A8E59C45297F5E9B0064D4BA /* Debug */ = {
			isa = XCBuildConfiguration;
			buildSettings = {
				ASSETCATALOG_COMPILER_APPICON_NAME = AppIcon;
				ASSETCATALOG_COMPILER_GLOBAL_ACCENT_COLOR_NAME = AccentColor;
				CODE_SIGN_ENTITLEMENTS = Loop/Loop.entitlements;
				"CODE_SIGN_IDENTITY[sdk=macosx*]" = "Apple Development";
				CODE_SIGN_STYLE = Automatic;
				COMBINE_HIDPI_IMAGES = YES;
				CURRENT_PROJECT_VERSION = DEBUG;
				DEVELOPMENT_ASSET_PATHS = "\"Loop/Preview Content\"";
				DEVELOPMENT_TEAM = CK2YS5GSMD;
				ENABLE_HARDENED_RUNTIME = YES;
				ENABLE_PREVIEWS = YES;
				GENERATE_INFOPLIST_FILE = YES;
				INFOPLIST_FILE = Loop/Info.plist;
				INFOPLIST_KEY_CFBundleDisplayName = Loop;
				INFOPLIST_KEY_LSApplicationCategoryType = "public.app-category.utilities";
				INFOPLIST_KEY_NSHumanReadableCopyright = "Copyright © 2023 Loop";
				LD_RUNPATH_SEARCH_PATHS = (
					"$(inherited)",
					"@executable_path/../Frameworks",
				);
				MACOSX_DEPLOYMENT_TARGET = 12.0;
				MARKETING_VERSION = 0.2.2;
				ONLY_ACTIVE_ARCH = YES;
				PRODUCT_BUNDLE_IDENTIFIER = com.KaiAzim.Loop;
				PRODUCT_NAME = "$(TARGET_NAME)";
				SWIFT_EMIT_LOC_STRINGS = YES;
				SWIFT_VERSION = 5.0;
			};
			name = Debug;
		};
		A8E59C46297F5E9B0064D4BA /* Release */ = {
			isa = XCBuildConfiguration;
			buildSettings = {
				ASSETCATALOG_COMPILER_APPICON_NAME = AppIcon;
				ASSETCATALOG_COMPILER_GLOBAL_ACCENT_COLOR_NAME = AccentColor;
				CODE_SIGN_ENTITLEMENTS = Loop/Loop.entitlements;
				"CODE_SIGN_IDENTITY[sdk=macosx*]" = "Apple Development";
				CODE_SIGN_STYLE = Automatic;
				COMBINE_HIDPI_IMAGES = YES;
				CURRENT_PROJECT_VERSION = DEBUG;
				DEVELOPMENT_ASSET_PATHS = "\"Loop/Preview Content\"";
				DEVELOPMENT_TEAM = CK2YS5GSMD;
				ENABLE_HARDENED_RUNTIME = YES;
				ENABLE_PREVIEWS = YES;
				GENERATE_INFOPLIST_FILE = YES;
				INFOPLIST_FILE = Loop/Info.plist;
				INFOPLIST_KEY_CFBundleDisplayName = Loop;
				INFOPLIST_KEY_LSApplicationCategoryType = "public.app-category.utilities";
				INFOPLIST_KEY_NSHumanReadableCopyright = "Copyright © 2023 Loop";
				LD_RUNPATH_SEARCH_PATHS = (
					"$(inherited)",
					"@executable_path/../Frameworks",
				);
				MACOSX_DEPLOYMENT_TARGET = 12.0;
				MARKETING_VERSION = 0.2.2;
				ONLY_ACTIVE_ARCH = NO;
				PRODUCT_BUNDLE_IDENTIFIER = com.KaiAzim.Loop;
				PRODUCT_NAME = "$(TARGET_NAME)";
				SWIFT_EMIT_LOC_STRINGS = YES;
				SWIFT_VERSION = 5.0;
			};
			name = Release;
		};
/* End XCBuildConfiguration section */

/* Begin XCConfigurationList section */
		A8836440298B7302005D6C19 /* Build configuration list for PBXNativeTarget "LoopHelper" */ = {
			isa = XCConfigurationList;
			buildConfigurations = (
				A8836441298B7302005D6C19 /* Debug */,
				A8836442298B7302005D6C19 /* Release */,
			);
			defaultConfigurationIsVisible = 0;
			defaultConfigurationName = Release;
		};
		A8E59C30297F5E9A0064D4BA /* Build configuration list for PBXProject "Loop" */ = {
			isa = XCConfigurationList;
			buildConfigurations = (
				A8E59C42297F5E9B0064D4BA /* Debug */,
				A8E59C43297F5E9B0064D4BA /* Release */,
			);
			defaultConfigurationIsVisible = 0;
			defaultConfigurationName = Release;
		};
		A8E59C44297F5E9B0064D4BA /* Build configuration list for PBXNativeTarget "Loop" */ = {
			isa = XCConfigurationList;
			buildConfigurations = (
				A8E59C45297F5E9B0064D4BA /* Debug */,
				A8E59C46297F5E9B0064D4BA /* Release */,
			);
			defaultConfigurationIsVisible = 0;
			defaultConfigurationName = Release;
		};
/* End XCConfigurationList section */

/* Begin XCRemoteSwiftPackageReference section */
		A87D36992980A9DC002B0D2F /* XCRemoteSwiftPackageReference "KeyboardShortcuts" */ = {
			isa = XCRemoteSwiftPackageReference;
			repositoryURL = "https://github.com/sindresorhus/KeyboardShortcuts";
			requirement = {
				branch = main;
				kind = branch;
			};
		};
		A8DCC9792980D5F500D41065 /* XCRemoteSwiftPackageReference "Defaults" */ = {
			isa = XCRemoteSwiftPackageReference;
			repositoryURL = "https://github.com/sindresorhus/Defaults";
			requirement = {
				branch = main;
				kind = branch;
			};
		};
		A8F0636E2985B2220010C33D /* XCRemoteSwiftPackageReference "Sparkle" */ = {
			isa = XCRemoteSwiftPackageReference;
			repositoryURL = "https://github.com/sparkle-project/Sparkle";
			requirement = {
				branch = 2.x;
				kind = branch;
			};
		};
/* End XCRemoteSwiftPackageReference section */

/* Begin XCSwiftPackageProductDependency section */
		A87D369A2980A9DC002B0D2F /* KeyboardShortcuts */ = {
			isa = XCSwiftPackageProductDependency;
			package = A87D36992980A9DC002B0D2F /* XCRemoteSwiftPackageReference "KeyboardShortcuts" */;
			productName = KeyboardShortcuts;
		};
		A8DCC97A2980D5F500D41065 /* Defaults */ = {
			isa = XCSwiftPackageProductDependency;
			package = A8DCC9792980D5F500D41065 /* XCRemoteSwiftPackageReference "Defaults" */;
			productName = Defaults;
		};
		A8F0636F2985B2220010C33D /* Sparkle */ = {
			isa = XCSwiftPackageProductDependency;
			package = A8F0636E2985B2220010C33D /* XCRemoteSwiftPackageReference "Sparkle" */;
			productName = Sparkle;
		};
/* End XCSwiftPackageProductDependency section */
	};
	rootObject = A8E59C2D297F5E9A0064D4BA /* Project object */;
}
